// !$*UTF8*$!
{
	archiveVersion = 1;
	classes = {
	};
	objectVersion = 46;
	objects = {

/* Begin PBXBuildFile section */
		5E921422300F58B90D59EC8E /* Pods_Dota2Helper.framework in Frameworks */ = {isa = PBXBuildFile; fileRef = 558B5B80FEC5A194BAC83F8D /* Pods_Dota2Helper.framework */; };
		C01981C01DB7628F009AE757 /* AaGothic.ttf in Resources */ = {isa = PBXBuildFile; fileRef = C01981BC1DB7628F009AE757 /* AaGothic.ttf */; };
		C01981C11DB7628F009AE757 /* AppDelegate.swift in Sources */ = {isa = PBXBuildFile; fileRef = C01981BD1DB7628F009AE757 /* AppDelegate.swift */; };
		C01981C21DB7628F009AE757 /* divider_line_image.png in Resources */ = {isa = PBXBuildFile; fileRef = C01981BE1DB7628F009AE757 /* divider_line_image.png */; };
		C01981CA1DB76C3F009AE757 /* DHBaseViewController.swift in Sources */ = {isa = PBXBuildFile; fileRef = C01981C91DB76C3F009AE757 /* DHBaseViewController.swift */; };
		C029AB631DCC322300063171 /* libYouTuMediaPlayerEngineYouku.a in Frameworks */ = {isa = PBXBuildFile; fileRef = C029AB621DCC322300063171 /* libYouTuMediaPlayerEngineYouku.a */; };
		C029AB6F1DCC6EFF00063171 /* LICENSE in Resources */ = {isa = PBXBuildFile; fileRef = C029AB6B1DCC6EFF00063171 /* LICENSE */; };
		C029AB711DCC6EFF00063171 /* README.mdown in Sources */ = {isa = PBXBuildFile; fileRef = C029AB6E1DCC6EFF00063171 /* README.mdown */; };
		C029AB741DCC6F1600063171 /* MBProgressHUD.m in Sources */ = {isa = PBXBuildFile; fileRef = C029AB731DCC6F1600063171 /* MBProgressHUD.m */; };
		C045C6331DF5AC25002C74D2 /* Constrants.swift in Sources */ = {isa = PBXBuildFile; fileRef = C045C6261DF5AC25002C74D2 /* Constrants.swift */; };
		C045C6341DF5AC26002C74D2 /* UrlHeaders.swift in Sources */ = {isa = PBXBuildFile; fileRef = C045C6271DF5AC25002C74D2 /* UrlHeaders.swift */; };
		C045C6351DF5AC26002C74D2 /* DHNetworkRequestManager.swift in Sources */ = {isa = PBXBuildFile; fileRef = C045C62B1DF5AC25002C74D2 /* DHNetworkRequestManager.swift */; };
		C045C6361DF5AC26002C74D2 /* DHHintManager.swift in Sources */ = {isa = PBXBuildFile; fileRef = C045C62D1DF5AC25002C74D2 /* DHHintManager.swift */; };
		C045C6371DF5AC26002C74D2 /* DHLoadingView.swift in Sources */ = {isa = PBXBuildFile; fileRef = C045C62E1DF5AC25002C74D2 /* DHLoadingView.swift */; };
		C045C6381DF5AC26002C74D2 /* DHNoNetworkView.swift in Sources */ = {isa = PBXBuildFile; fileRef = C045C62F1DF5AC25002C74D2 /* DHNoNetworkView.swift */; };
		C045C6391DF5AC26002C74D2 /* DHProgressHUD.swift in Sources */ = {isa = PBXBuildFile; fileRef = C045C6301DF5AC25002C74D2 /* DHProgressHUD.swift */; };
		C045C63A1DF5AC26002C74D2 /* DHToastMessage.swift in Sources */ = {isa = PBXBuildFile; fileRef = C045C6311DF5AC25002C74D2 /* DHToastMessage.swift */; };
		C045C63B1DF5AC26002C74D2 /* UISegmentedMenu.swift in Sources */ = {isa = PBXBuildFile; fileRef = C045C6321DF5AC25002C74D2 /* UISegmentedMenu.swift */; };
		C045C63E1DF5AC31002C74D2 /* String+Category.swift in Sources */ = {isa = PBXBuildFile; fileRef = C045C63D1DF5AC31002C74D2 /* String+Category.swift */; };
		C045C6411DF5AC97002C74D2 /* DHUniformError.swift in Sources */ = {isa = PBXBuildFile; fileRef = C045C6401DF5AC97002C74D2 /* DHUniformError.swift */; };
		C05179A11DB10D8800C5ECAC /* DHBaseDetailViewController.swift in Sources */ = {isa = PBXBuildFile; fileRef = C05179A01DB10D8800C5ECAC /* DHBaseDetailViewController.swift */; };
		C05468471DAEB43E00A4AC13 /* sdk.bundle in Resources */ = {isa = PBXBuildFile; fileRef = C05468451DAEB43E00A4AC13 /* sdk.bundle */; };
		C05468481DAEB43E00A4AC13 /* YTEngine.bundle in Resources */ = {isa = PBXBuildFile; fileRef = C05468461DAEB43E00A4AC13 /* YTEngine.bundle */; };
		C09648BB1DAEB92900D75D21 /* libz.1.tbd in Frameworks */ = {isa = PBXBuildFile; fileRef = C09648BA1DAEB92900D75D21 /* libz.1.tbd */; };
		C09648BD1DAEB93300D75D21 /* libxml2.2.tbd in Frameworks */ = {isa = PBXBuildFile; fileRef = C09648BC1DAEB93300D75D21 /* libxml2.2.tbd */; };
		C09648BF1DAEB94600D75D21 /* libiconv.2.tbd in Frameworks */ = {isa = PBXBuildFile; fileRef = C09648BE1DAEB94600D75D21 /* libiconv.2.tbd */; };
		C09648C11DAEB94B00D75D21 /* VideoToolbox.framework in Frameworks */ = {isa = PBXBuildFile; fileRef = C09648C01DAEB94B00D75D21 /* VideoToolbox.framework */; };
		C09648C31DAEB95B00D75D21 /* libresolv.9.tbd in Frameworks */ = {isa = PBXBuildFile; fileRef = C09648C21DAEB95B00D75D21 /* libresolv.9.tbd */; };
		C09648C51DAEB9E600D75D21 /* libbz2.tbd in Frameworks */ = {isa = PBXBuildFile; fileRef = C09648C41DAEB9E600D75D21 /* libbz2.tbd */; };
		C09648C71DAEECD900D75D21 /* ModelIO.framework in Frameworks */ = {isa = PBXBuildFile; fileRef = C09648C61DAEECD900D75D21 /* ModelIO.framework */; };
		C09648C91DAEECDF00D75D21 /* libsqlite3.tbd in Frameworks */ = {isa = PBXBuildFile; fileRef = C09648C81DAEECDF00D75D21 /* libsqlite3.tbd */; };
		C09648CB1DAEECE400D75D21 /* CoreMotion.framework in Frameworks */ = {isa = PBXBuildFile; fileRef = C09648CA1DAEECE400D75D21 /* CoreMotion.framework */; };
		C09648CD1DAEECE900D75D21 /* libc++.1.tbd in Frameworks */ = {isa = PBXBuildFile; fileRef = C09648CC1DAEECE900D75D21 /* libc++.1.tbd */; };
		C09648CF1DAEECF600D75D21 /* MobileCoreServices.framework in Frameworks */ = {isa = PBXBuildFile; fileRef = C09648CE1DAEECF600D75D21 /* MobileCoreServices.framework */; };
		C09648D11DAEECFB00D75D21 /* Social.framework in Frameworks */ = {isa = PBXBuildFile; fileRef = C09648D01DAEECFB00D75D21 /* Social.framework */; };
		C09648D31DAEED0000D75D21 /* libbz2.1.0.tbd in Frameworks */ = {isa = PBXBuildFile; fileRef = C09648D21DAEED0000D75D21 /* libbz2.1.0.tbd */; };
		C09648D51DAEED0600D75D21 /* PassKit.framework in Frameworks */ = {isa = PBXBuildFile; fileRef = C09648D41DAEED0600D75D21 /* PassKit.framework */; };
		C09648D71DAEED1200D75D21 /* MessageUI.framework in Frameworks */ = {isa = PBXBuildFile; fileRef = C09648D61DAEED1200D75D21 /* MessageUI.framework */; };
		C09648D91DAEED3100D75D21 /* EventKit.framework in Frameworks */ = {isa = PBXBuildFile; fileRef = C09648D81DAEED3100D75D21 /* EventKit.framework */; };
		C09648DB1DAEED3700D75D21 /* MediaPlayer.framework in Frameworks */ = {isa = PBXBuildFile; fileRef = C09648DA1DAEED3700D75D21 /* MediaPlayer.framework */; };
		C09648DD1DAEED3C00D75D21 /* SystemConfiguration.framework in Frameworks */ = {isa = PBXBuildFile; fileRef = C09648DC1DAEED3C00D75D21 /* SystemConfiguration.framework */; };
		C09648DF1DAEED4100D75D21 /* AdSupport.framework in Frameworks */ = {isa = PBXBuildFile; fileRef = C09648DE1DAEED4100D75D21 /* AdSupport.framework */; };
		C09648E11DAEED4600D75D21 /* CoreText.framework in Frameworks */ = {isa = PBXBuildFile; fileRef = C09648E01DAEED4500D75D21 /* CoreText.framework */; };
		C09648E31DAEED4C00D75D21 /* OpenGLES.framework in Frameworks */ = {isa = PBXBuildFile; fileRef = C09648E21DAEED4C00D75D21 /* OpenGLES.framework */; };
		C09648E51DAEED5200D75D21 /* QuartzCore.framework in Frameworks */ = {isa = PBXBuildFile; fileRef = C09648E41DAEED5200D75D21 /* QuartzCore.framework */; };
		C09648E71DAEED5900D75D21 /* CoreMedia.framework in Frameworks */ = {isa = PBXBuildFile; fileRef = C09648E61DAEED5900D75D21 /* CoreMedia.framework */; };
		C09648E91DAEED5E00D75D21 /* AudioToolbox.framework in Frameworks */ = {isa = PBXBuildFile; fileRef = C09648E81DAEED5E00D75D21 /* AudioToolbox.framework */; };
		C09648EB1DAEED8A00D75D21 /* CoreGraphics.framework in Frameworks */ = {isa = PBXBuildFile; fileRef = C09648EA1DAEED8A00D75D21 /* CoreGraphics.framework */; };
		C09648ED1DAEED8E00D75D21 /* UIKit.framework in Frameworks */ = {isa = PBXBuildFile; fileRef = C09648EC1DAEED8E00D75D21 /* UIKit.framework */; };
		C09648EF1DAEED9300D75D21 /* Foundation.framework in Frameworks */ = {isa = PBXBuildFile; fileRef = C09648EE1DAEED9300D75D21 /* Foundation.framework */; };
		C0A690731DB3B96600DC0FA0 /* DHBaseDetailView.swift in Sources */ = {isa = PBXBuildFile; fileRef = C0A690721DB3B96600DC0FA0 /* DHBaseDetailView.swift */; };
		C0CA42DB1E801842004DAB88 /* DHNewsDetailViewController.swift in Sources */ = {isa = PBXBuildFile; fileRef = C0CA428F1E801842004DAB88 /* DHNewsDetailViewController.swift */; };
		C0CA42DC1E801842004DAB88 /* DHNewsViewController.swift in Sources */ = {isa = PBXBuildFile; fileRef = C0CA42901E801842004DAB88 /* DHNewsViewController.swift */; };
		C0CA42DD1E801842004DAB88 /* DHNewsCellDataController.swift in Sources */ = {isa = PBXBuildFile; fileRef = C0CA42921E801842004DAB88 /* DHNewsCellDataController.swift */; };
		C0CA42DE1E801842004DAB88 /* DHNewsDetailDataController.swift in Sources */ = {isa = PBXBuildFile; fileRef = C0CA42931E801842004DAB88 /* DHNewsDetailDataController.swift */; };
		C0CA42DF1E801842004DAB88 /* DHNewsModel.swift in Sources */ = {isa = PBXBuildFile; fileRef = C0CA42951E801842004DAB88 /* DHNewsModel.swift */; };
		C0CA42E01E801842004DAB88 /* DHNewsDetailView.swift in Sources */ = {isa = PBXBuildFile; fileRef = C0CA42971E801842004DAB88 /* DHNewsDetailView.swift */; };
		C0CA42E31E801842004DAB88 /* DHNewsCellViewModel.swift in Sources */ = {isa = PBXBuildFile; fileRef = C0CA429B1E801842004DAB88 /* DHNewsCellViewModel.swift */; };
		C0CA42E41E801842004DAB88 /* DHNewsDetailViewModel.swift in Sources */ = {isa = PBXBuildFile; fileRef = C0CA429C1E801842004DAB88 /* DHNewsDetailViewModel.swift */; };
		C0CA42E51E801842004DAB88 /* DHSDKViewController.swift in Sources */ = {isa = PBXBuildFile; fileRef = C0CA429F1E801842004DAB88 /* DHSDKViewController.swift */; };
		C0CA42E61E801842004DAB88 /* DHSettingsViewController.swift in Sources */ = {isa = PBXBuildFile; fileRef = C0CA42A01E801842004DAB88 /* DHSettingsViewController.swift */; };
		C0CA42E71E801842004DAB88 /* DHSDKTableViewCell.swift in Sources */ = {isa = PBXBuildFile; fileRef = C0CA42A21E801842004DAB88 /* DHSDKTableViewCell.swift */; };
		C0CA42E91E801842004DAB88 /* DHStrategyDetailViewController.swift in Sources */ = {isa = PBXBuildFile; fileRef = C0CA42A61E801842004DAB88 /* DHStrategyDetailViewController.swift */; };
		C0CA42EA1E801842004DAB88 /* DHStrategyViewController.swift in Sources */ = {isa = PBXBuildFile; fileRef = C0CA42A71E801842004DAB88 /* DHStrategyViewController.swift */; };
		C0CA42EB1E801842004DAB88 /* DHStrategyCellDataController.swift in Sources */ = {isa = PBXBuildFile; fileRef = C0CA42A91E801842004DAB88 /* DHStrategyCellDataController.swift */; };
		C0CA42EC1E801842004DAB88 /* DHStrategyDetailDataController.swift in Sources */ = {isa = PBXBuildFile; fileRef = C0CA42AA1E801842004DAB88 /* DHStrategyDetailDataController.swift */; };
		C0CA42ED1E801842004DAB88 /* DHStrategyModel.swift in Sources */ = {isa = PBXBuildFile; fileRef = C0CA42AC1E801842004DAB88 /* DHStrategyModel.swift */; };
		C0CA42EE1E801842004DAB88 /* DHStrategyDetailView.swift in Sources */ = {isa = PBXBuildFile; fileRef = C0CA42AE1E801842004DAB88 /* DHStrategyDetailView.swift */; };
		C0CA42EF1E801842004DAB88 /* DHStrategyTableViewCell.swift in Sources */ = {isa = PBXBuildFile; fileRef = C0CA42AF1E801842004DAB88 /* DHStrategyTableViewCell.swift */; };
		C0CA42F11E801842004DAB88 /* DHStrategyCellViewModel.swift in Sources */ = {isa = PBXBuildFile; fileRef = C0CA42B21E801842004DAB88 /* DHStrategyCellViewModel.swift */; };
		C0CA42F21E801842004DAB88 /* DHStrategyDetailViewModel.swift in Sources */ = {isa = PBXBuildFile; fileRef = C0CA42B31E801842004DAB88 /* DHStrategyDetailViewModel.swift */; };
		C0CA42F31E801842004DAB88 /* DHUpdateDetailViewController.swift in Sources */ = {isa = PBXBuildFile; fileRef = C0CA42B61E801842004DAB88 /* DHUpdateDetailViewController.swift */; };
		C0CA42F41E801842004DAB88 /* DHUpdateViewController.swift in Sources */ = {isa = PBXBuildFile; fileRef = C0CA42B71E801842004DAB88 /* DHUpdateViewController.swift */; };
		C0CA42F51E801842004DAB88 /* DHUpdateCellDataController.swift in Sources */ = {isa = PBXBuildFile; fileRef = C0CA42B91E801842004DAB88 /* DHUpdateCellDataController.swift */; };
		C0CA42F61E801842004DAB88 /* DHUpdateDetailDataController.swift in Sources */ = {isa = PBXBuildFile; fileRef = C0CA42BA1E801842004DAB88 /* DHUpdateDetailDataController.swift */; };
		C0CA42F71E801842004DAB88 /* DHUpdateModel.swift in Sources */ = {isa = PBXBuildFile; fileRef = C0CA42BC1E801842004DAB88 /* DHUpdateModel.swift */; };
		C0CA42F81E801842004DAB88 /* DHUpdateDetailView.swift in Sources */ = {isa = PBXBuildFile; fileRef = C0CA42BE1E801842004DAB88 /* DHUpdateDetailView.swift */; };
		C0CA42FB1E801842004DAB88 /* DHUpdateCellViewModel.swift in Sources */ = {isa = PBXBuildFile; fileRef = C0CA42C21E801842004DAB88 /* DHUpdateCellViewModel.swift */; };
		C0CA42FC1E801842004DAB88 /* DHUpdateDetailViewModel.swift in Sources */ = {isa = PBXBuildFile; fileRef = C0CA42C31E801842004DAB88 /* DHUpdateDetailViewModel.swift */; };
		C0CA42FD1E801842004DAB88 /* DHVideoDetailViewController.m in Sources */ = {isa = PBXBuildFile; fileRef = C0CA42C71E801842004DAB88 /* DHVideoDetailViewController.m */; };
		C0CA42FE1E801842004DAB88 /* DHVideoViewController.swift in Sources */ = {isa = PBXBuildFile; fileRef = C0CA42C81E801842004DAB88 /* DHVideoViewController.swift */; };
		C0CA42FF1E801842004DAB88 /* DHVideoCellDataController.swift in Sources */ = {isa = PBXBuildFile; fileRef = C0CA42CA1E801842004DAB88 /* DHVideoCellDataController.swift */; };
		C0CA43001E801842004DAB88 /* DHVideoDetailDataController.m in Sources */ = {isa = PBXBuildFile; fileRef = C0CA42CC1E801842004DAB88 /* DHVideoDetailDataController.m */; };
		C0CA43011E801842004DAB88 /* DHRelatedVideoModel.m in Sources */ = {isa = PBXBuildFile; fileRef = C0CA42CF1E801842004DAB88 /* DHRelatedVideoModel.m */; };
		C0CA43021E801842004DAB88 /* DHVideoModel.swift in Sources */ = {isa = PBXBuildFile; fileRef = C0CA42D01E801842004DAB88 /* DHVideoModel.swift */; };
		C0CA43031E801842004DAB88 /* DHVideoDetailTableViewCell.m in Sources */ = {isa = PBXBuildFile; fileRef = C0CA42D31E801842004DAB88 /* DHVideoDetailTableViewCell.m */; };
		C0CA43041E801842004DAB88 /* DHVideoDetailTableViewCell.xib in Resources */ = {isa = PBXBuildFile; fileRef = C0CA42D41E801842004DAB88 /* DHVideoDetailTableViewCell.xib */; };
		C0CA43051E801842004DAB88 /* DHVideoTableViewCell.swift in Sources */ = {isa = PBXBuildFile; fileRef = C0CA42D51E801842004DAB88 /* DHVideoTableViewCell.swift */; };
		C0CA43071E801842004DAB88 /* DHRelatedVideoViewModel.m in Sources */ = {isa = PBXBuildFile; fileRef = C0CA42D91E801842004DAB88 /* DHRelatedVideoViewModel.m */; };
		C0CA43081E801842004DAB88 /* DHVideoCellViewModel.swift in Sources */ = {isa = PBXBuildFile; fileRef = C0CA42DA1E801842004DAB88 /* DHVideoCellViewModel.swift */; };
		C0CA430C1E80184B004DAB88 /* DHBaseNetworkRequest.swift in Sources */ = {isa = PBXBuildFile; fileRef = C0CA430A1E80184B004DAB88 /* DHBaseNetworkRequest.swift */; };
		C0CA430D1E80184B004DAB88 /* DHNetworkRequest.swift in Sources */ = {isa = PBXBuildFile; fileRef = C0CA430B1E80184B004DAB88 /* DHNetworkRequest.swift */; };
		C0CA43141E802B71004DAB88 /* DHBaseTableViewCell.swift in Sources */ = {isa = PBXBuildFile; fileRef = C0CA43131E802B71004DAB88 /* DHBaseTableViewCell.swift */; };
		C0CA43161E802D14004DAB88 /* DHNewsTableViewCell.swift in Sources */ = {isa = PBXBuildFile; fileRef = C0CA43151E802D14004DAB88 /* DHNewsTableViewCell.swift */; };
		C0D4CFE01D5DBEF1008F824A /* Assets.xcassets in Resources */ = {isa = PBXBuildFile; fileRef = C0D4CFDF1D5DBEF1008F824A /* Assets.xcassets */; };
		C0D4CFE31D5DBEF1008F824A /* LaunchScreen.storyboard in Resources */ = {isa = PBXBuildFile; fileRef = C0D4CFE11D5DBEF1008F824A /* LaunchScreen.storyboard */; };
		C0EFB0EB1DB613C7009001C1 /* DHBaseViewModel.swift in Sources */ = {isa = PBXBuildFile; fileRef = C0EFB0EA1DB613C7009001C1 /* DHBaseViewModel.swift */; };
		C0EFB0ED1DB61E5C009001C1 /* DHBaseDetailDataController.swift in Sources */ = {isa = PBXBuildFile; fileRef = C0EFB0EC1DB61E5C009001C1 /* DHBaseDetailDataController.swift */; };
/* End PBXBuildFile section */

/* Begin PBXCopyFilesBuildPhase section */
		C0DD863F1DA0ED2D00D048CF /* Embed Frameworks */ = {
			isa = PBXCopyFilesBuildPhase;
			buildActionMask = 2147483647;
			dstPath = "";
			dstSubfolderSpec = 10;
			files = (
			);
			name = "Embed Frameworks";
			runOnlyForDeploymentPostprocessing = 0;
		};
/* End PBXCopyFilesBuildPhase section */

/* Begin PBXFileReference section */
		46FADE68FCE278AF742B319D /* Pods-Dota2Helper.release.xcconfig */ = {isa = PBXFileReference; includeInIndex = 1; lastKnownFileType = text.xcconfig; name = "Pods-Dota2Helper.release.xcconfig"; path = "Pods/Target Support Files/Pods-Dota2Helper/Pods-Dota2Helper.release.xcconfig"; sourceTree = "<group>"; };
		558B5B80FEC5A194BAC83F8D /* Pods_Dota2Helper.framework */ = {isa = PBXFileReference; explicitFileType = wrapper.framework; includeInIndex = 0; path = Pods_Dota2Helper.framework; sourceTree = BUILT_PRODUCTS_DIR; };
		5AE8FF62A93E6F949F8DB6AF /* Pods-Dota2Helper.debug.xcconfig */ = {isa = PBXFileReference; includeInIndex = 1; lastKnownFileType = text.xcconfig; name = "Pods-Dota2Helper.debug.xcconfig"; path = "Pods/Target Support Files/Pods-Dota2Helper/Pods-Dota2Helper.debug.xcconfig"; sourceTree = "<group>"; };
		C01981BC1DB7628F009AE757 /* AaGothic.ttf */ = {isa = PBXFileReference; lastKnownFileType = file; path = AaGothic.ttf; sourceTree = "<group>"; };
		C01981BD1DB7628F009AE757 /* AppDelegate.swift */ = {isa = PBXFileReference; fileEncoding = 4; lastKnownFileType = sourcecode.swift; path = AppDelegate.swift; sourceTree = "<group>"; };
		C01981BE1DB7628F009AE757 /* divider_line_image.png */ = {isa = PBXFileReference; lastKnownFileType = image.png; path = divider_line_image.png; sourceTree = "<group>"; };
		C01981C41DB762B8009AE757 /* Info.plist */ = {isa = PBXFileReference; fileEncoding = 4; lastKnownFileType = text.plist.xml; path = Info.plist; sourceTree = "<group>"; };
		C01981C91DB76C3F009AE757 /* DHBaseViewController.swift */ = {isa = PBXFileReference; fileEncoding = 4; lastKnownFileType = sourcecode.swift; path = DHBaseViewController.swift; sourceTree = "<group>"; };
		C029AB621DCC322300063171 /* libYouTuMediaPlayerEngineYouku.a */ = {isa = PBXFileReference; lastKnownFileType = archive.ar; path = libYouTuMediaPlayerEngineYouku.a; sourceTree = "<group>"; };
		C029AB6B1DCC6EFF00063171 /* LICENSE */ = {isa = PBXFileReference; fileEncoding = 4; lastKnownFileType = text; path = LICENSE; sourceTree = "<group>"; };
		C029AB6E1DCC6EFF00063171 /* README.mdown */ = {isa = PBXFileReference; fileEncoding = 4; lastKnownFileType = net.daringfireball.markdown; path = README.mdown; sourceTree = "<group>"; };
		C029AB721DCC6F1600063171 /* MBProgressHUD.h */ = {isa = PBXFileReference; fileEncoding = 4; lastKnownFileType = sourcecode.c.h; path = MBProgressHUD.h; sourceTree = "<group>"; };
		C029AB731DCC6F1600063171 /* MBProgressHUD.m */ = {isa = PBXFileReference; fileEncoding = 4; lastKnownFileType = sourcecode.c.objc; path = MBProgressHUD.m; sourceTree = "<group>"; };
		C045C6261DF5AC25002C74D2 /* Constrants.swift */ = {isa = PBXFileReference; fileEncoding = 4; lastKnownFileType = sourcecode.swift; path = Constrants.swift; sourceTree = "<group>"; };
		C045C6271DF5AC25002C74D2 /* UrlHeaders.swift */ = {isa = PBXFileReference; fileEncoding = 4; lastKnownFileType = sourcecode.swift; path = UrlHeaders.swift; sourceTree = "<group>"; };
		C045C6291DF5AC25002C74D2 /* Youku-Bridge-Header.h */ = {isa = PBXFileReference; fileEncoding = 4; lastKnownFileType = sourcecode.c.h; path = "Youku-Bridge-Header.h"; sourceTree = "<group>"; };
		C045C62B1DF5AC25002C74D2 /* DHNetworkRequestManager.swift */ = {isa = PBXFileReference; fileEncoding = 4; lastKnownFileType = sourcecode.swift; path = DHNetworkRequestManager.swift; sourceTree = "<group>"; };
		C045C62D1DF5AC25002C74D2 /* DHHintManager.swift */ = {isa = PBXFileReference; fileEncoding = 4; lastKnownFileType = sourcecode.swift; path = DHHintManager.swift; sourceTree = "<group>"; };
		C045C62E1DF5AC25002C74D2 /* DHLoadingView.swift */ = {isa = PBXFileReference; fileEncoding = 4; lastKnownFileType = sourcecode.swift; path = DHLoadingView.swift; sourceTree = "<group>"; };
		C045C62F1DF5AC25002C74D2 /* DHNoNetworkView.swift */ = {isa = PBXFileReference; fileEncoding = 4; lastKnownFileType = sourcecode.swift; path = DHNoNetworkView.swift; sourceTree = "<group>"; };
		C045C6301DF5AC25002C74D2 /* DHProgressHUD.swift */ = {isa = PBXFileReference; fileEncoding = 4; lastKnownFileType = sourcecode.swift; path = DHProgressHUD.swift; sourceTree = "<group>"; };
		C045C6311DF5AC25002C74D2 /* DHToastMessage.swift */ = {isa = PBXFileReference; fileEncoding = 4; lastKnownFileType = sourcecode.swift; path = DHToastMessage.swift; sourceTree = "<group>"; };
		C045C6321DF5AC25002C74D2 /* UISegmentedMenu.swift */ = {isa = PBXFileReference; fileEncoding = 4; lastKnownFileType = sourcecode.swift; path = UISegmentedMenu.swift; sourceTree = "<group>"; };
		C045C63D1DF5AC31002C74D2 /* String+Category.swift */ = {isa = PBXFileReference; fileEncoding = 4; lastKnownFileType = sourcecode.swift; path = "String+Category.swift"; sourceTree = "<group>"; };
		C045C6401DF5AC97002C74D2 /* DHUniformError.swift */ = {isa = PBXFileReference; fileEncoding = 4; lastKnownFileType = sourcecode.swift; path = DHUniformError.swift; sourceTree = "<group>"; };
		C05179A01DB10D8800C5ECAC /* DHBaseDetailViewController.swift */ = {isa = PBXFileReference; fileEncoding = 4; lastKnownFileType = sourcecode.swift; path = DHBaseDetailViewController.swift; sourceTree = "<group>"; };
		C05468451DAEB43E00A4AC13 /* sdk.bundle */ = {isa = PBXFileReference; lastKnownFileType = "wrapper.plug-in"; path = sdk.bundle; sourceTree = "<group>"; };
		C05468461DAEB43E00A4AC13 /* YTEngine.bundle */ = {isa = PBXFileReference; lastKnownFileType = "wrapper.plug-in"; path = YTEngine.bundle; sourceTree = "<group>"; };
		C09648BA1DAEB92900D75D21 /* libz.1.tbd */ = {isa = PBXFileReference; lastKnownFileType = "sourcecode.text-based-dylib-definition"; name = libz.1.tbd; path = usr/lib/libz.1.tbd; sourceTree = SDKROOT; };
		C09648BC1DAEB93300D75D21 /* libxml2.2.tbd */ = {isa = PBXFileReference; lastKnownFileType = "sourcecode.text-based-dylib-definition"; name = libxml2.2.tbd; path = usr/lib/libxml2.2.tbd; sourceTree = SDKROOT; };
		C09648BE1DAEB94600D75D21 /* libiconv.2.tbd */ = {isa = PBXFileReference; lastKnownFileType = "sourcecode.text-based-dylib-definition"; name = libiconv.2.tbd; path = usr/lib/libiconv.2.tbd; sourceTree = SDKROOT; };
		C09648C01DAEB94B00D75D21 /* VideoToolbox.framework */ = {isa = PBXFileReference; lastKnownFileType = wrapper.framework; name = VideoToolbox.framework; path = System/Library/Frameworks/VideoToolbox.framework; sourceTree = SDKROOT; };
		C09648C21DAEB95B00D75D21 /* libresolv.9.tbd */ = {isa = PBXFileReference; lastKnownFileType = "sourcecode.text-based-dylib-definition"; name = libresolv.9.tbd; path = usr/lib/libresolv.9.tbd; sourceTree = SDKROOT; };
		C09648C41DAEB9E600D75D21 /* libbz2.tbd */ = {isa = PBXFileReference; lastKnownFileType = "sourcecode.text-based-dylib-definition"; name = libbz2.tbd; path = usr/lib/libbz2.tbd; sourceTree = SDKROOT; };
		C09648C61DAEECD900D75D21 /* ModelIO.framework */ = {isa = PBXFileReference; lastKnownFileType = wrapper.framework; name = ModelIO.framework; path = System/Library/Frameworks/ModelIO.framework; sourceTree = SDKROOT; };
		C09648C81DAEECDF00D75D21 /* libsqlite3.tbd */ = {isa = PBXFileReference; lastKnownFileType = "sourcecode.text-based-dylib-definition"; name = libsqlite3.tbd; path = usr/lib/libsqlite3.tbd; sourceTree = SDKROOT; };
		C09648CA1DAEECE400D75D21 /* CoreMotion.framework */ = {isa = PBXFileReference; lastKnownFileType = wrapper.framework; name = CoreMotion.framework; path = System/Library/Frameworks/CoreMotion.framework; sourceTree = SDKROOT; };
		C09648CC1DAEECE900D75D21 /* libc++.1.tbd */ = {isa = PBXFileReference; lastKnownFileType = "sourcecode.text-based-dylib-definition"; name = "libc++.1.tbd"; path = "usr/lib/libc++.1.tbd"; sourceTree = SDKROOT; };
		C09648CE1DAEECF600D75D21 /* MobileCoreServices.framework */ = {isa = PBXFileReference; lastKnownFileType = wrapper.framework; name = MobileCoreServices.framework; path = System/Library/Frameworks/MobileCoreServices.framework; sourceTree = SDKROOT; };
		C09648D01DAEECFB00D75D21 /* Social.framework */ = {isa = PBXFileReference; lastKnownFileType = wrapper.framework; name = Social.framework; path = System/Library/Frameworks/Social.framework; sourceTree = SDKROOT; };
		C09648D21DAEED0000D75D21 /* libbz2.1.0.tbd */ = {isa = PBXFileReference; lastKnownFileType = "sourcecode.text-based-dylib-definition"; name = libbz2.1.0.tbd; path = usr/lib/libbz2.1.0.tbd; sourceTree = SDKROOT; };
		C09648D41DAEED0600D75D21 /* PassKit.framework */ = {isa = PBXFileReference; lastKnownFileType = wrapper.framework; name = PassKit.framework; path = System/Library/Frameworks/PassKit.framework; sourceTree = SDKROOT; };
		C09648D61DAEED1200D75D21 /* MessageUI.framework */ = {isa = PBXFileReference; lastKnownFileType = wrapper.framework; name = MessageUI.framework; path = System/Library/Frameworks/MessageUI.framework; sourceTree = SDKROOT; };
		C09648D81DAEED3100D75D21 /* EventKit.framework */ = {isa = PBXFileReference; lastKnownFileType = wrapper.framework; name = EventKit.framework; path = System/Library/Frameworks/EventKit.framework; sourceTree = SDKROOT; };
		C09648DA1DAEED3700D75D21 /* MediaPlayer.framework */ = {isa = PBXFileReference; lastKnownFileType = wrapper.framework; name = MediaPlayer.framework; path = System/Library/Frameworks/MediaPlayer.framework; sourceTree = SDKROOT; };
		C09648DC1DAEED3C00D75D21 /* SystemConfiguration.framework */ = {isa = PBXFileReference; lastKnownFileType = wrapper.framework; name = SystemConfiguration.framework; path = System/Library/Frameworks/SystemConfiguration.framework; sourceTree = SDKROOT; };
		C09648DE1DAEED4100D75D21 /* AdSupport.framework */ = {isa = PBXFileReference; lastKnownFileType = wrapper.framework; name = AdSupport.framework; path = System/Library/Frameworks/AdSupport.framework; sourceTree = SDKROOT; };
		C09648E01DAEED4500D75D21 /* CoreText.framework */ = {isa = PBXFileReference; lastKnownFileType = wrapper.framework; name = CoreText.framework; path = System/Library/Frameworks/CoreText.framework; sourceTree = SDKROOT; };
		C09648E21DAEED4C00D75D21 /* OpenGLES.framework */ = {isa = PBXFileReference; lastKnownFileType = wrapper.framework; name = OpenGLES.framework; path = System/Library/Frameworks/OpenGLES.framework; sourceTree = SDKROOT; };
		C09648E41DAEED5200D75D21 /* QuartzCore.framework */ = {isa = PBXFileReference; lastKnownFileType = wrapper.framework; name = QuartzCore.framework; path = System/Library/Frameworks/QuartzCore.framework; sourceTree = SDKROOT; };
		C09648E61DAEED5900D75D21 /* CoreMedia.framework */ = {isa = PBXFileReference; lastKnownFileType = wrapper.framework; name = CoreMedia.framework; path = System/Library/Frameworks/CoreMedia.framework; sourceTree = SDKROOT; };
		C09648E81DAEED5E00D75D21 /* AudioToolbox.framework */ = {isa = PBXFileReference; lastKnownFileType = wrapper.framework; name = AudioToolbox.framework; path = System/Library/Frameworks/AudioToolbox.framework; sourceTree = SDKROOT; };
		C09648EA1DAEED8A00D75D21 /* CoreGraphics.framework */ = {isa = PBXFileReference; lastKnownFileType = wrapper.framework; name = CoreGraphics.framework; path = System/Library/Frameworks/CoreGraphics.framework; sourceTree = SDKROOT; };
		C09648EC1DAEED8E00D75D21 /* UIKit.framework */ = {isa = PBXFileReference; lastKnownFileType = wrapper.framework; name = UIKit.framework; path = System/Library/Frameworks/UIKit.framework; sourceTree = SDKROOT; };
		C09648EE1DAEED9300D75D21 /* Foundation.framework */ = {isa = PBXFileReference; lastKnownFileType = wrapper.framework; name = Foundation.framework; path = System/Library/Frameworks/Foundation.framework; sourceTree = SDKROOT; };
		C09AF37F1DB505ED00604D89 /* Dota2Helper.entitlements */ = {isa = PBXFileReference; lastKnownFileType = text.plist.entitlements; path = Dota2Helper.entitlements; sourceTree = "<group>"; };
		C0A690721DB3B96600DC0FA0 /* DHBaseDetailView.swift */ = {isa = PBXFileReference; fileEncoding = 4; lastKnownFileType = sourcecode.swift; path = DHBaseDetailView.swift; sourceTree = "<group>"; };
		C0CA428F1E801842004DAB88 /* DHNewsDetailViewController.swift */ = {isa = PBXFileReference; fileEncoding = 4; lastKnownFileType = sourcecode.swift; path = DHNewsDetailViewController.swift; sourceTree = "<group>"; };
		C0CA42901E801842004DAB88 /* DHNewsViewController.swift */ = {isa = PBXFileReference; fileEncoding = 4; lastKnownFileType = sourcecode.swift; path = DHNewsViewController.swift; sourceTree = "<group>"; };
		C0CA42921E801842004DAB88 /* DHNewsCellDataController.swift */ = {isa = PBXFileReference; fileEncoding = 4; lastKnownFileType = sourcecode.swift; path = DHNewsCellDataController.swift; sourceTree = "<group>"; };
		C0CA42931E801842004DAB88 /* DHNewsDetailDataController.swift */ = {isa = PBXFileReference; fileEncoding = 4; lastKnownFileType = sourcecode.swift; path = DHNewsDetailDataController.swift; sourceTree = "<group>"; };
		C0CA42951E801842004DAB88 /* DHNewsModel.swift */ = {isa = PBXFileReference; fileEncoding = 4; lastKnownFileType = sourcecode.swift; path = DHNewsModel.swift; sourceTree = "<group>"; };
		C0CA42971E801842004DAB88 /* DHNewsDetailView.swift */ = {isa = PBXFileReference; fileEncoding = 4; lastKnownFileType = sourcecode.swift; path = DHNewsDetailView.swift; sourceTree = "<group>"; };
		C0CA429B1E801842004DAB88 /* DHNewsCellViewModel.swift */ = {isa = PBXFileReference; fileEncoding = 4; lastKnownFileType = sourcecode.swift; path = DHNewsCellViewModel.swift; sourceTree = "<group>"; };
		C0CA429C1E801842004DAB88 /* DHNewsDetailViewModel.swift */ = {isa = PBXFileReference; fileEncoding = 4; lastKnownFileType = sourcecode.swift; path = DHNewsDetailViewModel.swift; sourceTree = "<group>"; };
		C0CA429F1E801842004DAB88 /* DHSDKViewController.swift */ = {isa = PBXFileReference; fileEncoding = 4; lastKnownFileType = sourcecode.swift; path = DHSDKViewController.swift; sourceTree = "<group>"; };
		C0CA42A01E801842004DAB88 /* DHSettingsViewController.swift */ = {isa = PBXFileReference; fileEncoding = 4; lastKnownFileType = sourcecode.swift; path = DHSettingsViewController.swift; sourceTree = "<group>"; };
		C0CA42A21E801842004DAB88 /* DHSDKTableViewCell.swift */ = {isa = PBXFileReference; fileEncoding = 4; lastKnownFileType = sourcecode.swift; path = DHSDKTableViewCell.swift; sourceTree = "<group>"; };
		C0CA42A61E801842004DAB88 /* DHStrategyDetailViewController.swift */ = {isa = PBXFileReference; fileEncoding = 4; lastKnownFileType = sourcecode.swift; path = DHStrategyDetailViewController.swift; sourceTree = "<group>"; };
		C0CA42A71E801842004DAB88 /* DHStrategyViewController.swift */ = {isa = PBXFileReference; fileEncoding = 4; lastKnownFileType = sourcecode.swift; path = DHStrategyViewController.swift; sourceTree = "<group>"; };
		C0CA42A91E801842004DAB88 /* DHStrategyCellDataController.swift */ = {isa = PBXFileReference; fileEncoding = 4; lastKnownFileType = sourcecode.swift; path = DHStrategyCellDataController.swift; sourceTree = "<group>"; };
		C0CA42AA1E801842004DAB88 /* DHStrategyDetailDataController.swift */ = {isa = PBXFileReference; fileEncoding = 4; lastKnownFileType = sourcecode.swift; path = DHStrategyDetailDataController.swift; sourceTree = "<group>"; };
		C0CA42AC1E801842004DAB88 /* DHStrategyModel.swift */ = {isa = PBXFileReference; fileEncoding = 4; lastKnownFileType = sourcecode.swift; path = DHStrategyModel.swift; sourceTree = "<group>"; };
		C0CA42AE1E801842004DAB88 /* DHStrategyDetailView.swift */ = {isa = PBXFileReference; fileEncoding = 4; lastKnownFileType = sourcecode.swift; path = DHStrategyDetailView.swift; sourceTree = "<group>"; };
		C0CA42AF1E801842004DAB88 /* DHStrategyTableViewCell.swift */ = {isa = PBXFileReference; fileEncoding = 4; lastKnownFileType = sourcecode.swift; path = DHStrategyTableViewCell.swift; sourceTree = "<group>"; };
		C0CA42B21E801842004DAB88 /* DHStrategyCellViewModel.swift */ = {isa = PBXFileReference; fileEncoding = 4; lastKnownFileType = sourcecode.swift; path = DHStrategyCellViewModel.swift; sourceTree = "<group>"; };
		C0CA42B31E801842004DAB88 /* DHStrategyDetailViewModel.swift */ = {isa = PBXFileReference; fileEncoding = 4; lastKnownFileType = sourcecode.swift; path = DHStrategyDetailViewModel.swift; sourceTree = "<group>"; };
		C0CA42B61E801842004DAB88 /* DHUpdateDetailViewController.swift */ = {isa = PBXFileReference; fileEncoding = 4; lastKnownFileType = sourcecode.swift; path = DHUpdateDetailViewController.swift; sourceTree = "<group>"; };
		C0CA42B71E801842004DAB88 /* DHUpdateViewController.swift */ = {isa = PBXFileReference; fileEncoding = 4; lastKnownFileType = sourcecode.swift; path = DHUpdateViewController.swift; sourceTree = "<group>"; };
		C0CA42B91E801842004DAB88 /* DHUpdateCellDataController.swift */ = {isa = PBXFileReference; fileEncoding = 4; lastKnownFileType = sourcecode.swift; path = DHUpdateCellDataController.swift; sourceTree = "<group>"; };
		C0CA42BA1E801842004DAB88 /* DHUpdateDetailDataController.swift */ = {isa = PBXFileReference; fileEncoding = 4; lastKnownFileType = sourcecode.swift; path = DHUpdateDetailDataController.swift; sourceTree = "<group>"; };
		C0CA42BC1E801842004DAB88 /* DHUpdateModel.swift */ = {isa = PBXFileReference; fileEncoding = 4; lastKnownFileType = sourcecode.swift; path = DHUpdateModel.swift; sourceTree = "<group>"; };
		C0CA42BE1E801842004DAB88 /* DHUpdateDetailView.swift */ = {isa = PBXFileReference; fileEncoding = 4; lastKnownFileType = sourcecode.swift; path = DHUpdateDetailView.swift; sourceTree = "<group>"; };
		C0CA42C21E801842004DAB88 /* DHUpdateCellViewModel.swift */ = {isa = PBXFileReference; fileEncoding = 4; lastKnownFileType = sourcecode.swift; path = DHUpdateCellViewModel.swift; sourceTree = "<group>"; };
		C0CA42C31E801842004DAB88 /* DHUpdateDetailViewModel.swift */ = {isa = PBXFileReference; fileEncoding = 4; lastKnownFileType = sourcecode.swift; path = DHUpdateDetailViewModel.swift; sourceTree = "<group>"; };
		C0CA42C61E801842004DAB88 /* DHVideoDetailViewController.h */ = {isa = PBXFileReference; fileEncoding = 4; lastKnownFileType = sourcecode.c.h; path = DHVideoDetailViewController.h; sourceTree = "<group>"; };
		C0CA42C71E801842004DAB88 /* DHVideoDetailViewController.m */ = {isa = PBXFileReference; fileEncoding = 4; lastKnownFileType = sourcecode.c.objc; path = DHVideoDetailViewController.m; sourceTree = "<group>"; };
		C0CA42C81E801842004DAB88 /* DHVideoViewController.swift */ = {isa = PBXFileReference; fileEncoding = 4; lastKnownFileType = sourcecode.swift; path = DHVideoViewController.swift; sourceTree = "<group>"; };
		C0CA42CA1E801842004DAB88 /* DHVideoCellDataController.swift */ = {isa = PBXFileReference; fileEncoding = 4; lastKnownFileType = sourcecode.swift; path = DHVideoCellDataController.swift; sourceTree = "<group>"; };
		C0CA42CB1E801842004DAB88 /* DHVideoDetailDataController.h */ = {isa = PBXFileReference; fileEncoding = 4; lastKnownFileType = sourcecode.c.h; path = DHVideoDetailDataController.h; sourceTree = "<group>"; };
		C0CA42CC1E801842004DAB88 /* DHVideoDetailDataController.m */ = {isa = PBXFileReference; fileEncoding = 4; lastKnownFileType = sourcecode.c.objc; path = DHVideoDetailDataController.m; sourceTree = "<group>"; };
		C0CA42CE1E801842004DAB88 /* DHRelatedVideoModel.h */ = {isa = PBXFileReference; fileEncoding = 4; lastKnownFileType = sourcecode.c.h; path = DHRelatedVideoModel.h; sourceTree = "<group>"; };
		C0CA42CF1E801842004DAB88 /* DHRelatedVideoModel.m */ = {isa = PBXFileReference; fileEncoding = 4; lastKnownFileType = sourcecode.c.objc; path = DHRelatedVideoModel.m; sourceTree = "<group>"; };
		C0CA42D01E801842004DAB88 /* DHVideoModel.swift */ = {isa = PBXFileReference; fileEncoding = 4; lastKnownFileType = sourcecode.swift; path = DHVideoModel.swift; sourceTree = "<group>"; };
		C0CA42D21E801842004DAB88 /* DHVideoDetailTableViewCell.h */ = {isa = PBXFileReference; fileEncoding = 4; lastKnownFileType = sourcecode.c.h; path = DHVideoDetailTableViewCell.h; sourceTree = "<group>"; };
		C0CA42D31E801842004DAB88 /* DHVideoDetailTableViewCell.m */ = {isa = PBXFileReference; fileEncoding = 4; lastKnownFileType = sourcecode.c.objc; path = DHVideoDetailTableViewCell.m; sourceTree = "<group>"; };
		C0CA42D41E801842004DAB88 /* DHVideoDetailTableViewCell.xib */ = {isa = PBXFileReference; fileEncoding = 4; lastKnownFileType = file.xib; path = DHVideoDetailTableViewCell.xib; sourceTree = "<group>"; };
		C0CA42D51E801842004DAB88 /* DHVideoTableViewCell.swift */ = {isa = PBXFileReference; fileEncoding = 4; lastKnownFileType = sourcecode.swift; path = DHVideoTableViewCell.swift; sourceTree = "<group>"; };
		C0CA42D81E801842004DAB88 /* DHRelatedVideoViewModel.h */ = {isa = PBXFileReference; fileEncoding = 4; lastKnownFileType = sourcecode.c.h; path = DHRelatedVideoViewModel.h; sourceTree = "<group>"; };
		C0CA42D91E801842004DAB88 /* DHRelatedVideoViewModel.m */ = {isa = PBXFileReference; fileEncoding = 4; lastKnownFileType = sourcecode.c.objc; path = DHRelatedVideoViewModel.m; sourceTree = "<group>"; };
		C0CA42DA1E801842004DAB88 /* DHVideoCellViewModel.swift */ = {isa = PBXFileReference; fileEncoding = 4; lastKnownFileType = sourcecode.swift; path = DHVideoCellViewModel.swift; sourceTree = "<group>"; };
		C0CA430A1E80184B004DAB88 /* DHBaseNetworkRequest.swift */ = {isa = PBXFileReference; fileEncoding = 4; lastKnownFileType = sourcecode.swift; path = DHBaseNetworkRequest.swift; sourceTree = "<group>"; };
		C0CA430B1E80184B004DAB88 /* DHNetworkRequest.swift */ = {isa = PBXFileReference; fileEncoding = 4; lastKnownFileType = sourcecode.swift; path = DHNetworkRequest.swift; sourceTree = "<group>"; };
		C0CA43131E802B71004DAB88 /* DHBaseTableViewCell.swift */ = {isa = PBXFileReference; fileEncoding = 4; lastKnownFileType = sourcecode.swift; path = DHBaseTableViewCell.swift; sourceTree = "<group>"; };
		C0CA43151E802D14004DAB88 /* DHNewsTableViewCell.swift */ = {isa = PBXFileReference; fileEncoding = 4; lastKnownFileType = sourcecode.swift; path = DHNewsTableViewCell.swift; sourceTree = "<group>"; };
		C0D4CFDA1D5DBEF1008F824A /* Dota2Helper.app */ = {isa = PBXFileReference; explicitFileType = wrapper.application; includeInIndex = 0; path = Dota2Helper.app; sourceTree = BUILT_PRODUCTS_DIR; };
		C0D4CFDF1D5DBEF1008F824A /* Assets.xcassets */ = {isa = PBXFileReference; lastKnownFileType = folder.assetcatalog; path = Assets.xcassets; sourceTree = "<group>"; };
		C0D4CFE21D5DBEF1008F824A /* Base */ = {isa = PBXFileReference; lastKnownFileType = file.storyboard; name = Base; path = Base.lproj/LaunchScreen.storyboard; sourceTree = "<group>"; };
		C0E38C531DADB73500E1D27A /* YoukuMediaPlayer.h */ = {isa = PBXFileReference; fileEncoding = 4; lastKnownFileType = sourcecode.c.h; path = YoukuMediaPlayer.h; sourceTree = "<group>"; };
		C0E38C541DADB73500E1D27A /* YTDownloadDefine.h */ = {isa = PBXFileReference; fileEncoding = 4; lastKnownFileType = sourcecode.c.h; path = YTDownloadDefine.h; sourceTree = "<group>"; };
		C0E38C551DADB73500E1D27A /* YTDownloadManager.h */ = {isa = PBXFileReference; fileEncoding = 4; lastKnownFileType = sourcecode.c.h; path = YTDownloadManager.h; sourceTree = "<group>"; };
		C0E38C561DADB73500E1D27A /* YTDownloadTaskModel.h */ = {isa = PBXFileReference; fileEncoding = 4; lastKnownFileType = sourcecode.c.h; path = YTDownloadTaskModel.h; sourceTree = "<group>"; };
		C0E38C571DADB73500E1D27A /* YTEngineOpenViewManager.h */ = {isa = PBXFileReference; fileEncoding = 4; lastKnownFileType = sourcecode.c.h; path = YTEngineOpenViewManager.h; sourceTree = "<group>"; };
		C0E38C581DADB73500E1D27A /* YTLocalMedia.h */ = {isa = PBXFileReference; fileEncoding = 4; lastKnownFileType = sourcecode.c.h; path = YTLocalMedia.h; sourceTree = "<group>"; };
		C0E38C591DADB73500E1D27A /* YTSequence.h */ = {isa = PBXFileReference; fileEncoding = 4; lastKnownFileType = sourcecode.c.h; path = YTSequence.h; sourceTree = "<group>"; };
		C0E38C5A1DADB73500E1D27A /* YYMediaPlayer.h */ = {isa = PBXFileReference; fileEncoding = 4; lastKnownFileType = sourcecode.c.h; path = YYMediaPlayer.h; sourceTree = "<group>"; };
		C0E38C5B1DADB73500E1D27A /* YYMediaPlayerBackgroundModeManager.h */ = {isa = PBXFileReference; fileEncoding = 4; lastKnownFileType = sourcecode.c.h; path = YYMediaPlayerBackgroundModeManager.h; sourceTree = "<group>"; };
		C0E38C5C1DADB73500E1D27A /* YYMediaPlayerDefines.h */ = {isa = PBXFileReference; fileEncoding = 4; lastKnownFileType = sourcecode.c.h; path = YYMediaPlayerDefines.h; sourceTree = "<group>"; };
		C0E38C5D1DADB73500E1D27A /* YYMediaPlayerEncrypt.h */ = {isa = PBXFileReference; fileEncoding = 4; lastKnownFileType = sourcecode.c.h; path = YYMediaPlayerEncrypt.h; sourceTree = "<group>"; };
		C0E38C5E1DADB73500E1D27A /* YYMediaPlayerEvents.h */ = {isa = PBXFileReference; fileEncoding = 4; lastKnownFileType = sourcecode.c.h; path = YYMediaPlayerEvents.h; sourceTree = "<group>"; };
		C0E38C5F1DADB73500E1D27A /* YYMediaPlayerException.h */ = {isa = PBXFileReference; fileEncoding = 4; lastKnownFileType = sourcecode.c.h; path = YYMediaPlayerException.h; sourceTree = "<group>"; };
		C0E38C601DADB73500E1D27A /* YYMediaPlayerHistory.h */ = {isa = PBXFileReference; fileEncoding = 4; lastKnownFileType = sourcecode.c.h; path = YYMediaPlayerHistory.h; sourceTree = "<group>"; };
		C0E38C611DADB73500E1D27A /* YYMediaPlayerItem.h */ = {isa = PBXFileReference; fileEncoding = 4; lastKnownFileType = sourcecode.c.h; path = YYMediaPlayerItem.h; sourceTree = "<group>"; };
		C0EF8C111DA0E84A00E7C27E /* SimplerSegmentMenu.framework */ = {isa = PBXFileReference; lastKnownFileType = wrapper.framework; name = SimplerSegmentMenu.framework; path = "../../../../Library/Developer/Xcode/DerivedData/SimplerSegmentMenu-dwukdjcieaqhlmgjnknwnbzewekh/Build/Products/Debug-iphonesimulator/SimplerSegmentMenu.framework"; sourceTree = "<group>"; };
		C0EF8C131DA0E8AB00E7C27E /* SimplerSegmentMenu.framework */ = {isa = PBXFileReference; lastKnownFileType = wrapper.framework; name = SimplerSegmentMenu.framework; path = ../../SubModules/framework/SimplerSegmentMenu.framework; sourceTree = "<group>"; };
		C0EF8C1B1DA0EBC400E7C27E /* AddressBook.framework */ = {isa = PBXFileReference; lastKnownFileType = wrapper.framework; name = AddressBook.framework; path = System/Library/Frameworks/AddressBook.framework; sourceTree = SDKROOT; };
		C0EFB0EA1DB613C7009001C1 /* DHBaseViewModel.swift */ = {isa = PBXFileReference; fileEncoding = 4; lastKnownFileType = sourcecode.swift; path = DHBaseViewModel.swift; sourceTree = "<group>"; };
		C0EFB0EC1DB61E5C009001C1 /* DHBaseDetailDataController.swift */ = {isa = PBXFileReference; fileEncoding = 4; lastKnownFileType = sourcecode.swift; path = DHBaseDetailDataController.swift; sourceTree = "<group>"; };
/* End PBXFileReference section */

/* Begin PBXFrameworksBuildPhase section */
		C0D4CFD71D5DBEF1008F824A /* Frameworks */ = {
			isa = PBXFrameworksBuildPhase;
			buildActionMask = 2147483647;
			files = (
				C09648EF1DAEED9300D75D21 /* Foundation.framework in Frameworks */,
				C09648ED1DAEED8E00D75D21 /* UIKit.framework in Frameworks */,
				C09648EB1DAEED8A00D75D21 /* CoreGraphics.framework in Frameworks */,
				C09648E91DAEED5E00D75D21 /* AudioToolbox.framework in Frameworks */,
				C09648E71DAEED5900D75D21 /* CoreMedia.framework in Frameworks */,
				C09648E51DAEED5200D75D21 /* QuartzCore.framework in Frameworks */,
				C09648E31DAEED4C00D75D21 /* OpenGLES.framework in Frameworks */,
				C09648E11DAEED4600D75D21 /* CoreText.framework in Frameworks */,
				C029AB631DCC322300063171 /* libYouTuMediaPlayerEngineYouku.a in Frameworks */,
				C09648DF1DAEED4100D75D21 /* AdSupport.framework in Frameworks */,
				C09648DD1DAEED3C00D75D21 /* SystemConfiguration.framework in Frameworks */,
				C09648DB1DAEED3700D75D21 /* MediaPlayer.framework in Frameworks */,
				C09648D91DAEED3100D75D21 /* EventKit.framework in Frameworks */,
				C09648D71DAEED1200D75D21 /* MessageUI.framework in Frameworks */,
				C09648BD1DAEB93300D75D21 /* libxml2.2.tbd in Frameworks */,
				C09648D51DAEED0600D75D21 /* PassKit.framework in Frameworks */,
				C09648D31DAEED0000D75D21 /* libbz2.1.0.tbd in Frameworks */,
				C09648D11DAEECFB00D75D21 /* Social.framework in Frameworks */,
				C09648CF1DAEECF600D75D21 /* MobileCoreServices.framework in Frameworks */,
				C09648C11DAEB94B00D75D21 /* VideoToolbox.framework in Frameworks */,
				C09648CD1DAEECE900D75D21 /* libc++.1.tbd in Frameworks */,
				C09648CB1DAEECE400D75D21 /* CoreMotion.framework in Frameworks */,
				C09648C91DAEECDF00D75D21 /* libsqlite3.tbd in Frameworks */,
				C09648C71DAEECD900D75D21 /* ModelIO.framework in Frameworks */,
				C09648C51DAEB9E600D75D21 /* libbz2.tbd in Frameworks */,
				C09648C31DAEB95B00D75D21 /* libresolv.9.tbd in Frameworks */,
				C09648BF1DAEB94600D75D21 /* libiconv.2.tbd in Frameworks */,
				C09648BB1DAEB92900D75D21 /* libz.1.tbd in Frameworks */,
				5E921422300F58B90D59EC8E /* Pods_Dota2Helper.framework in Frameworks */,
			);
			runOnlyForDeploymentPostprocessing = 0;
		};
/* End PBXFrameworksBuildPhase section */

/* Begin PBXGroup section */
		9A4136B0649CF3C062810112 /* Frameworks */ = {
			isa = PBXGroup;
			children = (
				C09648EE1DAEED9300D75D21 /* Foundation.framework */,
				C09648EC1DAEED8E00D75D21 /* UIKit.framework */,
				C09648EA1DAEED8A00D75D21 /* CoreGraphics.framework */,
				C09648E81DAEED5E00D75D21 /* AudioToolbox.framework */,
				C09648E61DAEED5900D75D21 /* CoreMedia.framework */,
				C09648E41DAEED5200D75D21 /* QuartzCore.framework */,
				C09648E21DAEED4C00D75D21 /* OpenGLES.framework */,
				C09648E01DAEED4500D75D21 /* CoreText.framework */,
				C09648DE1DAEED4100D75D21 /* AdSupport.framework */,
				C09648DC1DAEED3C00D75D21 /* SystemConfiguration.framework */,
				C09648DA1DAEED3700D75D21 /* MediaPlayer.framework */,
				C09648D81DAEED3100D75D21 /* EventKit.framework */,
				C09648D61DAEED1200D75D21 /* MessageUI.framework */,
				C09648D41DAEED0600D75D21 /* PassKit.framework */,
				C09648D21DAEED0000D75D21 /* libbz2.1.0.tbd */,
				C09648D01DAEECFB00D75D21 /* Social.framework */,
				C09648CE1DAEECF600D75D21 /* MobileCoreServices.framework */,
				C09648CC1DAEECE900D75D21 /* libc++.1.tbd */,
				C09648CA1DAEECE400D75D21 /* CoreMotion.framework */,
				C09648C81DAEECDF00D75D21 /* libsqlite3.tbd */,
				C09648C61DAEECD900D75D21 /* ModelIO.framework */,
				C09648C41DAEB9E600D75D21 /* libbz2.tbd */,
				C09648C21DAEB95B00D75D21 /* libresolv.9.tbd */,
				C09648C01DAEB94B00D75D21 /* VideoToolbox.framework */,
				C09648BE1DAEB94600D75D21 /* libiconv.2.tbd */,
				C09648BC1DAEB93300D75D21 /* libxml2.2.tbd */,
				C09648BA1DAEB92900D75D21 /* libz.1.tbd */,
				C0EF8C1B1DA0EBC400E7C27E /* AddressBook.framework */,
				C0EF8C131DA0E8AB00E7C27E /* SimplerSegmentMenu.framework */,
				C0EF8C111DA0E84A00E7C27E /* SimplerSegmentMenu.framework */,
				558B5B80FEC5A194BAC83F8D /* Pods_Dota2Helper.framework */,
			);
			name = Frameworks;
			sourceTree = "<group>";
		};
		C01981B71DB76218009AE757 /* Others */ = {
			isa = PBXGroup;
			children = (
				C01981BC1DB7628F009AE757 /* AaGothic.ttf */,
				C01981BD1DB7628F009AE757 /* AppDelegate.swift */,
				C01981BE1DB7628F009AE757 /* divider_line_image.png */,
			);
			path = Others;
			sourceTree = "<group>";
		};
		C029AB6A1DCC6EFF00063171 /* MBProgressHUD */ = {
			isa = PBXGroup;
			children = (
				C029AB721DCC6F1600063171 /* MBProgressHUD.h */,
				C029AB731DCC6F1600063171 /* MBProgressHUD.m */,
				C029AB6B1DCC6EFF00063171 /* LICENSE */,
				C029AB6E1DCC6EFF00063171 /* README.mdown */,
			);
			name = MBProgressHUD;
			path = Dota2Helper/MBProgressHUD;
			sourceTree = "<group>";
		};
		C045C6241DF5AC25002C74D2 /* Global */ = {
			isa = PBXGroup;
			children = (
				C045C63F1DF5AC8C002C74D2 /* UniformError */,
				C045C6251DF5AC25002C74D2 /* Define */,
				C045C6281DF5AC25002C74D2 /* Header */,
				C045C62A1DF5AC25002C74D2 /* Network */,
				C045C62C1DF5AC25002C74D2 /* View */,
			);
			path = Global;
			sourceTree = "<group>";
		};
		C045C6251DF5AC25002C74D2 /* Define */ = {
			isa = PBXGroup;
			children = (
				C045C6261DF5AC25002C74D2 /* Constrants.swift */,
				C045C6271DF5AC25002C74D2 /* UrlHeaders.swift */,
			);
			path = Define;
			sourceTree = "<group>";
		};
		C045C6281DF5AC25002C74D2 /* Header */ = {
			isa = PBXGroup;
			children = (
				C045C6291DF5AC25002C74D2 /* Youku-Bridge-Header.h */,
			);
			path = Header;
			sourceTree = "<group>";
		};
		C045C62A1DF5AC25002C74D2 /* Network */ = {
			isa = PBXGroup;
			children = (
				C045C62B1DF5AC25002C74D2 /* DHNetworkRequestManager.swift */,
			);
			path = Network;
			sourceTree = "<group>";
		};
		C045C62C1DF5AC25002C74D2 /* View */ = {
			isa = PBXGroup;
			children = (
				C045C62D1DF5AC25002C74D2 /* DHHintManager.swift */,
				C045C62E1DF5AC25002C74D2 /* DHLoadingView.swift */,
				C045C62F1DF5AC25002C74D2 /* DHNoNetworkView.swift */,
				C045C6301DF5AC25002C74D2 /* DHProgressHUD.swift */,
				C045C6311DF5AC25002C74D2 /* DHToastMessage.swift */,
				C045C6321DF5AC25002C74D2 /* UISegmentedMenu.swift */,
			);
			path = View;
			sourceTree = "<group>";
		};
		C045C63C1DF5AC31002C74D2 /* Category */ = {
			isa = PBXGroup;
			children = (
				C045C63D1DF5AC31002C74D2 /* String+Category.swift */,
			);
			path = Category;
			sourceTree = "<group>";
		};
		C045C63F1DF5AC8C002C74D2 /* UniformError */ = {
			isa = PBXGroup;
			children = (
				C045C6401DF5AC97002C74D2 /* DHUniformError.swift */,
			);
			path = UniformError;
			sourceTree = "<group>";
		};
		C051799E1DB10D7600C5ECAC /* Base */ = {
			isa = PBXGroup;
			children = (
				C0EFB0E91DB613B5009001C1 /* VidewModel */,
				C0A6906F1DB3B7E400DC0FA0 /* View */,
				C051799F1DB10D7600C5ECAC /* Controller */,
			);
			path = Base;
			sourceTree = "<group>";
		};
		C051799F1DB10D7600C5ECAC /* Controller */ = {
			isa = PBXGroup;
			children = (
				C05179A01DB10D8800C5ECAC /* DHBaseDetailViewController.swift */,
				C0EFB0EC1DB61E5C009001C1 /* DHBaseDetailDataController.swift */,
				C01981C91DB76C3F009AE757 /* DHBaseViewController.swift */,
			);
			path = Controller;
			sourceTree = "<group>";
		};
		C0A6906F1DB3B7E400DC0FA0 /* View */ = {
			isa = PBXGroup;
			children = (
				C0CA43151E802D14004DAB88 /* DHNewsTableViewCell.swift */,
				C0A690721DB3B96600DC0FA0 /* DHBaseDetailView.swift */,
				C0CA43131E802B71004DAB88 /* DHBaseTableViewCell.swift */,
			);
			path = View;
			sourceTree = "<group>";
		};
		C0CA428C1E801842004DAB88 /* Main */ = {
			isa = PBXGroup;
			children = (
				C0CA428D1E801842004DAB88 /* News */,
				C0CA429D1E801842004DAB88 /* Setting */,
				C0CA42A41E801842004DAB88 /* Strategy */,
				C0CA42B41E801842004DAB88 /* Update */,
				C0CA42C41E801842004DAB88 /* Video */,
			);
			path = Main;
			sourceTree = "<group>";
		};
		C0CA428D1E801842004DAB88 /* News */ = {
			isa = PBXGroup;
			children = (
				C0CA428E1E801842004DAB88 /* Controller */,
				C0CA42911E801842004DAB88 /* DataController */,
				C0CA42941E801842004DAB88 /* Model */,
				C0CA42961E801842004DAB88 /* View */,
				C0CA429A1E801842004DAB88 /* ViewModel */,
			);
			path = News;
			sourceTree = "<group>";
		};
		C0CA428E1E801842004DAB88 /* Controller */ = {
			isa = PBXGroup;
			children = (
				C0CA428F1E801842004DAB88 /* DHNewsDetailViewController.swift */,
				C0CA42901E801842004DAB88 /* DHNewsViewController.swift */,
			);
			path = Controller;
			sourceTree = "<group>";
		};
		C0CA42911E801842004DAB88 /* DataController */ = {
			isa = PBXGroup;
			children = (
				C0CA42921E801842004DAB88 /* DHNewsCellDataController.swift */,
				C0CA42931E801842004DAB88 /* DHNewsDetailDataController.swift */,
			);
			path = DataController;
			sourceTree = "<group>";
		};
		C0CA42941E801842004DAB88 /* Model */ = {
			isa = PBXGroup;
			children = (
				C0CA42951E801842004DAB88 /* DHNewsModel.swift */,
			);
			path = Model;
			sourceTree = "<group>";
		};
		C0CA42961E801842004DAB88 /* View */ = {
			isa = PBXGroup;
			children = (
				C0CA42971E801842004DAB88 /* DHNewsDetailView.swift */,
			);
			path = View;
			sourceTree = "<group>";
		};
		C0CA429A1E801842004DAB88 /* ViewModel */ = {
			isa = PBXGroup;
			children = (
				C0CA429B1E801842004DAB88 /* DHNewsCellViewModel.swift */,
				C0CA429C1E801842004DAB88 /* DHNewsDetailViewModel.swift */,
			);
			path = ViewModel;
			sourceTree = "<group>";
		};
		C0CA429D1E801842004DAB88 /* Setting */ = {
			isa = PBXGroup;
			children = (
				C0CA429E1E801842004DAB88 /* Controller */,
				C0CA42A11E801842004DAB88 /* View */,
			);
			path = Setting;
			sourceTree = "<group>";
		};
		C0CA429E1E801842004DAB88 /* Controller */ = {
			isa = PBXGroup;
			children = (
				C0CA429F1E801842004DAB88 /* DHSDKViewController.swift */,
				C0CA42A01E801842004DAB88 /* DHSettingsViewController.swift */,
			);
			path = Controller;
			sourceTree = "<group>";
		};
		C0CA42A11E801842004DAB88 /* View */ = {
			isa = PBXGroup;
			children = (
				C0CA42A21E801842004DAB88 /* DHSDKTableViewCell.swift */,
			);
			path = View;
			sourceTree = "<group>";
		};
		C0CA42A41E801842004DAB88 /* Strategy */ = {
			isa = PBXGroup;
			children = (
				C0CA42A51E801842004DAB88 /* Controller */,
				C0CA42A81E801842004DAB88 /* DataController */,
				C0CA42AB1E801842004DAB88 /* Model */,
				C0CA42AD1E801842004DAB88 /* View */,
				C0CA42B11E801842004DAB88 /* ViewModel */,
			);
			path = Strategy;
			sourceTree = "<group>";
		};
		C0CA42A51E801842004DAB88 /* Controller */ = {
			isa = PBXGroup;
			children = (
				C0CA42A61E801842004DAB88 /* DHStrategyDetailViewController.swift */,
				C0CA42A71E801842004DAB88 /* DHStrategyViewController.swift */,
			);
			path = Controller;
			sourceTree = "<group>";
		};
		C0CA42A81E801842004DAB88 /* DataController */ = {
			isa = PBXGroup;
			children = (
				C0CA42A91E801842004DAB88 /* DHStrategyCellDataController.swift */,
				C0CA42AA1E801842004DAB88 /* DHStrategyDetailDataController.swift */,
			);
			path = DataController;
			sourceTree = "<group>";
		};
		C0CA42AB1E801842004DAB88 /* Model */ = {
			isa = PBXGroup;
			children = (
				C0CA42AC1E801842004DAB88 /* DHStrategyModel.swift */,
			);
			path = Model;
			sourceTree = "<group>";
		};
		C0CA42AD1E801842004DAB88 /* View */ = {
			isa = PBXGroup;
			children = (
				C0CA42AE1E801842004DAB88 /* DHStrategyDetailView.swift */,
				C0CA42AF1E801842004DAB88 /* DHStrategyTableViewCell.swift */,
			);
			path = View;
			sourceTree = "<group>";
		};
		C0CA42B11E801842004DAB88 /* ViewModel */ = {
			isa = PBXGroup;
			children = (
				C0CA42B21E801842004DAB88 /* DHStrategyCellViewModel.swift */,
				C0CA42B31E801842004DAB88 /* DHStrategyDetailViewModel.swift */,
			);
			path = ViewModel;
			sourceTree = "<group>";
		};
		C0CA42B41E801842004DAB88 /* Update */ = {
			isa = PBXGroup;
			children = (
				C0CA42B51E801842004DAB88 /* Controller */,
				C0CA42B81E801842004DAB88 /* DataController */,
				C0CA42BB1E801842004DAB88 /* Model */,
				C0CA42BD1E801842004DAB88 /* View */,
				C0CA42C11E801842004DAB88 /* ViewModel */,
			);
			path = Update;
			sourceTree = "<group>";
		};
		C0CA42B51E801842004DAB88 /* Controller */ = {
			isa = PBXGroup;
			children = (
				C0CA42B61E801842004DAB88 /* DHUpdateDetailViewController.swift */,
				C0CA42B71E801842004DAB88 /* DHUpdateViewController.swift */,
			);
			path = Controller;
			sourceTree = "<group>";
		};
		C0CA42B81E801842004DAB88 /* DataController */ = {
			isa = PBXGroup;
			children = (
				C0CA42B91E801842004DAB88 /* DHUpdateCellDataController.swift */,
				C0CA42BA1E801842004DAB88 /* DHUpdateDetailDataController.swift */,
			);
			path = DataController;
			sourceTree = "<group>";
		};
		C0CA42BB1E801842004DAB88 /* Model */ = {
			isa = PBXGroup;
			children = (
				C0CA42BC1E801842004DAB88 /* DHUpdateModel.swift */,
			);
			path = Model;
			sourceTree = "<group>";
		};
		C0CA42BD1E801842004DAB88 /* View */ = {
			isa = PBXGroup;
			children = (
				C0CA42BE1E801842004DAB88 /* DHUpdateDetailView.swift */,
			);
			path = View;
			sourceTree = "<group>";
		};
		C0CA42C11E801842004DAB88 /* ViewModel */ = {
			isa = PBXGroup;
			children = (
				C0CA42C21E801842004DAB88 /* DHUpdateCellViewModel.swift */,
				C0CA42C31E801842004DAB88 /* DHUpdateDetailViewModel.swift */,
			);
			path = ViewModel;
			sourceTree = "<group>";
		};
		C0CA42C41E801842004DAB88 /* Video */ = {
			isa = PBXGroup;
			children = (
				C0CA42C51E801842004DAB88 /* Controller */,
				C0CA42C91E801842004DAB88 /* DataController */,
				C0CA42CD1E801842004DAB88 /* Model */,
				C0CA42D11E801842004DAB88 /* View */,
				C0CA42D71E801842004DAB88 /* ViewModel */,
			);
			path = Video;
			sourceTree = "<group>";
		};
		C0CA42C51E801842004DAB88 /* Controller */ = {
			isa = PBXGroup;
			children = (
				C0CA42C61E801842004DAB88 /* DHVideoDetailViewController.h */,
				C0CA42C71E801842004DAB88 /* DHVideoDetailViewController.m */,
				C0CA42C81E801842004DAB88 /* DHVideoViewController.swift */,
			);
			path = Controller;
			sourceTree = "<group>";
		};
		C0CA42C91E801842004DAB88 /* DataController */ = {
			isa = PBXGroup;
			children = (
				C0CA42CA1E801842004DAB88 /* DHVideoCellDataController.swift */,
				C0CA42CB1E801842004DAB88 /* DHVideoDetailDataController.h */,
				C0CA42CC1E801842004DAB88 /* DHVideoDetailDataController.m */,
			);
			path = DataController;
			sourceTree = "<group>";
		};
		C0CA42CD1E801842004DAB88 /* Model */ = {
			isa = PBXGroup;
			children = (
				C0CA42CE1E801842004DAB88 /* DHRelatedVideoModel.h */,
				C0CA42CF1E801842004DAB88 /* DHRelatedVideoModel.m */,
				C0CA42D01E801842004DAB88 /* DHVideoModel.swift */,
			);
			path = Model;
			sourceTree = "<group>";
		};
		C0CA42D11E801842004DAB88 /* View */ = {
			isa = PBXGroup;
			children = (
				C0CA42D21E801842004DAB88 /* DHVideoDetailTableViewCell.h */,
				C0CA42D31E801842004DAB88 /* DHVideoDetailTableViewCell.m */,
				C0CA42D41E801842004DAB88 /* DHVideoDetailTableViewCell.xib */,
				C0CA42D51E801842004DAB88 /* DHVideoTableViewCell.swift */,
			);
			path = View;
			sourceTree = "<group>";
		};
		C0CA42D71E801842004DAB88 /* ViewModel */ = {
			isa = PBXGroup;
			children = (
				C0CA42D81E801842004DAB88 /* DHRelatedVideoViewModel.h */,
				C0CA42D91E801842004DAB88 /* DHRelatedVideoViewModel.m */,
				C0CA42DA1E801842004DAB88 /* DHVideoCellViewModel.swift */,
			);
			path = ViewModel;
			sourceTree = "<group>";
		};
		C0CA43091E80184B004DAB88 /* Network */ = {
			isa = PBXGroup;
			children = (
				C0CA430A1E80184B004DAB88 /* DHBaseNetworkRequest.swift */,
				C0CA430B1E80184B004DAB88 /* DHNetworkRequest.swift */,
			);
			path = Network;
			sourceTree = "<group>";
		};
		C0D4CFD11D5DBEF1008F824A = {
			isa = PBXGroup;
			children = (
				C029AB6A1DCC6EFF00063171 /* MBProgressHUD */,
				C0E38C511DADB71B00E1D27A /* YouTuEngineMediaPlayer */,
				C0D4CFDC1D5DBEF1008F824A /* Dota2Helper */,
				C0D4CFDB1D5DBEF1008F824A /* Products */,
				F3F3173041BA8E225C08FF43 /* Pods */,
				9A4136B0649CF3C062810112 /* Frameworks */,
			);
			sourceTree = "<group>";
		};
		C0D4CFDB1D5DBEF1008F824A /* Products */ = {
			isa = PBXGroup;
			children = (
				C0D4CFDA1D5DBEF1008F824A /* Dota2Helper.app */,
			);
			name = Products;
			sourceTree = "<group>";
		};
		C0D4CFDC1D5DBEF1008F824A /* Dota2Helper */ = {
			isa = PBXGroup;
			children = (
				C0CA43091E80184B004DAB88 /* Network */,
				C0CA428C1E801842004DAB88 /* Main */,
				C045C63C1DF5AC31002C74D2 /* Category */,
				C045C6241DF5AC25002C74D2 /* Global */,
				C01981B71DB76218009AE757 /* Others */,
				C09AF37F1DB505ED00604D89 /* Dota2Helper.entitlements */,
				C051799E1DB10D7600C5ECAC /* Base */,
				C0D4D0041D5DC16E008F824A /* Resources */,
			);
			path = Dota2Helper;
			sourceTree = "<group>";
		};
		C0D4D0041D5DC16E008F824A /* Resources */ = {
			isa = PBXGroup;
			children = (
				C01981C41DB762B8009AE757 /* Info.plist */,
				C0D4CFDF1D5DBEF1008F824A /* Assets.xcassets */,
				C0D4CFE11D5DBEF1008F824A /* LaunchScreen.storyboard */,
			);
			name = Resources;
			sourceTree = "<group>";
		};
		C0E38C511DADB71B00E1D27A /* YouTuEngineMediaPlayer */ = {
			isa = PBXGroup;
			children = (
				C029AB621DCC322300063171 /* libYouTuMediaPlayerEngineYouku.a */,
				C05468451DAEB43E00A4AC13 /* sdk.bundle */,
				C05468461DAEB43E00A4AC13 /* YTEngine.bundle */,
				C0E38C521DADB73500E1D27A /* YouTuMediaPlayerEngineYoukuHeaders */,
			);
			path = YouTuEngineMediaPlayer;
			sourceTree = "<group>";
		};
		C0E38C521DADB73500E1D27A /* YouTuMediaPlayerEngineYoukuHeaders */ = {
			isa = PBXGroup;
			children = (
				C0E38C531DADB73500E1D27A /* YoukuMediaPlayer.h */,
				C0E38C541DADB73500E1D27A /* YTDownloadDefine.h */,
				C0E38C551DADB73500E1D27A /* YTDownloadManager.h */,
				C0E38C561DADB73500E1D27A /* YTDownloadTaskModel.h */,
				C0E38C571DADB73500E1D27A /* YTEngineOpenViewManager.h */,
				C0E38C581DADB73500E1D27A /* YTLocalMedia.h */,
				C0E38C591DADB73500E1D27A /* YTSequence.h */,
				C0E38C5A1DADB73500E1D27A /* YYMediaPlayer.h */,
				C0E38C5B1DADB73500E1D27A /* YYMediaPlayerBackgroundModeManager.h */,
				C0E38C5C1DADB73500E1D27A /* YYMediaPlayerDefines.h */,
				C0E38C5D1DADB73500E1D27A /* YYMediaPlayerEncrypt.h */,
				C0E38C5E1DADB73500E1D27A /* YYMediaPlayerEvents.h */,
				C0E38C5F1DADB73500E1D27A /* YYMediaPlayerException.h */,
				C0E38C601DADB73500E1D27A /* YYMediaPlayerHistory.h */,
				C0E38C611DADB73500E1D27A /* YYMediaPlayerItem.h */,
			);
			path = YouTuMediaPlayerEngineYoukuHeaders;
			sourceTree = "<group>";
		};
		C0EFB0E91DB613B5009001C1 /* VidewModel */ = {
			isa = PBXGroup;
			children = (
				C0EFB0EA1DB613C7009001C1 /* DHBaseViewModel.swift */,
			);
			path = VidewModel;
			sourceTree = "<group>";
		};
		F3F3173041BA8E225C08FF43 /* Pods */ = {
			isa = PBXGroup;
			children = (
				5AE8FF62A93E6F949F8DB6AF /* Pods-Dota2Helper.debug.xcconfig */,
				46FADE68FCE278AF742B319D /* Pods-Dota2Helper.release.xcconfig */,
			);
			name = Pods;
			sourceTree = "<group>";
		};
/* End PBXGroup section */

/* Begin PBXNativeTarget section */
		C0D4CFD91D5DBEF1008F824A /* Dota2Helper */ = {
			isa = PBXNativeTarget;
			buildConfigurationList = C0D4CFE71D5DBEF1008F824A /* Build configuration list for PBXNativeTarget "Dota2Helper" */;
			buildPhases = (
				66A2890D1D0C5AD89769A2ED /* [CP] Check Pods Manifest.lock */,
				C0D4CFD61D5DBEF1008F824A /* Sources */,
				C0D4CFD71D5DBEF1008F824A /* Frameworks */,
				C0D4CFD81D5DBEF1008F824A /* Resources */,
				130E923DD6764182FB868D43 /* [CP] Embed Pods Frameworks */,
				D605622341732080B0CF3F3E /* [CP] Copy Pods Resources */,
				C0EC967C1D8FCA5A00E1557E /* ShellScript */,
				C0DD863F1DA0ED2D00D048CF /* Embed Frameworks */,
			);
			buildRules = (
			);
			dependencies = (
			);
			name = Dota2Helper;
			productName = Dota2Helper;
			productReference = C0D4CFDA1D5DBEF1008F824A /* Dota2Helper.app */;
			productType = "com.apple.product-type.application";
		};
/* End PBXNativeTarget section */

/* Begin PBXProject section */
		C0D4CFD21D5DBEF1008F824A /* Project object */ = {
			isa = PBXProject;
			attributes = {
				CLASSPREFIX = DH;
				LastSwiftUpdateCheck = 0730;
				LastUpgradeCheck = 0810;
				ORGANIZATIONNAME = Shvier;
				TargetAttributes = {
					C0D4CFD91D5DBEF1008F824A = {
						CreatedOnToolsVersion = 7.3.1;
						DevelopmentTeam = PGNG7584J8;
						LastSwiftMigration = 0800;
					};
				};
			};
			buildConfigurationList = C0D4CFD51D5DBEF1008F824A /* Build configuration list for PBXProject "Dota2Helper" */;
			compatibilityVersion = "Xcode 3.2";
			developmentRegion = English;
			hasScannedForEncodings = 0;
			knownRegions = (
				en,
				Base,
			);
			mainGroup = C0D4CFD11D5DBEF1008F824A;
			productRefGroup = C0D4CFDB1D5DBEF1008F824A /* Products */;
			projectDirPath = "";
			projectRoot = "";
			targets = (
				C0D4CFD91D5DBEF1008F824A /* Dota2Helper */,
			);
		};
/* End PBXProject section */

/* Begin PBXResourcesBuildPhase section */
		C0D4CFD81D5DBEF1008F824A /* Resources */ = {
			isa = PBXResourcesBuildPhase;
			buildActionMask = 2147483647;
			files = (
				C01981C21DB7628F009AE757 /* divider_line_image.png in Resources */,
				C029AB6F1DCC6EFF00063171 /* LICENSE in Resources */,
				C01981C01DB7628F009AE757 /* AaGothic.ttf in Resources */,
				C0CA43041E801842004DAB88 /* DHVideoDetailTableViewCell.xib in Resources */,
				C05468471DAEB43E00A4AC13 /* sdk.bundle in Resources */,
				C0D4CFE01D5DBEF1008F824A /* Assets.xcassets in Resources */,
				C05468481DAEB43E00A4AC13 /* YTEngine.bundle in Resources */,
				C0D4CFE31D5DBEF1008F824A /* LaunchScreen.storyboard in Resources */,
			);
			runOnlyForDeploymentPostprocessing = 0;
		};
/* End PBXResourcesBuildPhase section */

/* Begin PBXShellScriptBuildPhase section */
		130E923DD6764182FB868D43 /* [CP] Embed Pods Frameworks */ = {
			isa = PBXShellScriptBuildPhase;
			buildActionMask = 2147483647;
			files = (
			);
			inputPaths = (
			);
			name = "[CP] Embed Pods Frameworks";
			outputPaths = (
			);
			runOnlyForDeploymentPostprocessing = 0;
			shellPath = /bin/sh;
			shellScript = "\"${SRCROOT}/Pods/Target Support Files/Pods-Dota2Helper/Pods-Dota2Helper-frameworks.sh\"\n";
			showEnvVarsInLog = 0;
		};
		66A2890D1D0C5AD89769A2ED /* [CP] Check Pods Manifest.lock */ = {
			isa = PBXShellScriptBuildPhase;
			buildActionMask = 2147483647;
			files = (
			);
			inputPaths = (
			);
			name = "[CP] Check Pods Manifest.lock";
			outputPaths = (
			);
			runOnlyForDeploymentPostprocessing = 0;
			shellPath = /bin/sh;
			shellScript = "diff \"${PODS_ROOT}/../Podfile.lock\" \"${PODS_ROOT}/Manifest.lock\" > /dev/null\nif [ $? != 0 ] ; then\n    # print error to STDERR\n    echo \"error: The sandbox is not in sync with the Podfile.lock. Run 'pod install' or update your CocoaPods installation.\" >&2\n    exit 1\nfi\n";
			showEnvVarsInLog = 0;
		};
		C0EC967C1D8FCA5A00E1557E /* ShellScript */ = {
			isa = PBXShellScriptBuildPhase;
			buildActionMask = 2147483647;
			files = (
			);
			inputPaths = (
			);
			outputPaths = (
			);
			runOnlyForDeploymentPostprocessing = 0;
			shellPath = /bin/sh;
			shellScript = "";
		};
		D605622341732080B0CF3F3E /* [CP] Copy Pods Resources */ = {
			isa = PBXShellScriptBuildPhase;
			buildActionMask = 2147483647;
			files = (
			);
			inputPaths = (
			);
			name = "[CP] Copy Pods Resources";
			outputPaths = (
			);
			runOnlyForDeploymentPostprocessing = 0;
			shellPath = /bin/sh;
			shellScript = "\"${SRCROOT}/Pods/Target Support Files/Pods-Dota2Helper/Pods-Dota2Helper-resources.sh\"\n";
			showEnvVarsInLog = 0;
		};
/* End PBXShellScriptBuildPhase section */

/* Begin PBXSourcesBuildPhase section */
		C0D4CFD61D5DBEF1008F824A /* Sources */ = {
			isa = PBXSourcesBuildPhase;
			buildActionMask = 2147483647;
			files = (
				C0CA42EE1E801842004DAB88 /* DHStrategyDetailView.swift in Sources */,
				C0CA42FB1E801842004DAB88 /* DHUpdateCellViewModel.swift in Sources */,
				C0CA43071E801842004DAB88 /* DHRelatedVideoViewModel.m in Sources */,
				C0CA43081E801842004DAB88 /* DHVideoCellViewModel.swift in Sources */,
				C0CA42DB1E801842004DAB88 /* DHNewsDetailViewController.swift in Sources */,
				C0CA42FF1E801842004DAB88 /* DHVideoCellDataController.swift in Sources */,
				C0CA42FD1E801842004DAB88 /* DHVideoDetailViewController.m in Sources */,
				C0CA430C1E80184B004DAB88 /* DHBaseNetworkRequest.swift in Sources */,
				C0CA42FE1E801842004DAB88 /* DHVideoViewController.swift in Sources */,
				C0CA42FC1E801842004DAB88 /* DHUpdateDetailViewModel.swift in Sources */,
				C0CA42F31E801842004DAB88 /* DHUpdateDetailViewController.swift in Sources */,
				C045C63B1DF5AC26002C74D2 /* UISegmentedMenu.swift in Sources */,
				C0CA42E41E801842004DAB88 /* DHNewsDetailViewModel.swift in Sources */,
				C0CA42F61E801842004DAB88 /* DHUpdateDetailDataController.swift in Sources */,
				C045C6391DF5AC26002C74D2 /* DHProgressHUD.swift in Sources */,
				C01981CA1DB76C3F009AE757 /* DHBaseViewController.swift in Sources */,
				C0CA43021E801842004DAB88 /* DHVideoModel.swift in Sources */,
				C045C6341DF5AC26002C74D2 /* UrlHeaders.swift in Sources */,
				C0CA43051E801842004DAB88 /* DHVideoTableViewCell.swift in Sources */,
				C0CA43011E801842004DAB88 /* DHRelatedVideoModel.m in Sources */,
				C0CA42EB1E801842004DAB88 /* DHStrategyCellDataController.swift in Sources */,
				C0EFB0EB1DB613C7009001C1 /* DHBaseViewModel.swift in Sources */,
				C01981C11DB7628F009AE757 /* AppDelegate.swift in Sources */,
				C0CA43161E802D14004DAB88 /* DHNewsTableViewCell.swift in Sources */,
				C0CA42EF1E801842004DAB88 /* DHStrategyTableViewCell.swift in Sources */,
				C045C6411DF5AC97002C74D2 /* DHUniformError.swift in Sources */,
				C0CA42E51E801842004DAB88 /* DHSDKViewController.swift in Sources */,
				C0CA43031E801842004DAB88 /* DHVideoDetailTableViewCell.m in Sources */,
				C0EFB0ED1DB61E5C009001C1 /* DHBaseDetailDataController.swift in Sources */,
				C0CA42DE1E801842004DAB88 /* DHNewsDetailDataController.swift in Sources */,
				C045C6331DF5AC25002C74D2 /* Constrants.swift in Sources */,
				C045C63A1DF5AC26002C74D2 /* DHToastMessage.swift in Sources */,
				C0CA42E31E801842004DAB88 /* DHNewsCellViewModel.swift in Sources */,
				C0CA42E91E801842004DAB88 /* DHStrategyDetailViewController.swift in Sources */,
				C029AB741DCC6F1600063171 /* MBProgressHUD.m in Sources */,
				C0A690731DB3B96600DC0FA0 /* DHBaseDetailView.swift in Sources */,
				C0CA42DF1E801842004DAB88 /* DHNewsModel.swift in Sources */,
				C045C6381DF5AC26002C74D2 /* DHNoNetworkView.swift in Sources */,
				C0CA42F21E801842004DAB88 /* DHStrategyDetailViewModel.swift in Sources */,
				C0CA42EC1E801842004DAB88 /* DHStrategyDetailDataController.swift in Sources */,
				C0CA42F81E801842004DAB88 /* DHUpdateDetailView.swift in Sources */,
				C045C63E1DF5AC31002C74D2 /* String+Category.swift in Sources */,
				C0CA43141E802B71004DAB88 /* DHBaseTableViewCell.swift in Sources */,
				C045C6371DF5AC26002C74D2 /* DHLoadingView.swift in Sources */,
				C0CA430D1E80184B004DAB88 /* DHNetworkRequest.swift in Sources */,
				C0CA43001E801842004DAB88 /* DHVideoDetailDataController.m in Sources */,
				C0CA42F41E801842004DAB88 /* DHUpdateViewController.swift in Sources */,
				C0CA42E71E801842004DAB88 /* DHSDKTableViewCell.swift in Sources */,
				C0CA42DC1E801842004DAB88 /* DHNewsViewController.swift in Sources */,
				C045C6351DF5AC26002C74D2 /* DHNetworkRequestManager.swift in Sources */,
				C0CA42DD1E801842004DAB88 /* DHNewsCellDataController.swift in Sources */,
				C0CA42EA1E801842004DAB88 /* DHStrategyViewController.swift in Sources */,
				C0CA42E61E801842004DAB88 /* DHSettingsViewController.swift in Sources */,
				C0CA42F11E801842004DAB88 /* DHStrategyCellViewModel.swift in Sources */,
				C0CA42F51E801842004DAB88 /* DHUpdateCellDataController.swift in Sources */,
				C0CA42E01E801842004DAB88 /* DHNewsDetailView.swift in Sources */,
				C0CA42ED1E801842004DAB88 /* DHStrategyModel.swift in Sources */,
				C045C6361DF5AC26002C74D2 /* DHHintManager.swift in Sources */,
				C029AB711DCC6EFF00063171 /* README.mdown in Sources */,
				C0CA42F71E801842004DAB88 /* DHUpdateModel.swift in Sources */,
				C05179A11DB10D8800C5ECAC /* DHBaseDetailViewController.swift in Sources */,
			);
			runOnlyForDeploymentPostprocessing = 0;
		};
/* End PBXSourcesBuildPhase section */

/* Begin PBXVariantGroup section */
		C0D4CFE11D5DBEF1008F824A /* LaunchScreen.storyboard */ = {
			isa = PBXVariantGroup;
			children = (
				C0D4CFE21D5DBEF1008F824A /* Base */,
			);
			name = LaunchScreen.storyboard;
			sourceTree = "<group>";
		};
/* End PBXVariantGroup section */

/* Begin XCBuildConfiguration section */
		C0D4CFE51D5DBEF1008F824A /* Debug */ = {
			isa = XCBuildConfiguration;
			buildSettings = {
				ALWAYS_SEARCH_USER_PATHS = NO;
				CLANG_ANALYZER_NONNULL = YES;
				CLANG_CXX_LANGUAGE_STANDARD = "gnu++0x";
				CLANG_CXX_LIBRARY = "libc++";
				CLANG_ENABLE_MODULES = YES;
				CLANG_ENABLE_OBJC_ARC = YES;
				CLANG_WARN_BOOL_CONVERSION = YES;
				CLANG_WARN_CONSTANT_CONVERSION = YES;
				CLANG_WARN_DIRECT_OBJC_ISA_USAGE = YES_ERROR;
				CLANG_WARN_EMPTY_BODY = YES;
				CLANG_WARN_ENUM_CONVERSION = YES;
				CLANG_WARN_INFINITE_RECURSION = YES;
				CLANG_WARN_INT_CONVERSION = YES;
				CLANG_WARN_OBJC_ROOT_CLASS = YES_ERROR;
				CLANG_WARN_SUSPICIOUS_MOVE = YES;
				CLANG_WARN_UNREACHABLE_CODE = YES;
				CLANG_WARN__DUPLICATE_METHOD_MATCH = YES;
				"CODE_SIGN_IDENTITY[sdk=iphoneos*]" = "iPhone Developer";
				COPY_PHASE_STRIP = NO;
				DEBUG_INFORMATION_FORMAT = dwarf;
				ENABLE_STRICT_OBJC_MSGSEND = YES;
				ENABLE_TESTABILITY = YES;
				GCC_C_LANGUAGE_STANDARD = gnu99;
				GCC_DYNAMIC_NO_PIC = NO;
				GCC_NO_COMMON_BLOCKS = YES;
				GCC_OPTIMIZATION_LEVEL = 0;
				GCC_PREPROCESSOR_DEFINITIONS = (
					"DEBUG=1",
					"$(inherited)",
				);
				GCC_WARN_64_TO_32_BIT_CONVERSION = YES;
				GCC_WARN_ABOUT_RETURN_TYPE = YES_ERROR;
				GCC_WARN_UNDECLARED_SELECTOR = YES;
				GCC_WARN_UNINITIALIZED_AUTOS = YES_AGGRESSIVE;
				GCC_WARN_UNUSED_FUNCTION = YES;
				GCC_WARN_UNUSED_VARIABLE = YES;
				IPHONEOS_DEPLOYMENT_TARGET = 8.0;
				MTL_ENABLE_DEBUG_INFO = YES;
				ONLY_ACTIVE_ARCH = YES;
				SDKROOT = iphoneos;
				SWIFT_OPTIMIZATION_LEVEL = "-Onone";
			};
			name = Debug;
		};
		C0D4CFE61D5DBEF1008F824A /* Release */ = {
			isa = XCBuildConfiguration;
			buildSettings = {
				ALWAYS_SEARCH_USER_PATHS = NO;
				CLANG_ANALYZER_NONNULL = YES;
				CLANG_CXX_LANGUAGE_STANDARD = "gnu++0x";
				CLANG_CXX_LIBRARY = "libc++";
				CLANG_ENABLE_MODULES = YES;
				CLANG_ENABLE_OBJC_ARC = YES;
				CLANG_WARN_BOOL_CONVERSION = YES;
				CLANG_WARN_CONSTANT_CONVERSION = YES;
				CLANG_WARN_DIRECT_OBJC_ISA_USAGE = YES_ERROR;
				CLANG_WARN_EMPTY_BODY = YES;
				CLANG_WARN_ENUM_CONVERSION = YES;
				CLANG_WARN_INFINITE_RECURSION = YES;
				CLANG_WARN_INT_CONVERSION = YES;
				CLANG_WARN_OBJC_ROOT_CLASS = YES_ERROR;
				CLANG_WARN_SUSPICIOUS_MOVE = YES;
				CLANG_WARN_UNREACHABLE_CODE = YES;
				CLANG_WARN__DUPLICATE_METHOD_MATCH = YES;
				"CODE_SIGN_IDENTITY[sdk=iphoneos*]" = "iPhone Developer";
				COPY_PHASE_STRIP = NO;
				DEBUG_INFORMATION_FORMAT = "dwarf-with-dsym";
				ENABLE_NS_ASSERTIONS = NO;
				ENABLE_STRICT_OBJC_MSGSEND = YES;
				GCC_C_LANGUAGE_STANDARD = gnu99;
				GCC_NO_COMMON_BLOCKS = YES;
				GCC_WARN_64_TO_32_BIT_CONVERSION = YES;
				GCC_WARN_ABOUT_RETURN_TYPE = YES_ERROR;
				GCC_WARN_UNDECLARED_SELECTOR = YES;
				GCC_WARN_UNINITIALIZED_AUTOS = YES_AGGRESSIVE;
				GCC_WARN_UNUSED_FUNCTION = YES;
				GCC_WARN_UNUSED_VARIABLE = YES;
				IPHONEOS_DEPLOYMENT_TARGET = 8.0;
				MTL_ENABLE_DEBUG_INFO = NO;
				SDKROOT = iphoneos;
				SWIFT_OPTIMIZATION_LEVEL = "-Owholemodule";
				VALIDATE_PRODUCT = YES;
			};
			name = Release;
		};
		C0D4CFE81D5DBEF1008F824A /* Debug */ = {
			isa = XCBuildConfiguration;
			baseConfigurationReference = 5AE8FF62A93E6F949F8DB6AF /* Pods-Dota2Helper.debug.xcconfig */;
			buildSettings = {
				ALWAYS_EMBED_SWIFT_STANDARD_LIBRARIES = YES;
				ASSETCATALOG_COMPILER_APPICON_NAME = AppIcon;
				CODE_SIGN_ENTITLEMENTS = Dota2Helper/Dota2Helper.entitlements;
				DEBUG_INFORMATION_FORMAT = dwarf;
				DEVELOPMENT_TEAM = PGNG7584J8;
				ENABLE_BITCODE = NO;
				FRAMEWORK_SEARCH_PATHS = (
					"$(inherited)",
					"$(PROJECT_DIR)",
				);
				GCC_INCREASE_PRECOMPILED_HEADER_SHARING = NO;
				GCC_PRECOMPILE_PREFIX_HEADER = NO;
				GCC_PREFIX_HEADER = "";
				INFOPLIST_FILE = Dota2Helper/Info.plist;
				IPHONEOS_DEPLOYMENT_TARGET = 9.0;
				LD_RUNPATH_SEARCH_PATHS = "$(inherited) @executable_path/Frameworks";
				LIBRARY_SEARCH_PATHS = (
					"$(inherited)",
					"$(PROJECT_DIR)/YouTuEngineMediaPlayer",
				);
				PRODUCT_BUNDLE_IDENTIFIER = com.Shvier.Dota2Helper;
				PRODUCT_NAME = "$(TARGET_NAME)";
				SWIFT_OBJC_BRIDGING_HEADER = "Dota2Helper/Global/Header/Youku-Bridge-Header.h";
				SWIFT_OBJC_INTERFACE_HEADER_NAME = "";
				SWIFT_VERSION = 3.0;
			};
			name = Debug;
		};
		C0D4CFE91D5DBEF1008F824A /* Release */ = {
			isa = XCBuildConfiguration;
			baseConfigurationReference = 46FADE68FCE278AF742B319D /* Pods-Dota2Helper.release.xcconfig */;
			buildSettings = {
				ALWAYS_EMBED_SWIFT_STANDARD_LIBRARIES = YES;
				ASSETCATALOG_COMPILER_APPICON_NAME = AppIcon;
				CODE_SIGN_ENTITLEMENTS = Dota2Helper/Dota2Helper.entitlements;
				DEBUG_INFORMATION_FORMAT = dwarf;
				DEVELOPMENT_TEAM = PGNG7584J8;
				ENABLE_BITCODE = NO;
				FRAMEWORK_SEARCH_PATHS = (
					"$(inherited)",
					"$(PROJECT_DIR)",
				);
				GCC_INCREASE_PRECOMPILED_HEADER_SHARING = NO;
				GCC_PRECOMPILE_PREFIX_HEADER = NO;
				GCC_PREFIX_HEADER = "";
				INFOPLIST_FILE = Dota2Helper/Info.plist;
				IPHONEOS_DEPLOYMENT_TARGET = 9.0;
				LD_RUNPATH_SEARCH_PATHS = "$(inherited) @executable_path/Frameworks";
				LIBRARY_SEARCH_PATHS = (
					"$(inherited)",
					"$(PROJECT_DIR)/YouTuEngineMediaPlayer",
				);
				PRODUCT_BUNDLE_IDENTIFIER = com.Shvier.Dota2Helper;
				PRODUCT_NAME = "$(TARGET_NAME)";
				SWIFT_OBJC_BRIDGING_HEADER = "Dota2Helper/Global/Header/Youku-Bridge-Header.h";
				SWIFT_OBJC_INTERFACE_HEADER_NAME = "";
				SWIFT_VERSION = 3.0;
			};
			name = Release;
		};
/* End XCBuildConfiguration section */

/* Begin XCConfigurationList section */
		C0D4CFD51D5DBEF1008F824A /* Build configuration list for PBXProject "Dota2Helper" */ = {
			isa = XCConfigurationList;
			buildConfigurations = (
				C0D4CFE51D5DBEF1008F824A /* Debug */,
				C0D4CFE61D5DBEF1008F824A /* Release */,
			);
			defaultConfigurationIsVisible = 0;
			defaultConfigurationName = Release;
		};
		C0D4CFE71D5DBEF1008F824A /* Build configuration list for PBXNativeTarget "Dota2Helper" */ = {
			isa = XCConfigurationList;
			buildConfigurations = (
				C0D4CFE81D5DBEF1008F824A /* Debug */,
				C0D4CFE91D5DBEF1008F824A /* Release */,
			);
			defaultConfigurationIsVisible = 0;
			defaultConfigurationName = Release;
		};
/* End XCConfigurationList section */
	};
	rootObject = C0D4CFD21D5DBEF1008F824A /* Project object */;
}
