// !$*UTF8*$!
{
	archiveVersion = 1;
	classes = {
	};
	objectVersion = 46;
	objects = {

/* Begin PBXBuildFile section */
		5E921422300F58B90D59EC8E /* Pods_Dota2Helper.framework in Frameworks */ = {isa = PBXBuildFile; fileRef = 558B5B80FEC5A194BAC83F8D /* Pods_Dota2Helper.framework */; };
		C0004BA01D992804007EF3EE /* DHJournalModel.swift in Sources */ = {isa = PBXBuildFile; fileRef = C0004B9F1D992804007EF3EE /* DHJournalModel.swift */; };
		C0122E3F1D97FD880000D249 /* DHJournalDataController.swift in Sources */ = {isa = PBXBuildFile; fileRef = C0122E3E1D97FD880000D249 /* DHJournalDataController.swift */; };
		C01981B41DB74C81009AE757 /* DHNoNetworkView.swift in Sources */ = {isa = PBXBuildFile; fileRef = C01981B31DB74C81009AE757 /* DHNoNetworkView.swift */; };
		C01981B61DB7518E009AE757 /* DHHintManager.swift in Sources */ = {isa = PBXBuildFile; fileRef = C01981B51DB7518E009AE757 /* DHHintManager.swift */; };
		C01981BA1DB76282009AE757 /* String+Category.swift in Sources */ = {isa = PBXBuildFile; fileRef = C01981B81DB76282009AE757 /* String+Category.swift */; };
		C01981BB1DB76282009AE757 /* UISegmentedMenu.swift in Sources */ = {isa = PBXBuildFile; fileRef = C01981B91DB76282009AE757 /* UISegmentedMenu.swift */; };
		C01981C01DB7628F009AE757 /* AaGothic.ttf in Resources */ = {isa = PBXBuildFile; fileRef = C01981BC1DB7628F009AE757 /* AaGothic.ttf */; };
		C01981C11DB7628F009AE757 /* AppDelegate.swift in Sources */ = {isa = PBXBuildFile; fileRef = C01981BD1DB7628F009AE757 /* AppDelegate.swift */; };
		C01981C21DB7628F009AE757 /* divider_line_image.png in Resources */ = {isa = PBXBuildFile; fileRef = C01981BE1DB7628F009AE757 /* divider_line_image.png */; };
		C01981CA1DB76C3F009AE757 /* DHBaseViewController.swift in Sources */ = {isa = PBXBuildFile; fileRef = C01981C91DB76C3F009AE757 /* DHBaseViewController.swift */; };
		C01E405D1D9E3BBE006C6CD3 /* DHTutorialTableViewCell.swift in Sources */ = {isa = PBXBuildFile; fileRef = C01E405B1D9E3BBE006C6CD3 /* DHTutorialTableViewCell.swift */; };
		C01E405E1D9E3BBE006C6CD3 /* DHTutorialTableViewCell.xib in Resources */ = {isa = PBXBuildFile; fileRef = C01E405C1D9E3BBE006C6CD3 /* DHTutorialTableViewCell.xib */; };
		C01E40601D9E3C42006C6CD3 /* DHTutorialCellViewModel.swift in Sources */ = {isa = PBXBuildFile; fileRef = C01E405F1D9E3C42006C6CD3 /* DHTutorialCellViewModel.swift */; };
		C01E40621D9E3C9B006C6CD3 /* DHTutorialModel.swift in Sources */ = {isa = PBXBuildFile; fileRef = C01E40611D9E3C9B006C6CD3 /* DHTutorialModel.swift */; };
		C0287D351D994D2C009D878E /* DHJournalTableViewCell.swift in Sources */ = {isa = PBXBuildFile; fileRef = C0287D331D994D2C009D878E /* DHJournalTableViewCell.swift */; };
		C0287D361D994D2C009D878E /* DHJournalTableViewCell.xib in Resources */ = {isa = PBXBuildFile; fileRef = C0287D341D994D2C009D878E /* DHJournalTableViewCell.xib */; };
		C0287D3A1D994D66009D878E /* DHJournalViewModel.swift in Sources */ = {isa = PBXBuildFile; fileRef = C0287D391D994D66009D878E /* DHJournalViewModel.swift */; };
		C0287D3E1D99578F009D878E /* DHJournalDetailDataController.swift in Sources */ = {isa = PBXBuildFile; fileRef = C0287D3D1D99578F009D878E /* DHJournalDetailDataController.swift */; };
		C0287D411D9957D9009D878E /* DHJournalDetailViewController.swift in Sources */ = {isa = PBXBuildFile; fileRef = C0287D3F1D9957D9009D878E /* DHJournalDetailViewController.swift */; };
		C0287D441D9958D6009D878E /* DHJournalDetailView.swift in Sources */ = {isa = PBXBuildFile; fileRef = C0287D431D9958D6009D878E /* DHJournalDetailView.swift */; };
		C0287D461D995AFE009D878E /* DHJournalDetailViewModel.swift in Sources */ = {isa = PBXBuildFile; fileRef = C0287D451D995AFE009D878E /* DHJournalDetailViewModel.swift */; };
		C05179A11DB10D8800C5ECAC /* DHBaseDetailViewController.swift in Sources */ = {isa = PBXBuildFile; fileRef = C05179A01DB10D8800C5ECAC /* DHBaseDetailViewController.swift */; };
		C05179A31DB111BA00C5ECAC /* DHToastMessage.swift in Sources */ = {isa = PBXBuildFile; fileRef = C05179A21DB111BA00C5ECAC /* DHToastMessage.swift */; settings = {COMPILER_FLAGS = "-fobjc-arc"; }; };
		C051BE341DB022E600A2479C /* DHVideoPlayView.swift in Sources */ = {isa = PBXBuildFile; fileRef = C051BE331DB022E600A2479C /* DHVideoPlayView.swift */; };
		C051BE361DB0232000A2479C /* DHVideoPlayViewModel.swift in Sources */ = {isa = PBXBuildFile; fileRef = C051BE351DB0232000A2479C /* DHVideoPlayViewModel.swift */; };
		C05468471DAEB43E00A4AC13 /* sdk.bundle in Resources */ = {isa = PBXBuildFile; fileRef = C05468451DAEB43E00A4AC13 /* sdk.bundle */; };
		C05468481DAEB43E00A4AC13 /* YTEngine.bundle in Resources */ = {isa = PBXBuildFile; fileRef = C05468461DAEB43E00A4AC13 /* YTEngine.bundle */; };
		C06E66421D917640007B1210 /* DHHeaderView.swift in Sources */ = {isa = PBXBuildFile; fileRef = C06E66411D917640007B1210 /* DHHeaderView.swift */; };
		C06E66441D917781007B1210 /* DHNewsBannerViewModel.swift in Sources */ = {isa = PBXBuildFile; fileRef = C06E66431D917781007B1210 /* DHNewsBannerViewModel.swift */; };
		C088DA4D1D9564D400F1329D /* DHBanner.swift in Sources */ = {isa = PBXBuildFile; fileRef = C088DA4C1D9564D400F1329D /* DHBanner.swift */; };
		C088DA4F1D95652700F1329D /* DHBannerViewModel.swift in Sources */ = {isa = PBXBuildFile; fileRef = C088DA4E1D95652700F1329D /* DHBannerViewModel.swift */; };
		C08FD5621DB89A36007D615A /* DHSDKViewController.swift in Sources */ = {isa = PBXBuildFile; fileRef = C08FD5611DB89A36007D615A /* DHSDKViewController.swift */; };
		C08FD5651DB8A374007D615A /* DHSDKTableViewCell.swift in Sources */ = {isa = PBXBuildFile; fileRef = C08FD5631DB8A374007D615A /* DHSDKTableViewCell.swift */; };
		C08FD5661DB8A374007D615A /* DHSDKTableViewCell.xib in Resources */ = {isa = PBXBuildFile; fileRef = C08FD5641DB8A374007D615A /* DHSDKTableViewCell.xib */; };
		C09648BB1DAEB92900D75D21 /* libz.1.tbd in Frameworks */ = {isa = PBXBuildFile; fileRef = C09648BA1DAEB92900D75D21 /* libz.1.tbd */; };
		C09648BD1DAEB93300D75D21 /* libxml2.2.tbd in Frameworks */ = {isa = PBXBuildFile; fileRef = C09648BC1DAEB93300D75D21 /* libxml2.2.tbd */; };
		C09648BF1DAEB94600D75D21 /* libiconv.2.tbd in Frameworks */ = {isa = PBXBuildFile; fileRef = C09648BE1DAEB94600D75D21 /* libiconv.2.tbd */; };
		C09648C11DAEB94B00D75D21 /* VideoToolbox.framework in Frameworks */ = {isa = PBXBuildFile; fileRef = C09648C01DAEB94B00D75D21 /* VideoToolbox.framework */; };
		C09648C31DAEB95B00D75D21 /* libresolv.9.tbd in Frameworks */ = {isa = PBXBuildFile; fileRef = C09648C21DAEB95B00D75D21 /* libresolv.9.tbd */; };
		C09648C51DAEB9E600D75D21 /* libbz2.tbd in Frameworks */ = {isa = PBXBuildFile; fileRef = C09648C41DAEB9E600D75D21 /* libbz2.tbd */; };
		C09648C71DAEECD900D75D21 /* ModelIO.framework in Frameworks */ = {isa = PBXBuildFile; fileRef = C09648C61DAEECD900D75D21 /* ModelIO.framework */; };
		C09648C91DAEECDF00D75D21 /* libsqlite3.tbd in Frameworks */ = {isa = PBXBuildFile; fileRef = C09648C81DAEECDF00D75D21 /* libsqlite3.tbd */; };
		C09648CB1DAEECE400D75D21 /* CoreMotion.framework in Frameworks */ = {isa = PBXBuildFile; fileRef = C09648CA1DAEECE400D75D21 /* CoreMotion.framework */; };
		C09648CD1DAEECE900D75D21 /* libc++.1.tbd in Frameworks */ = {isa = PBXBuildFile; fileRef = C09648CC1DAEECE900D75D21 /* libc++.1.tbd */; };
		C09648CF1DAEECF600D75D21 /* MobileCoreServices.framework in Frameworks */ = {isa = PBXBuildFile; fileRef = C09648CE1DAEECF600D75D21 /* MobileCoreServices.framework */; };
		C09648D11DAEECFB00D75D21 /* Social.framework in Frameworks */ = {isa = PBXBuildFile; fileRef = C09648D01DAEECFB00D75D21 /* Social.framework */; };
		C09648D31DAEED0000D75D21 /* libbz2.1.0.tbd in Frameworks */ = {isa = PBXBuildFile; fileRef = C09648D21DAEED0000D75D21 /* libbz2.1.0.tbd */; };
		C09648D51DAEED0600D75D21 /* PassKit.framework in Frameworks */ = {isa = PBXBuildFile; fileRef = C09648D41DAEED0600D75D21 /* PassKit.framework */; };
		C09648D71DAEED1200D75D21 /* MessageUI.framework in Frameworks */ = {isa = PBXBuildFile; fileRef = C09648D61DAEED1200D75D21 /* MessageUI.framework */; };
		C09648D91DAEED3100D75D21 /* EventKit.framework in Frameworks */ = {isa = PBXBuildFile; fileRef = C09648D81DAEED3100D75D21 /* EventKit.framework */; };
		C09648DB1DAEED3700D75D21 /* MediaPlayer.framework in Frameworks */ = {isa = PBXBuildFile; fileRef = C09648DA1DAEED3700D75D21 /* MediaPlayer.framework */; };
		C09648DD1DAEED3C00D75D21 /* SystemConfiguration.framework in Frameworks */ = {isa = PBXBuildFile; fileRef = C09648DC1DAEED3C00D75D21 /* SystemConfiguration.framework */; };
		C09648DF1DAEED4100D75D21 /* AdSupport.framework in Frameworks */ = {isa = PBXBuildFile; fileRef = C09648DE1DAEED4100D75D21 /* AdSupport.framework */; };
		C09648E11DAEED4600D75D21 /* CoreText.framework in Frameworks */ = {isa = PBXBuildFile; fileRef = C09648E01DAEED4500D75D21 /* CoreText.framework */; };
		C09648E31DAEED4C00D75D21 /* OpenGLES.framework in Frameworks */ = {isa = PBXBuildFile; fileRef = C09648E21DAEED4C00D75D21 /* OpenGLES.framework */; };
		C09648E51DAEED5200D75D21 /* QuartzCore.framework in Frameworks */ = {isa = PBXBuildFile; fileRef = C09648E41DAEED5200D75D21 /* QuartzCore.framework */; };
		C09648E71DAEED5900D75D21 /* CoreMedia.framework in Frameworks */ = {isa = PBXBuildFile; fileRef = C09648E61DAEED5900D75D21 /* CoreMedia.framework */; };
		C09648E91DAEED5E00D75D21 /* AudioToolbox.framework in Frameworks */ = {isa = PBXBuildFile; fileRef = C09648E81DAEED5E00D75D21 /* AudioToolbox.framework */; };
		C09648EB1DAEED8A00D75D21 /* CoreGraphics.framework in Frameworks */ = {isa = PBXBuildFile; fileRef = C09648EA1DAEED8A00D75D21 /* CoreGraphics.framework */; };
		C09648ED1DAEED8E00D75D21 /* UIKit.framework in Frameworks */ = {isa = PBXBuildFile; fileRef = C09648EC1DAEED8E00D75D21 /* UIKit.framework */; };
		C09648EF1DAEED9300D75D21 /* Foundation.framework in Frameworks */ = {isa = PBXBuildFile; fileRef = C09648EE1DAEED9300D75D21 /* Foundation.framework */; };
		C0A1AC401D616188005B92A5 /* Constrants.swift in Sources */ = {isa = PBXBuildFile; fileRef = C0A1AC3F1D616188005B92A5 /* Constrants.swift */; };
		C0A6906E1DB3B5C500DC0FA0 /* DHTutorialDetailDataController.swift in Sources */ = {isa = PBXBuildFile; fileRef = C0A6906D1DB3B5C500DC0FA0 /* DHTutorialDetailDataController.swift */; };
		C0A690731DB3B96600DC0FA0 /* DHBaseDetailView.swift in Sources */ = {isa = PBXBuildFile; fileRef = C0A690721DB3B96600DC0FA0 /* DHBaseDetailView.swift */; };
		C0A690751DB3C0FD00DC0FA0 /* DHTutorialDetailViewController.swift in Sources */ = {isa = PBXBuildFile; fileRef = C0A690741DB3C0FD00DC0FA0 /* DHTutorialDetailViewController.swift */; };
		C0A690771DB3C21600DC0FA0 /* DHTutorialDetailView.swift in Sources */ = {isa = PBXBuildFile; fileRef = C0A690761DB3C21600DC0FA0 /* DHTutorialDetailView.swift */; };
		C0A690791DB3C24600DC0FA0 /* DHTutorialDetailViewModel.swift in Sources */ = {isa = PBXBuildFile; fileRef = C0A690781DB3C24600DC0FA0 /* DHTutorialDetailViewModel.swift */; };
		C0B4E1FD1DBDA57A00295FFF /* DHVideoDetailViewController.m in Sources */ = {isa = PBXBuildFile; fileRef = C0B4E1FC1DBDA57A00295FFF /* DHVideoDetailViewController.m */; };
		C0B4E1FF1DBDA68300295FFF /* libYouTuMediaPlayerEngineYouku.a in Frameworks */ = {isa = PBXBuildFile; fileRef = C0B4E1FE1DBDA68300295FFF /* libYouTuMediaPlayerEngineYouku.a */; };
		C0B4E2061DBE078200295FFF /* DHVideoDetailTableViewCell.m in Sources */ = {isa = PBXBuildFile; fileRef = C0B4E2041DBE078200295FFF /* DHVideoDetailTableViewCell.m */; };
		C0B4E2091DBE07C300295FFF /* DHVideoDetailTableViewCell.xib in Resources */ = {isa = PBXBuildFile; fileRef = C0B4E2081DBE07C300295FFF /* DHVideoDetailTableViewCell.xib */; };
		C0B4E20C1DBE24AB00295FFF /* DHRelatedVideoModel.m in Sources */ = {isa = PBXBuildFile; fileRef = C0B4E20B1DBE24AB00295FFF /* DHRelatedVideoModel.m */; };
		C0B4E20F1DBE298D00295FFF /* DHVideoDetailDataController.m in Sources */ = {isa = PBXBuildFile; fileRef = C0B4E20E1DBE298D00295FFF /* DHVideoDetailDataController.m */; };
		C0B4E2121DBE2EAA00295FFF /* DHRelatedVideoViewModel.m in Sources */ = {isa = PBXBuildFile; fileRef = C0B4E2111DBE2EAA00295FFF /* DHRelatedVideoViewModel.m */; };
		C0B7A4C11D8ECC4E008D10A0 /* DHNewsModel.swift in Sources */ = {isa = PBXBuildFile; fileRef = C0B7A4C01D8ECC4E008D10A0 /* DHNewsModel.swift */; };
		C0D3E0771DA449AE009AFDB0 /* DHVideoDataController.swift in Sources */ = {isa = PBXBuildFile; fileRef = C0D3E0761DA449AE009AFDB0 /* DHVideoDataController.swift */; };
		C0D3E0791DA44A06009AFDB0 /* DHVideoCellViewModel.swift in Sources */ = {isa = PBXBuildFile; fileRef = C0D3E0781DA44A06009AFDB0 /* DHVideoCellViewModel.swift */; };
		C0D3E07B1DA44A13009AFDB0 /* DHVideoModel.swift in Sources */ = {isa = PBXBuildFile; fileRef = C0D3E07A1DA44A13009AFDB0 /* DHVideoModel.swift */; };
		C0D3E07E1DA44A2D009AFDB0 /* DHVideoTableViewCell.swift in Sources */ = {isa = PBXBuildFile; fileRef = C0D3E07C1DA44A2D009AFDB0 /* DHVideoTableViewCell.swift */; };
		C0D3E07F1DA44A2D009AFDB0 /* DHVideoTableViewCell.xib in Resources */ = {isa = PBXBuildFile; fileRef = C0D3E07D1DA44A2D009AFDB0 /* DHVideoTableViewCell.xib */; };
		C0D4CFE01D5DBEF1008F824A /* Assets.xcassets in Resources */ = {isa = PBXBuildFile; fileRef = C0D4CFDF1D5DBEF1008F824A /* Assets.xcassets */; };
		C0D4CFE31D5DBEF1008F824A /* LaunchScreen.storyboard in Resources */ = {isa = PBXBuildFile; fileRef = C0D4CFE11D5DBEF1008F824A /* LaunchScreen.storyboard */; };
		C0D4D00A1D5DC2E6008F824A /* DHJournalViewController.swift in Sources */ = {isa = PBXBuildFile; fileRef = C0D4D0091D5DC2E6008F824A /* DHJournalViewController.swift */; };
		C0D4D00C1D5DC2F1008F824A /* DHNewsViewController.swift in Sources */ = {isa = PBXBuildFile; fileRef = C0D4D00B1D5DC2F1008F824A /* DHNewsViewController.swift */; };
		C0D4D00E1D5DC2FD008F824A /* DHSettingsViewController.swift in Sources */ = {isa = PBXBuildFile; fileRef = C0D4D00D1D5DC2FD008F824A /* DHSettingsViewController.swift */; };
		C0D4D0101D5DC30D008F824A /* DHTutorialViewController.swift in Sources */ = {isa = PBXBuildFile; fileRef = C0D4D00F1D5DC30D008F824A /* DHTutorialViewController.swift */; };
		C0D4D0121D5DC319008F824A /* DHVideoViewController.swift in Sources */ = {isa = PBXBuildFile; fileRef = C0D4D0111D5DC319008F824A /* DHVideoViewController.swift */; };
		C0E6BF911D94342900872006 /* DHNewsDetailView.swift in Sources */ = {isa = PBXBuildFile; fileRef = C0E6BF901D94342900872006 /* DHNewsDetailView.swift */; };
		C0E6BF931D9434D400872006 /* DHNewsDetailViewModel.swift in Sources */ = {isa = PBXBuildFile; fileRef = C0E6BF921D9434D400872006 /* DHNewsDetailViewModel.swift */; };
		C0EB19ED1D94138D0053970A /* DHNewsDetailViewController.swift in Sources */ = {isa = PBXBuildFile; fileRef = C0EB19EC1D94138D0053970A /* DHNewsDetailViewController.swift */; };
		C0EB19EF1D94165D0053970A /* DHNewsDetailDataController.swift in Sources */ = {isa = PBXBuildFile; fileRef = C0EB19EE1D94165D0053970A /* DHNewsDetailDataController.swift */; };
		C0EC174B1D9010930002AAF4 /* DHNetworkRequestManager.swift in Sources */ = {isa = PBXBuildFile; fileRef = C0EC174A1D9010930002AAF4 /* DHNetworkRequestManager.swift */; };
		C0EC174D1D901D4D0002AAF4 /* DHNewsDataController.swift in Sources */ = {isa = PBXBuildFile; fileRef = C0EC174C1D901D4D0002AAF4 /* DHNewsDataController.swift */; };
		C0EC174F1D9025720002AAF4 /* DHNewsCellViewModel.swift in Sources */ = {isa = PBXBuildFile; fileRef = C0EC174E1D9025720002AAF4 /* DHNewsCellViewModel.swift */; };
		C0EC17521D9026C80002AAF4 /* DHNewsTableViewCell.swift in Sources */ = {isa = PBXBuildFile; fileRef = C0EC17501D9026C80002AAF4 /* DHNewsTableViewCell.swift */; };
		C0EC17531D9026C80002AAF4 /* DHNewsTableViewCell.xib in Resources */ = {isa = PBXBuildFile; fileRef = C0EC17511D9026C80002AAF4 /* DHNewsTableViewCell.xib */; };
		C0EC967F1D8FCA8100E1557E /* Fabric.framework in Frameworks */ = {isa = PBXBuildFile; fileRef = C0EC967D1D8FCA8100E1557E /* Fabric.framework */; };
		C0EC96801D8FCA8100E1557E /* Crashlytics.framework in Frameworks */ = {isa = PBXBuildFile; fileRef = C0EC967E1D8FCA8100E1557E /* Crashlytics.framework */; };
		C0EFB0EB1DB613C7009001C1 /* DHBaseViewModel.swift in Sources */ = {isa = PBXBuildFile; fileRef = C0EFB0EA1DB613C7009001C1 /* DHBaseViewModel.swift */; };
		C0EFB0ED1DB61E5C009001C1 /* DHBaseDetailDataController.swift in Sources */ = {isa = PBXBuildFile; fileRef = C0EFB0EC1DB61E5C009001C1 /* DHBaseDetailDataController.swift */; };
		C0F630791D9D5B7800AF039F /* DHTutorialView.swift in Sources */ = {isa = PBXBuildFile; fileRef = C0F630781D9D5B7800AF039F /* DHTutorialView.swift */; };
		C0F6307B1D9D5B8F00AF039F /* DHTutorialViewModel.swift in Sources */ = {isa = PBXBuildFile; fileRef = C0F6307A1D9D5B8F00AF039F /* DHTutorialViewModel.swift */; };
		C0F6307D1D9D5CB700AF039F /* DHTutorialDataController.swift in Sources */ = {isa = PBXBuildFile; fileRef = C0F6307C1D9D5CB700AF039F /* DHTutorialDataController.swift */; };
		E75E4B5C1DA8D7AC00612599 /* DHLoadingView.swift in Sources */ = {isa = PBXBuildFile; fileRef = E75E4B5B1DA8D7AC00612599 /* DHLoadingView.swift */; };
/* End PBXBuildFile section */

/* Begin PBXCopyFilesBuildPhase section */
		C0DD863F1DA0ED2D00D048CF /* Embed Frameworks */ = {
			isa = PBXCopyFilesBuildPhase;
			buildActionMask = 2147483647;
			dstPath = "";
			dstSubfolderSpec = 10;
			files = (
			);
			name = "Embed Frameworks";
			runOnlyForDeploymentPostprocessing = 0;
		};
/* End PBXCopyFilesBuildPhase section */

/* Begin PBXFileReference section */
		46FADE68FCE278AF742B319D /* Pods-Dota2Helper.release.xcconfig */ = {isa = PBXFileReference; includeInIndex = 1; lastKnownFileType = text.xcconfig; name = "Pods-Dota2Helper.release.xcconfig"; path = "Pods/Target Support Files/Pods-Dota2Helper/Pods-Dota2Helper.release.xcconfig"; sourceTree = "<group>"; };
		558B5B80FEC5A194BAC83F8D /* Pods_Dota2Helper.framework */ = {isa = PBXFileReference; explicitFileType = wrapper.framework; includeInIndex = 0; path = Pods_Dota2Helper.framework; sourceTree = BUILT_PRODUCTS_DIR; };
		5AE8FF62A93E6F949F8DB6AF /* Pods-Dota2Helper.debug.xcconfig */ = {isa = PBXFileReference; includeInIndex = 1; lastKnownFileType = text.xcconfig; name = "Pods-Dota2Helper.debug.xcconfig"; path = "Pods/Target Support Files/Pods-Dota2Helper/Pods-Dota2Helper.debug.xcconfig"; sourceTree = "<group>"; };
		C0004B9F1D992804007EF3EE /* DHJournalModel.swift */ = {isa = PBXFileReference; fileEncoding = 4; lastKnownFileType = sourcecode.swift; path = DHJournalModel.swift; sourceTree = "<group>"; };
		C0122E3E1D97FD880000D249 /* DHJournalDataController.swift */ = {isa = PBXFileReference; fileEncoding = 4; lastKnownFileType = sourcecode.swift; path = DHJournalDataController.swift; sourceTree = "<group>"; };
		C01981B31DB74C81009AE757 /* DHNoNetworkView.swift */ = {isa = PBXFileReference; fileEncoding = 4; lastKnownFileType = sourcecode.swift; path = DHNoNetworkView.swift; sourceTree = "<group>"; };
		C01981B51DB7518E009AE757 /* DHHintManager.swift */ = {isa = PBXFileReference; fileEncoding = 4; lastKnownFileType = sourcecode.swift; path = DHHintManager.swift; sourceTree = "<group>"; };
		C01981B81DB76282009AE757 /* String+Category.swift */ = {isa = PBXFileReference; fileEncoding = 4; lastKnownFileType = sourcecode.swift; path = "String+Category.swift"; sourceTree = "<group>"; };
		C01981B91DB76282009AE757 /* UISegmentedMenu.swift */ = {isa = PBXFileReference; fileEncoding = 4; lastKnownFileType = sourcecode.swift; path = UISegmentedMenu.swift; sourceTree = "<group>"; };
		C01981BC1DB7628F009AE757 /* AaGothic.ttf */ = {isa = PBXFileReference; lastKnownFileType = file; path = AaGothic.ttf; sourceTree = "<group>"; };
		C01981BD1DB7628F009AE757 /* AppDelegate.swift */ = {isa = PBXFileReference; fileEncoding = 4; lastKnownFileType = sourcecode.swift; path = AppDelegate.swift; sourceTree = "<group>"; };
		C01981BE1DB7628F009AE757 /* divider_line_image.png */ = {isa = PBXFileReference; lastKnownFileType = image.png; path = divider_line_image.png; sourceTree = "<group>"; };
		C01981C41DB762B8009AE757 /* Info.plist */ = {isa = PBXFileReference; fileEncoding = 4; lastKnownFileType = text.plist.xml; path = Info.plist; sourceTree = "<group>"; };
		C01981C91DB76C3F009AE757 /* DHBaseViewController.swift */ = {isa = PBXFileReference; fileEncoding = 4; lastKnownFileType = sourcecode.swift; path = DHBaseViewController.swift; sourceTree = "<group>"; };
		C01E405B1D9E3BBE006C6CD3 /* DHTutorialTableViewCell.swift */ = {isa = PBXFileReference; fileEncoding = 4; lastKnownFileType = sourcecode.swift; path = DHTutorialTableViewCell.swift; sourceTree = "<group>"; };
		C01E405C1D9E3BBE006C6CD3 /* DHTutorialTableViewCell.xib */ = {isa = PBXFileReference; fileEncoding = 4; lastKnownFileType = file.xib; path = DHTutorialTableViewCell.xib; sourceTree = "<group>"; };
		C01E405F1D9E3C42006C6CD3 /* DHTutorialCellViewModel.swift */ = {isa = PBXFileReference; fileEncoding = 4; lastKnownFileType = sourcecode.swift; path = DHTutorialCellViewModel.swift; sourceTree = "<group>"; };
		C01E40611D9E3C9B006C6CD3 /* DHTutorialModel.swift */ = {isa = PBXFileReference; fileEncoding = 4; lastKnownFileType = sourcecode.swift; path = DHTutorialModel.swift; sourceTree = "<group>"; };
		C0287D331D994D2C009D878E /* DHJournalTableViewCell.swift */ = {isa = PBXFileReference; fileEncoding = 4; lastKnownFileType = sourcecode.swift; path = DHJournalTableViewCell.swift; sourceTree = "<group>"; };
		C0287D341D994D2C009D878E /* DHJournalTableViewCell.xib */ = {isa = PBXFileReference; fileEncoding = 4; lastKnownFileType = file.xib; path = DHJournalTableViewCell.xib; sourceTree = "<group>"; };
		C0287D391D994D66009D878E /* DHJournalViewModel.swift */ = {isa = PBXFileReference; fileEncoding = 4; lastKnownFileType = sourcecode.swift; path = DHJournalViewModel.swift; sourceTree = "<group>"; };
		C0287D3D1D99578F009D878E /* DHJournalDetailDataController.swift */ = {isa = PBXFileReference; fileEncoding = 4; lastKnownFileType = sourcecode.swift; path = DHJournalDetailDataController.swift; sourceTree = "<group>"; };
		C0287D3F1D9957D9009D878E /* DHJournalDetailViewController.swift */ = {isa = PBXFileReference; fileEncoding = 4; lastKnownFileType = sourcecode.swift; path = DHJournalDetailViewController.swift; sourceTree = "<group>"; };
		C0287D431D9958D6009D878E /* DHJournalDetailView.swift */ = {isa = PBXFileReference; fileEncoding = 4; lastKnownFileType = sourcecode.swift; path = DHJournalDetailView.swift; sourceTree = "<group>"; };
		C0287D451D995AFE009D878E /* DHJournalDetailViewModel.swift */ = {isa = PBXFileReference; fileEncoding = 4; lastKnownFileType = sourcecode.swift; path = DHJournalDetailViewModel.swift; sourceTree = "<group>"; };
		C05179A01DB10D8800C5ECAC /* DHBaseDetailViewController.swift */ = {isa = PBXFileReference; fileEncoding = 4; lastKnownFileType = sourcecode.swift; path = DHBaseDetailViewController.swift; sourceTree = "<group>"; };
		C05179A21DB111BA00C5ECAC /* DHToastMessage.swift */ = {isa = PBXFileReference; fileEncoding = 4; lastKnownFileType = sourcecode.swift; path = DHToastMessage.swift; sourceTree = "<group>"; };
		C051BE331DB022E600A2479C /* DHVideoPlayView.swift */ = {isa = PBXFileReference; fileEncoding = 4; lastKnownFileType = sourcecode.swift; path = DHVideoPlayView.swift; sourceTree = "<group>"; };
		C051BE351DB0232000A2479C /* DHVideoPlayViewModel.swift */ = {isa = PBXFileReference; fileEncoding = 4; lastKnownFileType = sourcecode.swift; path = DHVideoPlayViewModel.swift; sourceTree = "<group>"; };
		C05468451DAEB43E00A4AC13 /* sdk.bundle */ = {isa = PBXFileReference; lastKnownFileType = "wrapper.plug-in"; path = sdk.bundle; sourceTree = "<group>"; };
		C05468461DAEB43E00A4AC13 /* YTEngine.bundle */ = {isa = PBXFileReference; lastKnownFileType = "wrapper.plug-in"; path = YTEngine.bundle; sourceTree = "<group>"; };
		C06E66411D917640007B1210 /* DHHeaderView.swift */ = {isa = PBXFileReference; fileEncoding = 4; lastKnownFileType = sourcecode.swift; path = DHHeaderView.swift; sourceTree = "<group>"; };
		C06E66431D917781007B1210 /* DHNewsBannerViewModel.swift */ = {isa = PBXFileReference; fileEncoding = 4; lastKnownFileType = sourcecode.swift; path = DHNewsBannerViewModel.swift; sourceTree = "<group>"; };
		C088DA4C1D9564D400F1329D /* DHBanner.swift */ = {isa = PBXFileReference; fileEncoding = 4; lastKnownFileType = sourcecode.swift; path = DHBanner.swift; sourceTree = "<group>"; };
		C088DA4E1D95652700F1329D /* DHBannerViewModel.swift */ = {isa = PBXFileReference; fileEncoding = 4; lastKnownFileType = sourcecode.swift; path = DHBannerViewModel.swift; sourceTree = "<group>"; };
		C08FD5611DB89A36007D615A /* DHSDKViewController.swift */ = {isa = PBXFileReference; fileEncoding = 4; lastKnownFileType = sourcecode.swift; path = DHSDKViewController.swift; sourceTree = "<group>"; };
		C08FD5631DB8A374007D615A /* DHSDKTableViewCell.swift */ = {isa = PBXFileReference; fileEncoding = 4; lastKnownFileType = sourcecode.swift; path = DHSDKTableViewCell.swift; sourceTree = "<group>"; };
		C08FD5641DB8A374007D615A /* DHSDKTableViewCell.xib */ = {isa = PBXFileReference; fileEncoding = 4; lastKnownFileType = file.xib; path = DHSDKTableViewCell.xib; sourceTree = "<group>"; };
		C09648BA1DAEB92900D75D21 /* libz.1.tbd */ = {isa = PBXFileReference; lastKnownFileType = "sourcecode.text-based-dylib-definition"; name = libz.1.tbd; path = usr/lib/libz.1.tbd; sourceTree = SDKROOT; };
		C09648BC1DAEB93300D75D21 /* libxml2.2.tbd */ = {isa = PBXFileReference; lastKnownFileType = "sourcecode.text-based-dylib-definition"; name = libxml2.2.tbd; path = usr/lib/libxml2.2.tbd; sourceTree = SDKROOT; };
		C09648BE1DAEB94600D75D21 /* libiconv.2.tbd */ = {isa = PBXFileReference; lastKnownFileType = "sourcecode.text-based-dylib-definition"; name = libiconv.2.tbd; path = usr/lib/libiconv.2.tbd; sourceTree = SDKROOT; };
		C09648C01DAEB94B00D75D21 /* VideoToolbox.framework */ = {isa = PBXFileReference; lastKnownFileType = wrapper.framework; name = VideoToolbox.framework; path = System/Library/Frameworks/VideoToolbox.framework; sourceTree = SDKROOT; };
		C09648C21DAEB95B00D75D21 /* libresolv.9.tbd */ = {isa = PBXFileReference; lastKnownFileType = "sourcecode.text-based-dylib-definition"; name = libresolv.9.tbd; path = usr/lib/libresolv.9.tbd; sourceTree = SDKROOT; };
		C09648C41DAEB9E600D75D21 /* libbz2.tbd */ = {isa = PBXFileReference; lastKnownFileType = "sourcecode.text-based-dylib-definition"; name = libbz2.tbd; path = usr/lib/libbz2.tbd; sourceTree = SDKROOT; };
		C09648C61DAEECD900D75D21 /* ModelIO.framework */ = {isa = PBXFileReference; lastKnownFileType = wrapper.framework; name = ModelIO.framework; path = System/Library/Frameworks/ModelIO.framework; sourceTree = SDKROOT; };
		C09648C81DAEECDF00D75D21 /* libsqlite3.tbd */ = {isa = PBXFileReference; lastKnownFileType = "sourcecode.text-based-dylib-definition"; name = libsqlite3.tbd; path = usr/lib/libsqlite3.tbd; sourceTree = SDKROOT; };
		C09648CA1DAEECE400D75D21 /* CoreMotion.framework */ = {isa = PBXFileReference; lastKnownFileType = wrapper.framework; name = CoreMotion.framework; path = System/Library/Frameworks/CoreMotion.framework; sourceTree = SDKROOT; };
		C09648CC1DAEECE900D75D21 /* libc++.1.tbd */ = {isa = PBXFileReference; lastKnownFileType = "sourcecode.text-based-dylib-definition"; name = "libc++.1.tbd"; path = "usr/lib/libc++.1.tbd"; sourceTree = SDKROOT; };
		C09648CE1DAEECF600D75D21 /* MobileCoreServices.framework */ = {isa = PBXFileReference; lastKnownFileType = wrapper.framework; name = MobileCoreServices.framework; path = System/Library/Frameworks/MobileCoreServices.framework; sourceTree = SDKROOT; };
		C09648D01DAEECFB00D75D21 /* Social.framework */ = {isa = PBXFileReference; lastKnownFileType = wrapper.framework; name = Social.framework; path = System/Library/Frameworks/Social.framework; sourceTree = SDKROOT; };
		C09648D21DAEED0000D75D21 /* libbz2.1.0.tbd */ = {isa = PBXFileReference; lastKnownFileType = "sourcecode.text-based-dylib-definition"; name = libbz2.1.0.tbd; path = usr/lib/libbz2.1.0.tbd; sourceTree = SDKROOT; };
		C09648D41DAEED0600D75D21 /* PassKit.framework */ = {isa = PBXFileReference; lastKnownFileType = wrapper.framework; name = PassKit.framework; path = System/Library/Frameworks/PassKit.framework; sourceTree = SDKROOT; };
		C09648D61DAEED1200D75D21 /* MessageUI.framework */ = {isa = PBXFileReference; lastKnownFileType = wrapper.framework; name = MessageUI.framework; path = System/Library/Frameworks/MessageUI.framework; sourceTree = SDKROOT; };
		C09648D81DAEED3100D75D21 /* EventKit.framework */ = {isa = PBXFileReference; lastKnownFileType = wrapper.framework; name = EventKit.framework; path = System/Library/Frameworks/EventKit.framework; sourceTree = SDKROOT; };
		C09648DA1DAEED3700D75D21 /* MediaPlayer.framework */ = {isa = PBXFileReference; lastKnownFileType = wrapper.framework; name = MediaPlayer.framework; path = System/Library/Frameworks/MediaPlayer.framework; sourceTree = SDKROOT; };
		C09648DC1DAEED3C00D75D21 /* SystemConfiguration.framework */ = {isa = PBXFileReference; lastKnownFileType = wrapper.framework; name = SystemConfiguration.framework; path = System/Library/Frameworks/SystemConfiguration.framework; sourceTree = SDKROOT; };
		C09648DE1DAEED4100D75D21 /* AdSupport.framework */ = {isa = PBXFileReference; lastKnownFileType = wrapper.framework; name = AdSupport.framework; path = System/Library/Frameworks/AdSupport.framework; sourceTree = SDKROOT; };
		C09648E01DAEED4500D75D21 /* CoreText.framework */ = {isa = PBXFileReference; lastKnownFileType = wrapper.framework; name = CoreText.framework; path = System/Library/Frameworks/CoreText.framework; sourceTree = SDKROOT; };
		C09648E21DAEED4C00D75D21 /* OpenGLES.framework */ = {isa = PBXFileReference; lastKnownFileType = wrapper.framework; name = OpenGLES.framework; path = System/Library/Frameworks/OpenGLES.framework; sourceTree = SDKROOT; };
		C09648E41DAEED5200D75D21 /* QuartzCore.framework */ = {isa = PBXFileReference; lastKnownFileType = wrapper.framework; name = QuartzCore.framework; path = System/Library/Frameworks/QuartzCore.framework; sourceTree = SDKROOT; };
		C09648E61DAEED5900D75D21 /* CoreMedia.framework */ = {isa = PBXFileReference; lastKnownFileType = wrapper.framework; name = CoreMedia.framework; path = System/Library/Frameworks/CoreMedia.framework; sourceTree = SDKROOT; };
		C09648E81DAEED5E00D75D21 /* AudioToolbox.framework */ = {isa = PBXFileReference; lastKnownFileType = wrapper.framework; name = AudioToolbox.framework; path = System/Library/Frameworks/AudioToolbox.framework; sourceTree = SDKROOT; };
		C09648EA1DAEED8A00D75D21 /* CoreGraphics.framework */ = {isa = PBXFileReference; lastKnownFileType = wrapper.framework; name = CoreGraphics.framework; path = System/Library/Frameworks/CoreGraphics.framework; sourceTree = SDKROOT; };
		C09648EC1DAEED8E00D75D21 /* UIKit.framework */ = {isa = PBXFileReference; lastKnownFileType = wrapper.framework; name = UIKit.framework; path = System/Library/Frameworks/UIKit.framework; sourceTree = SDKROOT; };
		C09648EE1DAEED9300D75D21 /* Foundation.framework */ = {isa = PBXFileReference; lastKnownFileType = wrapper.framework; name = Foundation.framework; path = System/Library/Frameworks/Foundation.framework; sourceTree = SDKROOT; };
		C09AF37F1DB505ED00604D89 /* Dota2Helper.entitlements */ = {isa = PBXFileReference; lastKnownFileType = text.plist.entitlements; path = Dota2Helper.entitlements; sourceTree = "<group>"; };
		C0A1AC3F1D616188005B92A5 /* Constrants.swift */ = {isa = PBXFileReference; fileEncoding = 4; lastKnownFileType = sourcecode.swift; path = Constrants.swift; sourceTree = "<group>"; };
		C0A6906D1DB3B5C500DC0FA0 /* DHTutorialDetailDataController.swift */ = {isa = PBXFileReference; fileEncoding = 4; lastKnownFileType = sourcecode.swift; path = DHTutorialDetailDataController.swift; sourceTree = "<group>"; };
		C0A690721DB3B96600DC0FA0 /* DHBaseDetailView.swift */ = {isa = PBXFileReference; fileEncoding = 4; lastKnownFileType = sourcecode.swift; path = DHBaseDetailView.swift; sourceTree = "<group>"; };
		C0A690741DB3C0FD00DC0FA0 /* DHTutorialDetailViewController.swift */ = {isa = PBXFileReference; fileEncoding = 4; lastKnownFileType = sourcecode.swift; path = DHTutorialDetailViewController.swift; sourceTree = "<group>"; };
		C0A690761DB3C21600DC0FA0 /* DHTutorialDetailView.swift */ = {isa = PBXFileReference; fileEncoding = 4; lastKnownFileType = sourcecode.swift; path = DHTutorialDetailView.swift; sourceTree = "<group>"; };
		C0A690781DB3C24600DC0FA0 /* DHTutorialDetailViewModel.swift */ = {isa = PBXFileReference; fileEncoding = 4; lastKnownFileType = sourcecode.swift; path = DHTutorialDetailViewModel.swift; sourceTree = "<group>"; };
		C0B4E1FB1DBDA57A00295FFF /* DHVideoDetailViewController.h */ = {isa = PBXFileReference; fileEncoding = 4; lastKnownFileType = sourcecode.c.h; path = DHVideoDetailViewController.h; sourceTree = "<group>"; };
		C0B4E1FC1DBDA57A00295FFF /* DHVideoDetailViewController.m */ = {isa = PBXFileReference; fileEncoding = 4; lastKnownFileType = sourcecode.c.objc; path = DHVideoDetailViewController.m; sourceTree = "<group>"; };
		C0B4E1FE1DBDA68300295FFF /* libYouTuMediaPlayerEngineYouku.a */ = {isa = PBXFileReference; lastKnownFileType = archive.ar; path = libYouTuMediaPlayerEngineYouku.a; sourceTree = "<group>"; };
		C0B4E2031DBE078200295FFF /* DHVideoDetailTableViewCell.h */ = {isa = PBXFileReference; fileEncoding = 4; lastKnownFileType = sourcecode.c.h; path = DHVideoDetailTableViewCell.h; sourceTree = "<group>"; };
		C0B4E2041DBE078200295FFF /* DHVideoDetailTableViewCell.m */ = {isa = PBXFileReference; fileEncoding = 4; lastKnownFileType = sourcecode.c.objc; path = DHVideoDetailTableViewCell.m; sourceTree = "<group>"; };
		C0B4E2081DBE07C300295FFF /* DHVideoDetailTableViewCell.xib */ = {isa = PBXFileReference; fileEncoding = 4; lastKnownFileType = file.xib; path = DHVideoDetailTableViewCell.xib; sourceTree = "<group>"; };
		C0B4E20A1DBE24AB00295FFF /* DHRelatedVideoModel.h */ = {isa = PBXFileReference; fileEncoding = 4; lastKnownFileType = sourcecode.c.h; path = DHRelatedVideoModel.h; sourceTree = "<group>"; };
		C0B4E20B1DBE24AB00295FFF /* DHRelatedVideoModel.m */ = {isa = PBXFileReference; fileEncoding = 4; lastKnownFileType = sourcecode.c.objc; path = DHRelatedVideoModel.m; sourceTree = "<group>"; };
		C0B4E20D1DBE298D00295FFF /* DHVideoDetailDataController.h */ = {isa = PBXFileReference; fileEncoding = 4; lastKnownFileType = sourcecode.c.h; path = DHVideoDetailDataController.h; sourceTree = "<group>"; };
		C0B4E20E1DBE298D00295FFF /* DHVideoDetailDataController.m */ = {isa = PBXFileReference; fileEncoding = 4; lastKnownFileType = sourcecode.c.objc; path = DHVideoDetailDataController.m; sourceTree = "<group>"; };
		C0B4E2101DBE2EAA00295FFF /* DHRelatedVideoViewModel.h */ = {isa = PBXFileReference; fileEncoding = 4; lastKnownFileType = sourcecode.c.h; path = DHRelatedVideoViewModel.h; sourceTree = "<group>"; };
		C0B4E2111DBE2EAA00295FFF /* DHRelatedVideoViewModel.m */ = {isa = PBXFileReference; fileEncoding = 4; lastKnownFileType = sourcecode.c.objc; path = DHRelatedVideoViewModel.m; sourceTree = "<group>"; };
		C0B7A4C01D8ECC4E008D10A0 /* DHNewsModel.swift */ = {isa = PBXFileReference; fileEncoding = 4; lastKnownFileType = sourcecode.swift; path = DHNewsModel.swift; sourceTree = "<group>"; };
		C0D3E0761DA449AE009AFDB0 /* DHVideoDataController.swift */ = {isa = PBXFileReference; fileEncoding = 4; lastKnownFileType = sourcecode.swift; path = DHVideoDataController.swift; sourceTree = "<group>"; };
		C0D3E0781DA44A06009AFDB0 /* DHVideoCellViewModel.swift */ = {isa = PBXFileReference; fileEncoding = 4; lastKnownFileType = sourcecode.swift; path = DHVideoCellViewModel.swift; sourceTree = "<group>"; };
		C0D3E07A1DA44A13009AFDB0 /* DHVideoModel.swift */ = {isa = PBXFileReference; fileEncoding = 4; lastKnownFileType = sourcecode.swift; path = DHVideoModel.swift; sourceTree = "<group>"; };
		C0D3E07C1DA44A2D009AFDB0 /* DHVideoTableViewCell.swift */ = {isa = PBXFileReference; fileEncoding = 4; lastKnownFileType = sourcecode.swift; path = DHVideoTableViewCell.swift; sourceTree = "<group>"; };
		C0D3E07D1DA44A2D009AFDB0 /* DHVideoTableViewCell.xib */ = {isa = PBXFileReference; fileEncoding = 4; lastKnownFileType = file.xib; path = DHVideoTableViewCell.xib; sourceTree = "<group>"; };
		C0D4CFDA1D5DBEF1008F824A /* Dota2Helper.app */ = {isa = PBXFileReference; explicitFileType = wrapper.application; includeInIndex = 0; path = Dota2Helper.app; sourceTree = BUILT_PRODUCTS_DIR; };
		C0D4CFDF1D5DBEF1008F824A /* Assets.xcassets */ = {isa = PBXFileReference; lastKnownFileType = folder.assetcatalog; path = Assets.xcassets; sourceTree = "<group>"; };
		C0D4CFE21D5DBEF1008F824A /* Base */ = {isa = PBXFileReference; lastKnownFileType = file.storyboard; name = Base; path = Base.lproj/LaunchScreen.storyboard; sourceTree = "<group>"; };
		C0D4D0091D5DC2E6008F824A /* DHJournalViewController.swift */ = {isa = PBXFileReference; fileEncoding = 4; lastKnownFileType = sourcecode.swift; path = DHJournalViewController.swift; sourceTree = "<group>"; };
		C0D4D00B1D5DC2F1008F824A /* DHNewsViewController.swift */ = {isa = PBXFileReference; fileEncoding = 4; lastKnownFileType = sourcecode.swift; path = DHNewsViewController.swift; sourceTree = "<group>"; };
		C0D4D00D1D5DC2FD008F824A /* DHSettingsViewController.swift */ = {isa = PBXFileReference; fileEncoding = 4; lastKnownFileType = sourcecode.swift; path = DHSettingsViewController.swift; sourceTree = "<group>"; };
		C0D4D00F1D5DC30D008F824A /* DHTutorialViewController.swift */ = {isa = PBXFileReference; fileEncoding = 4; lastKnownFileType = sourcecode.swift; path = DHTutorialViewController.swift; sourceTree = "<group>"; };
		C0D4D0111D5DC319008F824A /* DHVideoViewController.swift */ = {isa = PBXFileReference; fileEncoding = 4; lastKnownFileType = sourcecode.swift; path = DHVideoViewController.swift; sourceTree = "<group>"; };
		C0E38C501DADB6DA00E1D27A /* Youku-Bridge-Header.h */ = {isa = PBXFileReference; lastKnownFileType = sourcecode.c.h; path = "Youku-Bridge-Header.h"; sourceTree = "<group>"; };
		C0E38C531DADB73500E1D27A /* YoukuMediaPlayer.h */ = {isa = PBXFileReference; fileEncoding = 4; lastKnownFileType = sourcecode.c.h; path = YoukuMediaPlayer.h; sourceTree = "<group>"; };
		C0E38C541DADB73500E1D27A /* YTDownloadDefine.h */ = {isa = PBXFileReference; fileEncoding = 4; lastKnownFileType = sourcecode.c.h; path = YTDownloadDefine.h; sourceTree = "<group>"; };
		C0E38C551DADB73500E1D27A /* YTDownloadManager.h */ = {isa = PBXFileReference; fileEncoding = 4; lastKnownFileType = sourcecode.c.h; path = YTDownloadManager.h; sourceTree = "<group>"; };
		C0E38C561DADB73500E1D27A /* YTDownloadTaskModel.h */ = {isa = PBXFileReference; fileEncoding = 4; lastKnownFileType = sourcecode.c.h; path = YTDownloadTaskModel.h; sourceTree = "<group>"; };
		C0E38C571DADB73500E1D27A /* YTEngineOpenViewManager.h */ = {isa = PBXFileReference; fileEncoding = 4; lastKnownFileType = sourcecode.c.h; path = YTEngineOpenViewManager.h; sourceTree = "<group>"; };
		C0E38C581DADB73500E1D27A /* YTLocalMedia.h */ = {isa = PBXFileReference; fileEncoding = 4; lastKnownFileType = sourcecode.c.h; path = YTLocalMedia.h; sourceTree = "<group>"; };
		C0E38C591DADB73500E1D27A /* YTSequence.h */ = {isa = PBXFileReference; fileEncoding = 4; lastKnownFileType = sourcecode.c.h; path = YTSequence.h; sourceTree = "<group>"; };
		C0E38C5A1DADB73500E1D27A /* YYMediaPlayer.h */ = {isa = PBXFileReference; fileEncoding = 4; lastKnownFileType = sourcecode.c.h; path = YYMediaPlayer.h; sourceTree = "<group>"; };
		C0E38C5B1DADB73500E1D27A /* YYMediaPlayerBackgroundModeManager.h */ = {isa = PBXFileReference; fileEncoding = 4; lastKnownFileType = sourcecode.c.h; path = YYMediaPlayerBackgroundModeManager.h; sourceTree = "<group>"; };
		C0E38C5C1DADB73500E1D27A /* YYMediaPlayerDefines.h */ = {isa = PBXFileReference; fileEncoding = 4; lastKnownFileType = sourcecode.c.h; path = YYMediaPlayerDefines.h; sourceTree = "<group>"; };
		C0E38C5D1DADB73500E1D27A /* YYMediaPlayerEncrypt.h */ = {isa = PBXFileReference; fileEncoding = 4; lastKnownFileType = sourcecode.c.h; path = YYMediaPlayerEncrypt.h; sourceTree = "<group>"; };
		C0E38C5E1DADB73500E1D27A /* YYMediaPlayerEvents.h */ = {isa = PBXFileReference; fileEncoding = 4; lastKnownFileType = sourcecode.c.h; path = YYMediaPlayerEvents.h; sourceTree = "<group>"; };
		C0E38C5F1DADB73500E1D27A /* YYMediaPlayerException.h */ = {isa = PBXFileReference; fileEncoding = 4; lastKnownFileType = sourcecode.c.h; path = YYMediaPlayerException.h; sourceTree = "<group>"; };
		C0E38C601DADB73500E1D27A /* YYMediaPlayerHistory.h */ = {isa = PBXFileReference; fileEncoding = 4; lastKnownFileType = sourcecode.c.h; path = YYMediaPlayerHistory.h; sourceTree = "<group>"; };
		C0E38C611DADB73500E1D27A /* YYMediaPlayerItem.h */ = {isa = PBXFileReference; fileEncoding = 4; lastKnownFileType = sourcecode.c.h; path = YYMediaPlayerItem.h; sourceTree = "<group>"; };
		C0E6BF901D94342900872006 /* DHNewsDetailView.swift */ = {isa = PBXFileReference; fileEncoding = 4; lastKnownFileType = sourcecode.swift; path = DHNewsDetailView.swift; sourceTree = "<group>"; };
		C0E6BF921D9434D400872006 /* DHNewsDetailViewModel.swift */ = {isa = PBXFileReference; fileEncoding = 4; lastKnownFileType = sourcecode.swift; path = DHNewsDetailViewModel.swift; sourceTree = "<group>"; };
		C0EB19EC1D94138D0053970A /* DHNewsDetailViewController.swift */ = {isa = PBXFileReference; fileEncoding = 4; lastKnownFileType = sourcecode.swift; path = DHNewsDetailViewController.swift; sourceTree = "<group>"; };
		C0EB19EE1D94165D0053970A /* DHNewsDetailDataController.swift */ = {isa = PBXFileReference; fileEncoding = 4; lastKnownFileType = sourcecode.swift; path = DHNewsDetailDataController.swift; sourceTree = "<group>"; };
		C0EC174A1D9010930002AAF4 /* DHNetworkRequestManager.swift */ = {isa = PBXFileReference; fileEncoding = 4; lastKnownFileType = sourcecode.swift; path = DHNetworkRequestManager.swift; sourceTree = "<group>"; };
		C0EC174C1D901D4D0002AAF4 /* DHNewsDataController.swift */ = {isa = PBXFileReference; fileEncoding = 4; lastKnownFileType = sourcecode.swift; path = DHNewsDataController.swift; sourceTree = "<group>"; };
		C0EC174E1D9025720002AAF4 /* DHNewsCellViewModel.swift */ = {isa = PBXFileReference; fileEncoding = 4; lastKnownFileType = sourcecode.swift; path = DHNewsCellViewModel.swift; sourceTree = "<group>"; };
		C0EC17501D9026C80002AAF4 /* DHNewsTableViewCell.swift */ = {isa = PBXFileReference; fileEncoding = 4; lastKnownFileType = sourcecode.swift; path = DHNewsTableViewCell.swift; sourceTree = "<group>"; };
		C0EC17511D9026C80002AAF4 /* DHNewsTableViewCell.xib */ = {isa = PBXFileReference; fileEncoding = 4; lastKnownFileType = file.xib; path = DHNewsTableViewCell.xib; sourceTree = "<group>"; };
		C0EC967D1D8FCA8100E1557E /* Fabric.framework */ = {isa = PBXFileReference; lastKnownFileType = wrapper.framework; path = Fabric.framework; sourceTree = "<group>"; };
		C0EC967E1D8FCA8100E1557E /* Crashlytics.framework */ = {isa = PBXFileReference; lastKnownFileType = wrapper.framework; path = Crashlytics.framework; sourceTree = "<group>"; };
		C0EF8C111DA0E84A00E7C27E /* SimplerSegmentMenu.framework */ = {isa = PBXFileReference; lastKnownFileType = wrapper.framework; name = SimplerSegmentMenu.framework; path = "../../../../Library/Developer/Xcode/DerivedData/SimplerSegmentMenu-dwukdjcieaqhlmgjnknwnbzewekh/Build/Products/Debug-iphonesimulator/SimplerSegmentMenu.framework"; sourceTree = "<group>"; };
		C0EF8C131DA0E8AB00E7C27E /* SimplerSegmentMenu.framework */ = {isa = PBXFileReference; lastKnownFileType = wrapper.framework; name = SimplerSegmentMenu.framework; path = ../../SubModules/framework/SimplerSegmentMenu.framework; sourceTree = "<group>"; };
		C0EF8C1B1DA0EBC400E7C27E /* AddressBook.framework */ = {isa = PBXFileReference; lastKnownFileType = wrapper.framework; name = AddressBook.framework; path = System/Library/Frameworks/AddressBook.framework; sourceTree = SDKROOT; };
		C0EFB0EA1DB613C7009001C1 /* DHBaseViewModel.swift */ = {isa = PBXFileReference; fileEncoding = 4; lastKnownFileType = sourcecode.swift; path = DHBaseViewModel.swift; sourceTree = "<group>"; };
		C0EFB0EC1DB61E5C009001C1 /* DHBaseDetailDataController.swift */ = {isa = PBXFileReference; fileEncoding = 4; lastKnownFileType = sourcecode.swift; path = DHBaseDetailDataController.swift; sourceTree = "<group>"; };
		C0F630781D9D5B7800AF039F /* DHTutorialView.swift */ = {isa = PBXFileReference; fileEncoding = 4; lastKnownFileType = sourcecode.swift; path = DHTutorialView.swift; sourceTree = "<group>"; };
		C0F6307A1D9D5B8F00AF039F /* DHTutorialViewModel.swift */ = {isa = PBXFileReference; fileEncoding = 4; lastKnownFileType = sourcecode.swift; path = DHTutorialViewModel.swift; sourceTree = "<group>"; };
		C0F6307C1D9D5CB700AF039F /* DHTutorialDataController.swift */ = {isa = PBXFileReference; fileEncoding = 4; lastKnownFileType = sourcecode.swift; path = DHTutorialDataController.swift; sourceTree = "<group>"; };
		E75E4B5B1DA8D7AC00612599 /* DHLoadingView.swift */ = {isa = PBXFileReference; fileEncoding = 4; lastKnownFileType = sourcecode.swift; path = DHLoadingView.swift; sourceTree = "<group>"; };
/* End PBXFileReference section */

/* Begin PBXFrameworksBuildPhase section */
		C0D4CFD71D5DBEF1008F824A /* Frameworks */ = {
			isa = PBXFrameworksBuildPhase;
			buildActionMask = 2147483647;
			files = (
				C09648EF1DAEED9300D75D21 /* Foundation.framework in Frameworks */,
				C09648ED1DAEED8E00D75D21 /* UIKit.framework in Frameworks */,
				C09648EB1DAEED8A00D75D21 /* CoreGraphics.framework in Frameworks */,
				C09648E91DAEED5E00D75D21 /* AudioToolbox.framework in Frameworks */,
				C09648E71DAEED5900D75D21 /* CoreMedia.framework in Frameworks */,
				C09648E51DAEED5200D75D21 /* QuartzCore.framework in Frameworks */,
				C09648E31DAEED4C00D75D21 /* OpenGLES.framework in Frameworks */,
				C09648E11DAEED4600D75D21 /* CoreText.framework in Frameworks */,
				C0B4E1FF1DBDA68300295FFF /* libYouTuMediaPlayerEngineYouku.a in Frameworks */,
				C09648DF1DAEED4100D75D21 /* AdSupport.framework in Frameworks */,
				C09648DD1DAEED3C00D75D21 /* SystemConfiguration.framework in Frameworks */,
				C09648DB1DAEED3700D75D21 /* MediaPlayer.framework in Frameworks */,
				C09648D91DAEED3100D75D21 /* EventKit.framework in Frameworks */,
				C09648D71DAEED1200D75D21 /* MessageUI.framework in Frameworks */,
				C09648BD1DAEB93300D75D21 /* libxml2.2.tbd in Frameworks */,
				C09648D51DAEED0600D75D21 /* PassKit.framework in Frameworks */,
				C09648D31DAEED0000D75D21 /* libbz2.1.0.tbd in Frameworks */,
				C09648D11DAEECFB00D75D21 /* Social.framework in Frameworks */,
				C09648CF1DAEECF600D75D21 /* MobileCoreServices.framework in Frameworks */,
				C09648C11DAEB94B00D75D21 /* VideoToolbox.framework in Frameworks */,
				C09648CD1DAEECE900D75D21 /* libc++.1.tbd in Frameworks */,
				C09648CB1DAEECE400D75D21 /* CoreMotion.framework in Frameworks */,
				C09648C91DAEECDF00D75D21 /* libsqlite3.tbd in Frameworks */,
				C09648C71DAEECD900D75D21 /* ModelIO.framework in Frameworks */,
				C09648C51DAEB9E600D75D21 /* libbz2.tbd in Frameworks */,
				C09648C31DAEB95B00D75D21 /* libresolv.9.tbd in Frameworks */,
				C09648BF1DAEB94600D75D21 /* libiconv.2.tbd in Frameworks */,
				C09648BB1DAEB92900D75D21 /* libz.1.tbd in Frameworks */,
				C0EC96801D8FCA8100E1557E /* Crashlytics.framework in Frameworks */,
				C0EC967F1D8FCA8100E1557E /* Fabric.framework in Frameworks */,
				5E921422300F58B90D59EC8E /* Pods_Dota2Helper.framework in Frameworks */,
			);
			runOnlyForDeploymentPostprocessing = 0;
		};
/* End PBXFrameworksBuildPhase section */

/* Begin PBXGroup section */
		9A4136B0649CF3C062810112 /* Frameworks */ = {
			isa = PBXGroup;
			children = (
				C09648EE1DAEED9300D75D21 /* Foundation.framework */,
				C09648EC1DAEED8E00D75D21 /* UIKit.framework */,
				C09648EA1DAEED8A00D75D21 /* CoreGraphics.framework */,
				C09648E81DAEED5E00D75D21 /* AudioToolbox.framework */,
				C09648E61DAEED5900D75D21 /* CoreMedia.framework */,
				C09648E41DAEED5200D75D21 /* QuartzCore.framework */,
				C09648E21DAEED4C00D75D21 /* OpenGLES.framework */,
				C09648E01DAEED4500D75D21 /* CoreText.framework */,
				C09648DE1DAEED4100D75D21 /* AdSupport.framework */,
				C09648DC1DAEED3C00D75D21 /* SystemConfiguration.framework */,
				C09648DA1DAEED3700D75D21 /* MediaPlayer.framework */,
				C09648D81DAEED3100D75D21 /* EventKit.framework */,
				C09648D61DAEED1200D75D21 /* MessageUI.framework */,
				C09648D41DAEED0600D75D21 /* PassKit.framework */,
				C09648D21DAEED0000D75D21 /* libbz2.1.0.tbd */,
				C09648D01DAEECFB00D75D21 /* Social.framework */,
				C09648CE1DAEECF600D75D21 /* MobileCoreServices.framework */,
				C09648CC1DAEECE900D75D21 /* libc++.1.tbd */,
				C09648CA1DAEECE400D75D21 /* CoreMotion.framework */,
				C09648C81DAEECDF00D75D21 /* libsqlite3.tbd */,
				C09648C61DAEECD900D75D21 /* ModelIO.framework */,
				C09648C41DAEB9E600D75D21 /* libbz2.tbd */,
				C09648C21DAEB95B00D75D21 /* libresolv.9.tbd */,
				C09648C01DAEB94B00D75D21 /* VideoToolbox.framework */,
				C09648BE1DAEB94600D75D21 /* libiconv.2.tbd */,
				C09648BC1DAEB93300D75D21 /* libxml2.2.tbd */,
				C09648BA1DAEB92900D75D21 /* libz.1.tbd */,
				C0EF8C1B1DA0EBC400E7C27E /* AddressBook.framework */,
				C0EF8C131DA0E8AB00E7C27E /* SimplerSegmentMenu.framework */,
				C0EF8C111DA0E84A00E7C27E /* SimplerSegmentMenu.framework */,
				558B5B80FEC5A194BAC83F8D /* Pods_Dota2Helper.framework */,
			);
			name = Frameworks;
			sourceTree = "<group>";
		};
		C01981B71DB76218009AE757 /* Others */ = {
			isa = PBXGroup;
			children = (
				C01981BC1DB7628F009AE757 /* AaGothic.ttf */,
				C01981BD1DB7628F009AE757 /* AppDelegate.swift */,
				C01981BE1DB7628F009AE757 /* divider_line_image.png */,
			);
			path = Others;
			sourceTree = "<group>";
		};
		C051799E1DB10D7600C5ECAC /* Base */ = {
			isa = PBXGroup;
			children = (
				C0EFB0E91DB613B5009001C1 /* VidewModel */,
				C0A6906F1DB3B7E400DC0FA0 /* View */,
				C051799F1DB10D7600C5ECAC /* Controller */,
			);
			path = Base;
			sourceTree = "<group>";
		};
		C051799F1DB10D7600C5ECAC /* Controller */ = {
			isa = PBXGroup;
			children = (
				C05179A01DB10D8800C5ECAC /* DHBaseDetailViewController.swift */,
				C0EFB0EC1DB61E5C009001C1 /* DHBaseDetailDataController.swift */,
				C01981C91DB76C3F009AE757 /* DHBaseViewController.swift */,
			);
			path = Controller;
			sourceTree = "<group>";
		};
		C0A6906F1DB3B7E400DC0FA0 /* View */ = {
			isa = PBXGroup;
			children = (
				C0A690721DB3B96600DC0FA0 /* DHBaseDetailView.swift */,
			);
			path = View;
			sourceTree = "<group>";
		};
		C0B7A4B11D8ECC18008D10A0 /* Model */ = {
			isa = PBXGroup;
			children = (
				C0004B9F1D992804007EF3EE /* DHJournalModel.swift */,
			);
			path = Model;
			sourceTree = "<group>";
		};
		C0B7A4B21D8ECC18008D10A0 /* View */ = {
			isa = PBXGroup;
			children = (
				C0287D331D994D2C009D878E /* DHJournalTableViewCell.swift */,
				C0287D341D994D2C009D878E /* DHJournalTableViewCell.xib */,
				C0287D431D9958D6009D878E /* DHJournalDetailView.swift */,
			);
			path = View;
			sourceTree = "<group>";
		};
		C0B7A4B31D8ECC18008D10A0 /* ViewModel */ = {
			isa = PBXGroup;
			children = (
				C0287D391D994D66009D878E /* DHJournalViewModel.swift */,
				C0287D451D995AFE009D878E /* DHJournalDetailViewModel.swift */,
			);
			path = ViewModel;
			sourceTree = "<group>";
		};
		C0B7A4B41D8ECC23008D10A0 /* Model */ = {
			isa = PBXGroup;
			children = (
				C0B7A4C01D8ECC4E008D10A0 /* DHNewsModel.swift */,
			);
			path = Model;
			sourceTree = "<group>";
		};
		C0B7A4B51D8ECC23008D10A0 /* View */ = {
			isa = PBXGroup;
			children = (
				C0EC17501D9026C80002AAF4 /* DHNewsTableViewCell.swift */,
				C0EC17511D9026C80002AAF4 /* DHNewsTableViewCell.xib */,
				C06E66411D917640007B1210 /* DHHeaderView.swift */,
				C0E6BF901D94342900872006 /* DHNewsDetailView.swift */,
				C088DA4C1D9564D400F1329D /* DHBanner.swift */,
			);
			path = View;
			sourceTree = "<group>";
		};
		C0B7A4B61D8ECC23008D10A0 /* ViewModel */ = {
			isa = PBXGroup;
			children = (
				C0EC174E1D9025720002AAF4 /* DHNewsCellViewModel.swift */,
				C06E66431D917781007B1210 /* DHNewsBannerViewModel.swift */,
				C0E6BF921D9434D400872006 /* DHNewsDetailViewModel.swift */,
				C088DA4E1D95652700F1329D /* DHBannerViewModel.swift */,
			);
			name = ViewModel;
			path = Dota2Helper/News/ViewModel;
			sourceTree = SOURCE_ROOT;
		};
		C0B7A4B71D8ECC2C008D10A0 /* Model */ = {
			isa = PBXGroup;
			children = (
			);
			path = Model;
			sourceTree = "<group>";
		};
		C0B7A4B81D8ECC2C008D10A0 /* View */ = {
			isa = PBXGroup;
			children = (
				C08FD5631DB8A374007D615A /* DHSDKTableViewCell.swift */,
				C08FD5641DB8A374007D615A /* DHSDKTableViewCell.xib */,
			);
			path = View;
			sourceTree = "<group>";
		};
		C0B7A4B91D8ECC2C008D10A0 /* ViewModel */ = {
			isa = PBXGroup;
			children = (
			);
			path = ViewModel;
			sourceTree = "<group>";
		};
		C0B7A4BA1D8ECC37008D10A0 /* Model */ = {
			isa = PBXGroup;
			children = (
				C01E40611D9E3C9B006C6CD3 /* DHTutorialModel.swift */,
			);
			path = Model;
			sourceTree = "<group>";
		};
		C0B7A4BB1D8ECC37008D10A0 /* View */ = {
			isa = PBXGroup;
			children = (
				C0F630781D9D5B7800AF039F /* DHTutorialView.swift */,
				C01E405B1D9E3BBE006C6CD3 /* DHTutorialTableViewCell.swift */,
				C01E405C1D9E3BBE006C6CD3 /* DHTutorialTableViewCell.xib */,
				C0A690761DB3C21600DC0FA0 /* DHTutorialDetailView.swift */,
			);
			path = View;
			sourceTree = "<group>";
		};
		C0B7A4BC1D8ECC37008D10A0 /* ViewModel */ = {
			isa = PBXGroup;
			children = (
				C0F6307A1D9D5B8F00AF039F /* DHTutorialViewModel.swift */,
				C01E405F1D9E3C42006C6CD3 /* DHTutorialCellViewModel.swift */,
				C0A690781DB3C24600DC0FA0 /* DHTutorialDetailViewModel.swift */,
			);
			path = ViewModel;
			sourceTree = "<group>";
		};
		C0B7A4BD1D8ECC41008D10A0 /* Model */ = {
			isa = PBXGroup;
			children = (
				C0D3E07A1DA44A13009AFDB0 /* DHVideoModel.swift */,
				C0B4E20A1DBE24AB00295FFF /* DHRelatedVideoModel.h */,
				C0B4E20B1DBE24AB00295FFF /* DHRelatedVideoModel.m */,
			);
			path = Model;
			sourceTree = "<group>";
		};
		C0B7A4BE1D8ECC41008D10A0 /* View */ = {
			isa = PBXGroup;
			children = (
				C0B4E2081DBE07C300295FFF /* DHVideoDetailTableViewCell.xib */,
				C0D3E07C1DA44A2D009AFDB0 /* DHVideoTableViewCell.swift */,
				C0D3E07D1DA44A2D009AFDB0 /* DHVideoTableViewCell.xib */,
				C051BE331DB022E600A2479C /* DHVideoPlayView.swift */,
				C0B4E2031DBE078200295FFF /* DHVideoDetailTableViewCell.h */,
				C0B4E2041DBE078200295FFF /* DHVideoDetailTableViewCell.m */,
			);
			path = View;
			sourceTree = "<group>";
		};
		C0B7A4BF1D8ECC41008D10A0 /* ViewModel */ = {
			isa = PBXGroup;
			children = (
				C0D3E0781DA44A06009AFDB0 /* DHVideoCellViewModel.swift */,
				C051BE351DB0232000A2479C /* DHVideoPlayViewModel.swift */,
				C0B4E2101DBE2EAA00295FFF /* DHRelatedVideoViewModel.h */,
				C0B4E2111DBE2EAA00295FFF /* DHRelatedVideoViewModel.m */,
			);
			path = ViewModel;
			sourceTree = "<group>";
		};
		C0D4CFD11D5DBEF1008F824A = {
			isa = PBXGroup;
			children = (
				C0E38C511DADB71B00E1D27A /* YouTuEngineMediaPlayer */,
				C0EC967D1D8FCA8100E1557E /* Fabric.framework */,
				C0EC967E1D8FCA8100E1557E /* Crashlytics.framework */,
				C0D4CFDC1D5DBEF1008F824A /* Dota2Helper */,
				C0D4CFDB1D5DBEF1008F824A /* Products */,
				F3F3173041BA8E225C08FF43 /* Pods */,
				9A4136B0649CF3C062810112 /* Frameworks */,
			);
			sourceTree = "<group>";
		};
		C0D4CFDB1D5DBEF1008F824A /* Products */ = {
			isa = PBXGroup;
			children = (
				C0D4CFDA1D5DBEF1008F824A /* Dota2Helper.app */,
			);
			name = Products;
			sourceTree = "<group>";
		};
		C0D4CFDC1D5DBEF1008F824A /* Dota2Helper */ = {
			isa = PBXGroup;
			children = (
				C01981B71DB76218009AE757 /* Others */,
				C09AF37F1DB505ED00604D89 /* Dota2Helper.entitlements */,
				C051799E1DB10D7600C5ECAC /* Base */,
				C0D4CFEA1D5DC168008F824A /* Journal */,
				C0D4CFEF1D5DC168008F824A /* News */,
				C0D4CFF41D5DC168008F824A /* Settings */,
				C0D4CFF91D5DC168008F824A /* Tools */,
				C0D4CFFA1D5DC168008F824A /* Tutorial */,
				C0D4CFFF1D5DC168008F824A /* Video */,
				C0D4D0041D5DC16E008F824A /* Resources */,
			);
			path = Dota2Helper;
			sourceTree = "<group>";
		};
		C0D4CFEA1D5DC168008F824A /* Journal */ = {
			isa = PBXGroup;
			children = (
				C0B7A4B11D8ECC18008D10A0 /* Model */,
				C0B7A4B21D8ECC18008D10A0 /* View */,
				C0B7A4B31D8ECC18008D10A0 /* ViewModel */,
				C0D4CFEB1D5DC168008F824A /* Controller */,
			);
			path = Journal;
			sourceTree = "<group>";
		};
		C0D4CFEB1D5DC168008F824A /* Controller */ = {
			isa = PBXGroup;
			children = (
				C0D4D0091D5DC2E6008F824A /* DHJournalViewController.swift */,
				C0122E3E1D97FD880000D249 /* DHJournalDataController.swift */,
				C0287D3D1D99578F009D878E /* DHJournalDetailDataController.swift */,
				C0287D3F1D9957D9009D878E /* DHJournalDetailViewController.swift */,
			);
			path = Controller;
			sourceTree = "<group>";
		};
		C0D4CFEF1D5DC168008F824A /* News */ = {
			isa = PBXGroup;
			children = (
				C0B7A4B61D8ECC23008D10A0 /* ViewModel */,
				C0B7A4B41D8ECC23008D10A0 /* Model */,
				C0B7A4B51D8ECC23008D10A0 /* View */,
				C0D4CFF01D5DC168008F824A /* Controller */,
			);
			path = News;
			sourceTree = "<group>";
		};
		C0D4CFF01D5DC168008F824A /* Controller */ = {
			isa = PBXGroup;
			children = (
				C0D4D00B1D5DC2F1008F824A /* DHNewsViewController.swift */,
				C0EC174C1D901D4D0002AAF4 /* DHNewsDataController.swift */,
				C0EB19EC1D94138D0053970A /* DHNewsDetailViewController.swift */,
				C0EB19EE1D94165D0053970A /* DHNewsDetailDataController.swift */,
			);
			path = Controller;
			sourceTree = "<group>";
		};
		C0D4CFF41D5DC168008F824A /* Settings */ = {
			isa = PBXGroup;
			children = (
				C0B7A4B71D8ECC2C008D10A0 /* Model */,
				C0B7A4B81D8ECC2C008D10A0 /* View */,
				C0B7A4B91D8ECC2C008D10A0 /* ViewModel */,
				C0D4CFF51D5DC168008F824A /* Controller */,
			);
			path = Settings;
			sourceTree = "<group>";
		};
		C0D4CFF51D5DC168008F824A /* Controller */ = {
			isa = PBXGroup;
			children = (
				C0D4D00D1D5DC2FD008F824A /* DHSettingsViewController.swift */,
				C08FD5611DB89A36007D615A /* DHSDKViewController.swift */,
			);
			path = Controller;
			sourceTree = "<group>";
		};
		C0D4CFF91D5DC168008F824A /* Tools */ = {
			isa = PBXGroup;
			children = (
				C01981B81DB76282009AE757 /* String+Category.swift */,
				C0A1AC3F1D616188005B92A5 /* Constrants.swift */,
				C0EC174A1D9010930002AAF4 /* DHNetworkRequestManager.swift */,
				C01981B91DB76282009AE757 /* UISegmentedMenu.swift */,
				E75E4B5B1DA8D7AC00612599 /* DHLoadingView.swift */,
				C0E38C501DADB6DA00E1D27A /* Youku-Bridge-Header.h */,
				C05179A21DB111BA00C5ECAC /* DHToastMessage.swift */,
				C01981B31DB74C81009AE757 /* DHNoNetworkView.swift */,
				C01981B51DB7518E009AE757 /* DHHintManager.swift */,
			);
			path = Tools;
			sourceTree = "<group>";
		};
		C0D4CFFA1D5DC168008F824A /* Tutorial */ = {
			isa = PBXGroup;
			children = (
				C0B7A4BA1D8ECC37008D10A0 /* Model */,
				C0B7A4BB1D8ECC37008D10A0 /* View */,
				C0B7A4BC1D8ECC37008D10A0 /* ViewModel */,
				C0D4CFFB1D5DC168008F824A /* Controller */,
			);
			path = Tutorial;
			sourceTree = "<group>";
		};
		C0D4CFFB1D5DC168008F824A /* Controller */ = {
			isa = PBXGroup;
			children = (
				C0F6307C1D9D5CB700AF039F /* DHTutorialDataController.swift */,
				C0D4D00F1D5DC30D008F824A /* DHTutorialViewController.swift */,
				C0A6906D1DB3B5C500DC0FA0 /* DHTutorialDetailDataController.swift */,
				C0A690741DB3C0FD00DC0FA0 /* DHTutorialDetailViewController.swift */,
			);
			path = Controller;
			sourceTree = "<group>";
		};
		C0D4CFFF1D5DC168008F824A /* Video */ = {
			isa = PBXGroup;
			children = (
				C0B7A4BD1D8ECC41008D10A0 /* Model */,
				C0B7A4BE1D8ECC41008D10A0 /* View */,
				C0B7A4BF1D8ECC41008D10A0 /* ViewModel */,
				C0D4D0001D5DC168008F824A /* Controller */,
			);
			path = Video;
			sourceTree = "<group>";
		};
		C0D4D0001D5DC168008F824A /* Controller */ = {
			isa = PBXGroup;
			children = (
				C0D4D0111D5DC319008F824A /* DHVideoViewController.swift */,
				C0D3E0761DA449AE009AFDB0 /* DHVideoDataController.swift */,
				C0B4E1FB1DBDA57A00295FFF /* DHVideoDetailViewController.h */,
				C0B4E1FC1DBDA57A00295FFF /* DHVideoDetailViewController.m */,
				C0B4E20D1DBE298D00295FFF /* DHVideoDetailDataController.h */,
				C0B4E20E1DBE298D00295FFF /* DHVideoDetailDataController.m */,
			);
			path = Controller;
			sourceTree = "<group>";
		};
		C0D4D0041D5DC16E008F824A /* Resources */ = {
			isa = PBXGroup;
			children = (
				C01981C41DB762B8009AE757 /* Info.plist */,
				C0D4CFDF1D5DBEF1008F824A /* Assets.xcassets */,
				C0D4CFE11D5DBEF1008F824A /* LaunchScreen.storyboard */,
			);
			name = Resources;
			sourceTree = "<group>";
		};
		C0E38C511DADB71B00E1D27A /* YouTuEngineMediaPlayer */ = {
			isa = PBXGroup;
			children = (
				C0B4E1FE1DBDA68300295FFF /* libYouTuMediaPlayerEngineYouku.a */,
				C05468451DAEB43E00A4AC13 /* sdk.bundle */,
				C05468461DAEB43E00A4AC13 /* YTEngine.bundle */,
				C0E38C521DADB73500E1D27A /* YouTuMediaPlayerEngineYoukuHeaders */,
			);
			path = YouTuEngineMediaPlayer;
			sourceTree = "<group>";
		};
		C0E38C521DADB73500E1D27A /* YouTuMediaPlayerEngineYoukuHeaders */ = {
			isa = PBXGroup;
			children = (
				C0E38C531DADB73500E1D27A /* YoukuMediaPlayer.h */,
				C0E38C541DADB73500E1D27A /* YTDownloadDefine.h */,
				C0E38C551DADB73500E1D27A /* YTDownloadManager.h */,
				C0E38C561DADB73500E1D27A /* YTDownloadTaskModel.h */,
				C0E38C571DADB73500E1D27A /* YTEngineOpenViewManager.h */,
				C0E38C581DADB73500E1D27A /* YTLocalMedia.h */,
				C0E38C591DADB73500E1D27A /* YTSequence.h */,
				C0E38C5A1DADB73500E1D27A /* YYMediaPlayer.h */,
				C0E38C5B1DADB73500E1D27A /* YYMediaPlayerBackgroundModeManager.h */,
				C0E38C5C1DADB73500E1D27A /* YYMediaPlayerDefines.h */,
				C0E38C5D1DADB73500E1D27A /* YYMediaPlayerEncrypt.h */,
				C0E38C5E1DADB73500E1D27A /* YYMediaPlayerEvents.h */,
				C0E38C5F1DADB73500E1D27A /* YYMediaPlayerException.h */,
				C0E38C601DADB73500E1D27A /* YYMediaPlayerHistory.h */,
				C0E38C611DADB73500E1D27A /* YYMediaPlayerItem.h */,
			);
			path = YouTuMediaPlayerEngineYoukuHeaders;
			sourceTree = "<group>";
		};
		C0EFB0E91DB613B5009001C1 /* VidewModel */ = {
			isa = PBXGroup;
			children = (
				C0EFB0EA1DB613C7009001C1 /* DHBaseViewModel.swift */,
			);
			path = VidewModel;
			sourceTree = "<group>";
		};
		F3F3173041BA8E225C08FF43 /* Pods */ = {
			isa = PBXGroup;
			children = (
				5AE8FF62A93E6F949F8DB6AF /* Pods-Dota2Helper.debug.xcconfig */,
				46FADE68FCE278AF742B319D /* Pods-Dota2Helper.release.xcconfig */,
			);
			name = Pods;
			sourceTree = "<group>";
		};
/* End PBXGroup section */

/* Begin PBXNativeTarget section */
		C0D4CFD91D5DBEF1008F824A /* Dota2Helper */ = {
			isa = PBXNativeTarget;
			buildConfigurationList = C0D4CFE71D5DBEF1008F824A /* Build configuration list for PBXNativeTarget "Dota2Helper" */;
			buildPhases = (
				66A2890D1D0C5AD89769A2ED /* [CP] Check Pods Manifest.lock */,
				C0D4CFD61D5DBEF1008F824A /* Sources */,
				C0D4CFD71D5DBEF1008F824A /* Frameworks */,
				C0D4CFD81D5DBEF1008F824A /* Resources */,
				130E923DD6764182FB868D43 /* [CP] Embed Pods Frameworks */,
				D605622341732080B0CF3F3E /* [CP] Copy Pods Resources */,
				C0EC967C1D8FCA5A00E1557E /* ShellScript */,
				C0DD863F1DA0ED2D00D048CF /* Embed Frameworks */,
			);
			buildRules = (
			);
			dependencies = (
			);
			name = Dota2Helper;
			productName = Dota2Helper;
			productReference = C0D4CFDA1D5DBEF1008F824A /* Dota2Helper.app */;
			productType = "com.apple.product-type.application";
		};
/* End PBXNativeTarget section */

/* Begin PBXProject section */
		C0D4CFD21D5DBEF1008F824A /* Project object */ = {
			isa = PBXProject;
			attributes = {
				CLASSPREFIX = DH;
				LastSwiftUpdateCheck = 0730;
				LastUpgradeCheck = 0810;
				ORGANIZATIONNAME = Shvier;
				TargetAttributes = {
					C0D4CFD91D5DBEF1008F824A = {
						CreatedOnToolsVersion = 7.3.1;
						DevelopmentTeam = PGNG7584J8;
						LastSwiftMigration = 0800;
					};
				};
			};
			buildConfigurationList = C0D4CFD51D5DBEF1008F824A /* Build configuration list for PBXProject "Dota2Helper" */;
			compatibilityVersion = "Xcode 3.2";
			developmentRegion = English;
			hasScannedForEncodings = 0;
			knownRegions = (
				en,
				Base,
			);
			mainGroup = C0D4CFD11D5DBEF1008F824A;
			productRefGroup = C0D4CFDB1D5DBEF1008F824A /* Products */;
			projectDirPath = "";
			projectRoot = "";
			targets = (
				C0D4CFD91D5DBEF1008F824A /* Dota2Helper */,
			);
		};
/* End PBXProject section */

/* Begin PBXResourcesBuildPhase section */
		C0D4CFD81D5DBEF1008F824A /* Resources */ = {
			isa = PBXResourcesBuildPhase;
			buildActionMask = 2147483647;
			files = (
				C08FD5661DB8A374007D615A /* DHSDKTableViewCell.xib in Resources */,
				C01981C21DB7628F009AE757 /* divider_line_image.png in Resources */,
				C0B4E2091DBE07C300295FFF /* DHVideoDetailTableViewCell.xib in Resources */,
				C01981C01DB7628F009AE757 /* AaGothic.ttf in Resources */,
				C05468471DAEB43E00A4AC13 /* sdk.bundle in Resources */,
				C0EC17531D9026C80002AAF4 /* DHNewsTableViewCell.xib in Resources */,
				C0287D361D994D2C009D878E /* DHJournalTableViewCell.xib in Resources */,
				C0D4CFE01D5DBEF1008F824A /* Assets.xcassets in Resources */,
				C05468481DAEB43E00A4AC13 /* YTEngine.bundle in Resources */,
				C0D4CFE31D5DBEF1008F824A /* LaunchScreen.storyboard in Resources */,
				C01E405E1D9E3BBE006C6CD3 /* DHTutorialTableViewCell.xib in Resources */,
				C0D3E07F1DA44A2D009AFDB0 /* DHVideoTableViewCell.xib in Resources */,
			);
			runOnlyForDeploymentPostprocessing = 0;
		};
/* End PBXResourcesBuildPhase section */

/* Begin PBXShellScriptBuildPhase section */
		130E923DD6764182FB868D43 /* [CP] Embed Pods Frameworks */ = {
			isa = PBXShellScriptBuildPhase;
			buildActionMask = 2147483647;
			files = (
			);
			inputPaths = (
			);
			name = "[CP] Embed Pods Frameworks";
			outputPaths = (
			);
			runOnlyForDeploymentPostprocessing = 0;
			shellPath = /bin/sh;
			shellScript = "\"${SRCROOT}/Pods/Target Support Files/Pods-Dota2Helper/Pods-Dota2Helper-frameworks.sh\"\n";
			showEnvVarsInLog = 0;
		};
		66A2890D1D0C5AD89769A2ED /* [CP] Check Pods Manifest.lock */ = {
			isa = PBXShellScriptBuildPhase;
			buildActionMask = 2147483647;
			files = (
			);
			inputPaths = (
			);
			name = "[CP] Check Pods Manifest.lock";
			outputPaths = (
			);
			runOnlyForDeploymentPostprocessing = 0;
			shellPath = /bin/sh;
			shellScript = "diff \"${PODS_ROOT}/../Podfile.lock\" \"${PODS_ROOT}/Manifest.lock\" > /dev/null\nif [ $? != 0 ] ; then\n    # print error to STDERR\n    echo \"error: The sandbox is not in sync with the Podfile.lock. Run 'pod install' or update your CocoaPods installation.\" >&2\n    exit 1\nfi\n";
			showEnvVarsInLog = 0;
		};
		C0EC967C1D8FCA5A00E1557E /* ShellScript */ = {
			isa = PBXShellScriptBuildPhase;
			buildActionMask = 2147483647;
			files = (
			);
			inputPaths = (
			);
			outputPaths = (
			);
			runOnlyForDeploymentPostprocessing = 0;
			shellPath = /bin/sh;
			shellScript = "./Fabric.framework/run 89190c0b3fd8fab7c6b4bac49a5187b0f4de4177 5fdeaee4a74d671703541c28ae5bbe3e8886cd0c7ca46abf39307322bba27a3e";
		};
		D605622341732080B0CF3F3E /* [CP] Copy Pods Resources */ = {
			isa = PBXShellScriptBuildPhase;
			buildActionMask = 2147483647;
			files = (
			);
			inputPaths = (
			);
			name = "[CP] Copy Pods Resources";
			outputPaths = (
			);
			runOnlyForDeploymentPostprocessing = 0;
			shellPath = /bin/sh;
			shellScript = "\"${SRCROOT}/Pods/Target Support Files/Pods-Dota2Helper/Pods-Dota2Helper-resources.sh\"\n";
			showEnvVarsInLog = 0;
		};
/* End PBXShellScriptBuildPhase section */

/* Begin PBXSourcesBuildPhase section */
		C0D4CFD61D5DBEF1008F824A /* Sources */ = {
			isa = PBXSourcesBuildPhase;
			buildActionMask = 2147483647;
			files = (
				C0A6906E1DB3B5C500DC0FA0 /* DHTutorialDetailDataController.swift in Sources */,
				C051BE361DB0232000A2479C /* DHVideoPlayViewModel.swift in Sources */,
				C0D3E0771DA449AE009AFDB0 /* DHVideoDataController.swift in Sources */,
				C08FD5651DB8A374007D615A /* DHSDKTableViewCell.swift in Sources */,
				C0B4E2121DBE2EAA00295FFF /* DHRelatedVideoViewModel.m in Sources */,
				C0F6307B1D9D5B8F00AF039F /* DHTutorialViewModel.swift in Sources */,
				C0122E3F1D97FD880000D249 /* DHJournalDataController.swift in Sources */,
				C0287D411D9957D9009D878E /* DHJournalDetailViewController.swift in Sources */,
				C01981B41DB74C81009AE757 /* DHNoNetworkView.swift in Sources */,
				C0E6BF931D9434D400872006 /* DHNewsDetailViewModel.swift in Sources */,
				C0EC17521D9026C80002AAF4 /* DHNewsTableViewCell.swift in Sources */,
				C0D4D00A1D5DC2E6008F824A /* DHJournalViewController.swift in Sources */,
				C0EC174B1D9010930002AAF4 /* DHNetworkRequestManager.swift in Sources */,
				C06E66441D917781007B1210 /* DHNewsBannerViewModel.swift in Sources */,
				C01E40601D9E3C42006C6CD3 /* DHTutorialCellViewModel.swift in Sources */,
				C0A690771DB3C21600DC0FA0 /* DHTutorialDetailView.swift in Sources */,
				C0D3E07E1DA44A2D009AFDB0 /* DHVideoTableViewCell.swift in Sources */,
				C01981CA1DB76C3F009AE757 /* DHBaseViewController.swift in Sources */,
				C0287D461D995AFE009D878E /* DHJournalDetailViewModel.swift in Sources */,
				C0A690791DB3C24600DC0FA0 /* DHTutorialDetailViewModel.swift in Sources */,
				C0287D3A1D994D66009D878E /* DHJournalViewModel.swift in Sources */,
				C0B4E20F1DBE298D00295FFF /* DHVideoDetailDataController.m in Sources */,
				C0D4D00E1D5DC2FD008F824A /* DHSettingsViewController.swift in Sources */,
				C0EB19ED1D94138D0053970A /* DHNewsDetailViewController.swift in Sources */,
				C0E6BF911D94342900872006 /* DHNewsDetailView.swift in Sources */,
				C0D4D0101D5DC30D008F824A /* DHTutorialViewController.swift in Sources */,
				C0A690751DB3C0FD00DC0FA0 /* DHTutorialDetailViewController.swift in Sources */,
				C0287D351D994D2C009D878E /* DHJournalTableViewCell.swift in Sources */,
				C0F630791D9D5B7800AF039F /* DHTutorialView.swift in Sources */,
				C0EFB0EB1DB613C7009001C1 /* DHBaseViewModel.swift in Sources */,
				C088DA4D1D9564D400F1329D /* DHBanner.swift in Sources */,
				C0A1AC401D616188005B92A5 /* Constrants.swift in Sources */,
				C06E66421D917640007B1210 /* DHHeaderView.swift in Sources */,
				C05179A31DB111BA00C5ECAC /* DHToastMessage.swift in Sources */,
				C01981C11DB7628F009AE757 /* AppDelegate.swift in Sources */,
				C0EFB0ED1DB61E5C009001C1 /* DHBaseDetailDataController.swift in Sources */,
				C0004BA01D992804007EF3EE /* DHJournalModel.swift in Sources */,
				C0A690731DB3B96600DC0FA0 /* DHBaseDetailView.swift in Sources */,
				C0D4D00C1D5DC2F1008F824A /* DHNewsViewController.swift in Sources */,
				C0EB19EF1D94165D0053970A /* DHNewsDetailDataController.swift in Sources */,
				C08FD5621DB89A36007D615A /* DHSDKViewController.swift in Sources */,
				C0EC174F1D9025720002AAF4 /* DHNewsCellViewModel.swift in Sources */,
				C0287D3E1D99578F009D878E /* DHJournalDetailDataController.swift in Sources */,
				C01981B61DB7518E009AE757 /* DHHintManager.swift in Sources */,
				C0EC174D1D901D4D0002AAF4 /* DHNewsDataController.swift in Sources */,
				C088DA4F1D95652700F1329D /* DHBannerViewModel.swift in Sources */,
				C01981BA1DB76282009AE757 /* String+Category.swift in Sources */,
				C0B4E20C1DBE24AB00295FFF /* DHRelatedVideoModel.m in Sources */,
				C0D4D0121D5DC319008F824A /* DHVideoViewController.swift in Sources */,
				C01E405D1D9E3BBE006C6CD3 /* DHTutorialTableViewCell.swift in Sources */,
				C0B4E2061DBE078200295FFF /* DHVideoDetailTableViewCell.m in Sources */,
				C05179A11DB10D8800C5ECAC /* DHBaseDetailViewController.swift in Sources */,
				C0D3E07B1DA44A13009AFDB0 /* DHVideoModel.swift in Sources */,
				E75E4B5C1DA8D7AC00612599 /* DHLoadingView.swift in Sources */,
				C051BE341DB022E600A2479C /* DHVideoPlayView.swift in Sources */,
				C0B4E1FD1DBDA57A00295FFF /* DHVideoDetailViewController.m in Sources */,
				C01E40621D9E3C9B006C6CD3 /* DHTutorialModel.swift in Sources */,
				C0D3E0791DA44A06009AFDB0 /* DHVideoCellViewModel.swift in Sources */,
				C0B7A4C11D8ECC4E008D10A0 /* DHNewsModel.swift in Sources */,
				C01981BB1DB76282009AE757 /* UISegmentedMenu.swift in Sources */,
				C0287D441D9958D6009D878E /* DHJournalDetailView.swift in Sources */,
				C0F6307D1D9D5CB700AF039F /* DHTutorialDataController.swift in Sources */,
			);
			runOnlyForDeploymentPostprocessing = 0;
		};
/* End PBXSourcesBuildPhase section */

/* Begin PBXVariantGroup section */
		C0D4CFE11D5DBEF1008F824A /* LaunchScreen.storyboard */ = {
			isa = PBXVariantGroup;
			children = (
				C0D4CFE21D5DBEF1008F824A /* Base */,
			);
			name = LaunchScreen.storyboard;
			sourceTree = "<group>";
		};
/* End PBXVariantGroup section */

/* Begin XCBuildConfiguration section */
		C0D4CFE51D5DBEF1008F824A /* Debug */ = {
			isa = XCBuildConfiguration;
			buildSettings = {
				ALWAYS_SEARCH_USER_PATHS = NO;
				CLANG_ANALYZER_NONNULL = YES;
				CLANG_CXX_LANGUAGE_STANDARD = "gnu++0x";
				CLANG_CXX_LIBRARY = "libc++";
				CLANG_ENABLE_MODULES = YES;
				CLANG_ENABLE_OBJC_ARC = YES;
				CLANG_WARN_BOOL_CONVERSION = YES;
				CLANG_WARN_CONSTANT_CONVERSION = YES;
				CLANG_WARN_DIRECT_OBJC_ISA_USAGE = YES_ERROR;
				CLANG_WARN_EMPTY_BODY = YES;
				CLANG_WARN_ENUM_CONVERSION = YES;
				CLANG_WARN_INFINITE_RECURSION = YES;
				CLANG_WARN_INT_CONVERSION = YES;
				CLANG_WARN_OBJC_ROOT_CLASS = YES_ERROR;
				CLANG_WARN_SUSPICIOUS_MOVE = YES;
				CLANG_WARN_UNREACHABLE_CODE = YES;
				CLANG_WARN__DUPLICATE_METHOD_MATCH = YES;
				"CODE_SIGN_IDENTITY[sdk=iphoneos*]" = "iPhone Developer";
				COPY_PHASE_STRIP = NO;
				DEBUG_INFORMATION_FORMAT = dwarf;
				ENABLE_STRICT_OBJC_MSGSEND = YES;
				ENABLE_TESTABILITY = YES;
				GCC_C_LANGUAGE_STANDARD = gnu99;
				GCC_DYNAMIC_NO_PIC = NO;
				GCC_NO_COMMON_BLOCKS = YES;
				GCC_OPTIMIZATION_LEVEL = 0;
				GCC_PREPROCESSOR_DEFINITIONS = (
					"DEBUG=1",
					"$(inherited)",
				);
				GCC_WARN_64_TO_32_BIT_CONVERSION = YES;
				GCC_WARN_ABOUT_RETURN_TYPE = YES_ERROR;
				GCC_WARN_UNDECLARED_SELECTOR = YES;
				GCC_WARN_UNINITIALIZED_AUTOS = YES_AGGRESSIVE;
				GCC_WARN_UNUSED_FUNCTION = YES;
				GCC_WARN_UNUSED_VARIABLE = YES;
				IPHONEOS_DEPLOYMENT_TARGET = 8.0;
				MTL_ENABLE_DEBUG_INFO = YES;
				ONLY_ACTIVE_ARCH = YES;
				SDKROOT = iphoneos;
				SWIFT_OPTIMIZATION_LEVEL = "-Onone";
			};
			name = Debug;
		};
		C0D4CFE61D5DBEF1008F824A /* Release */ = {
			isa = XCBuildConfiguration;
			buildSettings = {
				ALWAYS_SEARCH_USER_PATHS = NO;
				CLANG_ANALYZER_NONNULL = YES;
				CLANG_CXX_LANGUAGE_STANDARD = "gnu++0x";
				CLANG_CXX_LIBRARY = "libc++";
				CLANG_ENABLE_MODULES = YES;
				CLANG_ENABLE_OBJC_ARC = YES;
				CLANG_WARN_BOOL_CONVERSION = YES;
				CLANG_WARN_CONSTANT_CONVERSION = YES;
				CLANG_WARN_DIRECT_OBJC_ISA_USAGE = YES_ERROR;
				CLANG_WARN_EMPTY_BODY = YES;
				CLANG_WARN_ENUM_CONVERSION = YES;
				CLANG_WARN_INFINITE_RECURSION = YES;
				CLANG_WARN_INT_CONVERSION = YES;
				CLANG_WARN_OBJC_ROOT_CLASS = YES_ERROR;
				CLANG_WARN_SUSPICIOUS_MOVE = YES;
				CLANG_WARN_UNREACHABLE_CODE = YES;
				CLANG_WARN__DUPLICATE_METHOD_MATCH = YES;
				"CODE_SIGN_IDENTITY[sdk=iphoneos*]" = "iPhone Developer";
				COPY_PHASE_STRIP = NO;
				DEBUG_INFORMATION_FORMAT = "dwarf-with-dsym";
				ENABLE_NS_ASSERTIONS = NO;
				ENABLE_STRICT_OBJC_MSGSEND = YES;
				GCC_C_LANGUAGE_STANDARD = gnu99;
				GCC_NO_COMMON_BLOCKS = YES;
				GCC_WARN_64_TO_32_BIT_CONVERSION = YES;
				GCC_WARN_ABOUT_RETURN_TYPE = YES_ERROR;
				GCC_WARN_UNDECLARED_SELECTOR = YES;
				GCC_WARN_UNINITIALIZED_AUTOS = YES_AGGRESSIVE;
				GCC_WARN_UNUSED_FUNCTION = YES;
				GCC_WARN_UNUSED_VARIABLE = YES;
				IPHONEOS_DEPLOYMENT_TARGET = 8.0;
				MTL_ENABLE_DEBUG_INFO = NO;
				SDKROOT = iphoneos;
				SWIFT_OPTIMIZATION_LEVEL = "-Owholemodule";
				VALIDATE_PRODUCT = YES;
			};
			name = Release;
		};
		C0D4CFE81D5DBEF1008F824A /* Debug */ = {
			isa = XCBuildConfiguration;
			baseConfigurationReference = 5AE8FF62A93E6F949F8DB6AF /* Pods-Dota2Helper.debug.xcconfig */;
			buildSettings = {
				ALWAYS_EMBED_SWIFT_STANDARD_LIBRARIES = YES;
				ASSETCATALOG_COMPILER_APPICON_NAME = AppIcon;
				CODE_SIGN_ENTITLEMENTS = Dota2Helper/Dota2Helper.entitlements;
				DEBUG_INFORMATION_FORMAT = dwarf;
				DEVELOPMENT_TEAM = PGNG7584J8;
				ENABLE_BITCODE = NO;
				FRAMEWORK_SEARCH_PATHS = (
					"$(inherited)",
					"$(PROJECT_DIR)",
				);
				GCC_INCREASE_PRECOMPILED_HEADER_SHARING = NO;
				GCC_PRECOMPILE_PREFIX_HEADER = NO;
				GCC_PREFIX_HEADER = "";
				INFOPLIST_FILE = Dota2Helper/Info.plist;
				IPHONEOS_DEPLOYMENT_TARGET = 9.3;
				LD_RUNPATH_SEARCH_PATHS = "$(inherited) @executable_path/Frameworks";
				LIBRARY_SEARCH_PATHS = (
					"$(inherited)",
					"$(PROJECT_DIR)/YouTuEngineMediaPlayer",
				);
				PRODUCT_BUNDLE_IDENTIFIER = com.Shvier.Dota2Helper;
				PRODUCT_NAME = "$(TARGET_NAME)";
				SWIFT_OBJC_BRIDGING_HEADER = "Dota2Helper/Tools/Youku-Bridge-Header.h";
				SWIFT_OBJC_INTERFACE_HEADER_NAME = "";
				SWIFT_VERSION = 3.0;
			};
			name = Debug;
		};
		C0D4CFE91D5DBEF1008F824A /* Release */ = {
			isa = XCBuildConfiguration;
			baseConfigurationReference = 46FADE68FCE278AF742B319D /* Pods-Dota2Helper.release.xcconfig */;
			buildSettings = {
				ALWAYS_EMBED_SWIFT_STANDARD_LIBRARIES = YES;
				ASSETCATALOG_COMPILER_APPICON_NAME = AppIcon;
				CODE_SIGN_ENTITLEMENTS = Dota2Helper/Dota2Helper.entitlements;
				DEBUG_INFORMATION_FORMAT = dwarf;
				DEVELOPMENT_TEAM = PGNG7584J8;
				ENABLE_BITCODE = NO;
				FRAMEWORK_SEARCH_PATHS = (
					"$(inherited)",
					"$(PROJECT_DIR)",
				);
				GCC_INCREASE_PRECOMPILED_HEADER_SHARING = NO;
				GCC_PRECOMPILE_PREFIX_HEADER = NO;
				GCC_PREFIX_HEADER = "";
				INFOPLIST_FILE = Dota2Helper/Info.plist;
				IPHONEOS_DEPLOYMENT_TARGET = 9.3;
				LD_RUNPATH_SEARCH_PATHS = "$(inherited) @executable_path/Frameworks";
				LIBRARY_SEARCH_PATHS = (
					"$(inherited)",
					"$(PROJECT_DIR)/YouTuEngineMediaPlayer",
				);
				PRODUCT_BUNDLE_IDENTIFIER = com.Shvier.Dota2Helper;
				PRODUCT_NAME = "$(TARGET_NAME)";
				SWIFT_OBJC_BRIDGING_HEADER = "Dota2Helper/Tools/Youku-Bridge-Header.h";
				SWIFT_OBJC_INTERFACE_HEADER_NAME = "";
				SWIFT_VERSION = 3.0;
			};
			name = Release;
		};
/* End XCBuildConfiguration section */

/* Begin XCConfigurationList section */
		C0D4CFD51D5DBEF1008F824A /* Build configuration list for PBXProject "Dota2Helper" */ = {
			isa = XCConfigurationList;
			buildConfigurations = (
				C0D4CFE51D5DBEF1008F824A /* Debug */,
				C0D4CFE61D5DBEF1008F824A /* Release */,
			);
			defaultConfigurationIsVisible = 0;
			defaultConfigurationName = Release;
		};
		C0D4CFE71D5DBEF1008F824A /* Build configuration list for PBXNativeTarget "Dota2Helper" */ = {
			isa = XCConfigurationList;
			buildConfigurations = (
				C0D4CFE81D5DBEF1008F824A /* Debug */,
				C0D4CFE91D5DBEF1008F824A /* Release */,
			);
			defaultConfigurationIsVisible = 0;
			defaultConfigurationName = Release;
		};
/* End XCConfigurationList section */
	};
	rootObject = C0D4CFD21D5DBEF1008F824A /* Project object */;
}
