PODS:
  - Alamofire (4.5.0)
  - Bugtags (2.3.2):
    - Bugtags/Core (= 2.3.2)
  - Bugtags/Core (2.3.2)
  - Kingfisher (3.10.2)
  - MJRefresh (3.1.12)
  - ReachabilitySwift (3)
  - SDCycleScrollView (1.66):
    - SDWebImage (~> 4.0.0)
  - SDWebImage (4.0.0):
    - SDWebImage/Core (= 4.0.0)
  - SDWebImage/Core (4.0.0)
  - SnapKit (3.2.0)
  - tingyunApp (2.5.7)

DEPENDENCIES:
  - Alamofire
  - Bugtags
  - Kingfisher
  - MJRefresh
  - ReachabilitySwift
  - SDCycleScrollView
  - SnapKit
  - tingyunApp

SPEC CHECKSUMS:
  Alamofire: f28cdffd29de33a7bfa022cbd63ae95a27fae140
  Bugtags: 2ec94ad18b279ce00073ccc7a42cbd4870704882
  Kingfisher: 7297492bf8cec9b2e2dee3519f2219948580d98e
  MJRefresh: b96cdb21c4aa75a7b07654311ab2f315c497e806
  ReachabilitySwift: f5b9bb30a0777fac8f09ce8b067e32faeb29bb64
  SDCycleScrollView: e3ade90e9b3159bec04330b208fbfd81c3f3b671
  SDWebImage: 76a6348bdc74eb5a55dd08a091ef298e56b55e41
  SnapKit: 1ca44df72cfa543218d177cb8aab029d10d86ea7
  tingyunApp: ab96cc5ff5dc954dc2d328ff330251988546bb2f

PODFILE CHECKSUM: 2c5e8ed803c8a893c6b1f008d6340b955846bd51

COCOAPODS: 1.2.1
